
Microsoft Visual Studio Solution File, Format Version 12.00
# Visual Studio Version 17
VisualStudioVersion = 17.7.34031.279
MinimumVisualStudioVersion = 10.0.40219.1
Project("{8BC9CEB8-8B4A-11D0-8D11-00A0C91BC942}") = "04_01", "04_01\04_01.vcxproj", "{D5D93CC6-9E73-4A69-AF1F-5C0CF39C23EE}"
EndProject
Project("{8BC9CEB8-8B4A-11D0-8D11-00A0C91BC942}") = "04_02", "04_02\04_02.vcxproj", "{9344801D-A98A-40DA-80BC-C92259EC1A91}"
EndProject
Project("{8BC9CEB8-8B4A-11D0-8D11-00A0C91BC942}") = "04_03", "04_03\04_03.vcxproj", "{D4C95970-D467-490E-BCD5-D228A293C2A0}"
EndProject
Project("{8BC9CEB8-8B4A-11D0-8D11-00A0C91BC942}") = "04_04", "04_04\04_04.vcxproj", "{722617E9-6BBF-4269-8C89-918C1242418F}"
EndProject
Project("{8BC9CEB8-8B4A-11D0-8D11-00A0C91BC942}") = "04_05", "04_05\04_05.vcxproj", "{5D0025A3-9F5A-40B4-BFD5-6B01E264C444}"
EndProject
Project("{8BC9CEB8-8B4A-11D0-8D11-00A0C91BC942}") = "04_06", "04_06\04_06.vcxproj", "{ADE5E5E4-74CC-4BD0-9B3A-E68C639A5E31}"
EndProject
Project("{8BC9CEB8-8B4A-11D0-8D11-00A0C91BC942}") = "04_07", "04_07\04_07.vcxproj", "{7A00DB6D-9244-48B2-ADDB-0B605162C68A}"
EndProject
Project("{8BC9CEB8-8B4A-11D0-8D11-00A0C91BC942}") = "04_08", "04_08\04_08.vcxproj", "{0ED0A67D-5C82-4AC0-9CF2-138EFE088A45}"
EndProject
Project("{8BC9CEB8-8B4A-11D0-8D11-00A0C91BC942}") = "04_09", "04_09\04_09.vcxproj", "{4661DD28-2942-4FFA-8093-DD0E47447230}"
EndProject
Project("{8BC9CEB8-8B4A-11D0-8D11-00A0C91BC942}") = "04_10", "04_10\04_10.vcxproj", "{0113B5B2-7F5E-4079-8A63-3A79D3094F2F}"
EndProject
Global
	GlobalSection(SolutionConfigurationPlatforms) = preSolution
		Debug|x64 = Debug|x64
		Debug|x86 = Debug|x86
		Release|x64 = Release|x64
		Release|x86 = Release|x86
	EndGlobalSection
	GlobalSection(ProjectConfigurationPlatforms) = postSolution
		{D5D93CC6-9E73-4A69-AF1F-5C0CF39C23EE}.Debug|x64.ActiveCfg = Debug|x64
		{D5D93CC6-9E73-4A69-AF1F-5C0CF39C23EE}.Debug|x64.Build.0 = Debug|x64
		{D5D93CC6-9E73-4A69-AF1F-5C0CF39C23EE}.Debug|x86.ActiveCfg = Debug|Win32
		{D5D93CC6-9E73-4A69-AF1F-5C0CF39C23EE}.Debug|x86.Build.0 = Debug|Win32
		{D5D93CC6-9E73-4A69-AF1F-5C0CF39C23EE}.Release|x64.ActiveCfg = Release|x64
		{D5D93CC6-9E73-4A69-AF1F-5C0CF39C23EE}.Release|x64.Build.0 = Release|x64
		{D5D93CC6-9E73-4A69-AF1F-5C0CF39C23EE}.Release|x86.ActiveCfg = Release|Win32
		{D5D93CC6-9E73-4A69-AF1F-5C0CF39C23EE}.Release|x86.Build.0 = Release|Win32
		{9344801D-A98A-40DA-80BC-C92259EC1A91}.Debug|x64.ActiveCfg = Debug|x64
		{9344801D-A98A-40DA-80BC-C92259EC1A91}.Debug|x64.Build.0 = Debug|x64
		{9344801D-A98A-40DA-80BC-C92259EC1A91}.Debug|x86.ActiveCfg = Debug|Win32
		{9344801D-A98A-40DA-80BC-C92259EC1A91}.Debug|x86.Build.0 = Debug|Win32
		{9344801D-A98A-40DA-80BC-C92259EC1A91}.Release|x64.ActiveCfg = Release|x64
		{9344801D-A98A-40DA-80BC-C92259EC1A91}.Release|x64.Build.0 = Release|x64
		{9344801D-A98A-40DA-80BC-C92259EC1A91}.Release|x86.ActiveCfg = Release|Win32
		{9344801D-A98A-40DA-80BC-C92259EC1A91}.Release|x86.Build.0 = Release|Win32
		{D4C95970-D467-490E-BCD5-D228A293C2A0}.Debug|x64.ActiveCfg = Debug|x64
		{D4C95970-D467-490E-BCD5-D228A293C2A0}.Debug|x64.Build.0 = Debug|x64
		{D4C95970-D467-490E-BCD5-D228A293C2A0}.Debug|x86.ActiveCfg = Debug|Win32
		{D4C95970-D467-490E-BCD5-D228A293C2A0}.Debug|x86.Build.0 = Debug|Win32
		{D4C95970-D467-490E-BCD5-D228A293C2A0}.Release|x64.ActiveCfg = Release|x64
		{D4C95970-D467-490E-BCD5-D228A293C2A0}.Release|x64.Build.0 = Release|x64
		{D4C95970-D467-490E-BCD5-D228A293C2A0}.Release|x86.ActiveCfg = Release|Win32
		{D4C95970-D467-490E-BCD5-D228A293C2A0}.Release|x86.Build.0 = Release|Win32
		{722617E9-6BBF-4269-8C89-918C1242418F}.Debug|x64.ActiveCfg = Debug|x64
		{722617E9-6BBF-4269-8C89-918C1242418F}.Debug|x64.Build.0 = Debug|x64
		{722617E9-6BBF-4269-8C89-918C1242418F}.Debug|x86.ActiveCfg = Debug|Win32
		{722617E9-6BBF-4269-8C89-918C1242418F}.Debug|x86.Build.0 = Debug|Win32
		{722617E9-6BBF-4269-8C89-918C1242418F}.Release|x64.ActiveCfg = Release|x64
		{722617E9-6BBF-4269-8C89-918C1242418F}.Release|x64.Build.0 = Release|x64
		{722617E9-6BBF-4269-8C89-918C1242418F}.Release|x86.ActiveCfg = Release|Win32
		{722617E9-6BBF-4269-8C89-918C1242418F}.Release|x86.Build.0 = Release|Win32
		{5D0025A3-9F5A-40B4-BFD5-6B01E264C444}.Debug|x64.ActiveCfg = Debug|x64
		{5D0025A3-9F5A-40B4-BFD5-6B01E264C444}.Debug|x64.Build.0 = Debug|x64
		{5D0025A3-9F5A-40B4-BFD5-6B01E264C444}.Debug|x86.ActiveCfg = Debug|Win32
		{5D0025A3-9F5A-40B4-BFD5-6B01E264C444}.Debug|x86.Build.0 = Debug|Win32
		{5D0025A3-9F5A-40B4-BFD5-6B01E264C444}.Release|x64.ActiveCfg = Release|x64
		{5D0025A3-9F5A-40B4-BFD5-6B01E264C444}.Release|x64.Build.0 = Release|x64
		{5D0025A3-9F5A-40B4-BFD5-6B01E264C444}.Release|x86.ActiveCfg = Release|Win32
		{5D0025A3-9F5A-40B4-BFD5-6B01E264C444}.Release|x86.Build.0 = Release|Win32
		{ADE5E5E4-74CC-4BD0-9B3A-E68C639A5E31}.Debug|x64.ActiveCfg = Debug|x64
		{ADE5E5E4-74CC-4BD0-9B3A-E68C639A5E31}.Debug|x64.Build.0 = Debug|x64
		{ADE5E5E4-74CC-4BD0-9B3A-E68C639A5E31}.Debug|x86.ActiveCfg = Debug|Win32
		{ADE5E5E4-74CC-4BD0-9B3A-E68C639A5E31}.Debug|x86.Build.0 = Debug|Win32
		{ADE5E5E4-74CC-4BD0-9B3A-E68C639A5E31}.Release|x64.ActiveCfg = Release|x64
		{ADE5E5E4-74CC-4BD0-9B3A-E68C639A5E31}.Release|x64.Build.0 = Release|x64
		{ADE5E5E4-74CC-4BD0-9B3A-E68C639A5E31}.Release|x86.ActiveCfg = Release|Win32
		{ADE5E5E4-74CC-4BD0-9B3A-E68C639A5E31}.Release|x86.Build.0 = Release|Win32
		{7A00DB6D-9244-48B2-ADDB-0B605162C68A}.Debug|x64.ActiveCfg = Debug|x64
		{7A00DB6D-9244-48B2-ADDB-0B605162C68A}.Debug|x64.Build.0 = Debug|x64
		{7A00DB6D-9244-48B2-ADDB-0B605162C68A}.Debug|x86.ActiveCfg = Debug|Win32
		{7A00DB6D-9244-48B2-ADDB-0B605162C68A}.Debug|x86.Build.0 = Debug|Win32
		{7A00DB6D-9244-48B2-ADDB-0B605162C68A}.Release|x64.ActiveCfg = Release|x64
		{7A00DB6D-9244-48B2-ADDB-0B605162C68A}.Release|x64.Build.0 = Release|x64
		{7A00DB6D-9244-48B2-ADDB-0B605162C68A}.Release|x86.ActiveCfg = Release|Win32
		{7A00DB6D-9244-48B2-ADDB-0B605162C68A}.Release|x86.Build.0 = Release|Win32
		{0ED0A67D-5C82-4AC0-9CF2-138EFE088A45}.Debug|x64.ActiveCfg = Debug|x64
		{0ED0A67D-5C82-4AC0-9CF2-138EFE088A45}.Debug|x64.Build.0 = Debug|x64
		{0ED0A67D-5C82-4AC0-9CF2-138EFE088A45}.Debug|x86.ActiveCfg = Debug|Win32
		{0ED0A67D-5C82-4AC0-9CF2-138EFE088A45}.Debug|x86.Build.0 = Debug|Win32
		{0ED0A67D-5C82-4AC0-9CF2-138EFE088A45}.Release|x64.ActiveCfg = Release|x64
		{0ED0A67D-5C82-4AC0-9CF2-138EFE088A45}.Release|x64.Build.0 = Release|x64
		{0ED0A67D-5C82-4AC0-9CF2-138EFE088A45}.Release|x86.ActiveCfg = Release|Win32
		{0ED0A67D-5C82-4AC0-9CF2-138EFE088A45}.Release|x86.Build.0 = Release|Win32
		{4661DD28-2942-4FFA-8093-DD0E47447230}.Debug|x64.ActiveCfg = Debug|x64
		{4661DD28-2942-4FFA-8093-DD0E47447230}.Debug|x64.Build.0 = Debug|x64
		{4661DD28-2942-4FFA-8093-DD0E47447230}.Debug|x86.ActiveCfg = Debug|Win32
		{4661DD28-2942-4FFA-8093-DD0E47447230}.Debug|x86.Build.0 = Debug|Win32
		{4661DD28-2942-4FFA-8093-DD0E47447230}.Release|x64.ActiveCfg = Release|x64
		{4661DD28-2942-4FFA-8093-DD0E47447230}.Release|x64.Build.0 = Release|x64
		{4661DD28-2942-4FFA-8093-DD0E47447230}.Release|x86.ActiveCfg = Release|Win32
		{4661DD28-2942-4FFA-8093-DD0E47447230}.Release|x86.Build.0 = Release|Win32
		{0113B5B2-7F5E-4079-8A63-3A79D3094F2F}.Debug|x64.ActiveCfg = Debug|x64
		{0113B5B2-7F5E-4079-8A63-3A79D3094F2F}.Debug|x64.Build.0 = Debug|x64
		{0113B5B2-7F5E-4079-8A63-3A79D3094F2F}.Debug|x86.ActiveCfg = Debug|Win32
		{0113B5B2-7F5E-4079-8A63-3A79D3094F2F}.Debug|x86.Build.0 = Debug|Win32
		{0113B5B2-7F5E-4079-8A63-3A79D3094F2F}.Release|x64.ActiveCfg = Release|x64
		{0113B5B2-7F5E-4079-8A63-3A79D3094F2F}.Release|x64.Build.0 = Release|x64
		{0113B5B2-7F5E-4079-8A63-3A79D3094F2F}.Release|x86.ActiveCfg = Release|Win32
		{0113B5B2-7F5E-4079-8A63-3A79D3094F2F}.Release|x86.Build.0 = Release|Win32
	EndGlobalSection
	GlobalSection(SolutionProperties) = preSolution
		HideSolutionNode = FALSE
	EndGlobalSection
	GlobalSection(ExtensibilityGlobals) = postSolution
		SolutionGuid = {C40CD898-19F7-435D-B603-B114B671AE19}
	EndGlobalSection
EndGlobal
