
Microsoft Visual Studio Solution File, Format Version 12.00
# Visual Studio Version 17
VisualStudioVersion = 17.8.34525.116
MinimumVisualStudioVersion = 10.0.40219.1
Project("{8BC9CEB8-8B4A-11D0-8D11-00A0C91BC942}") = "16_01", "16_01\16_01.vcxproj", "{4529D81C-EB69-429F-80B8-E8AEED437154}"
EndProject
Project("{8BC9CEB8-8B4A-11D0-8D11-00A0C91BC942}") = "16_02", "16_02\16_02.vcxproj", "{B1A7668F-A19B-4A94-AAF8-5E7F56AE5460}"
EndProject
Project("{8BC9CEB8-8B4A-11D0-8D11-00A0C91BC942}") = "16_03", "16_03\16_03.vcxproj", "{81763985-4F45-48F7-8D24-C3E7288A2069}"
EndProject
Project("{8BC9CEB8-8B4A-11D0-8D11-00A0C91BC942}") = "16_04", "16_04\16_04.vcxproj", "{62F012B9-87A3-4DE8-BB2A-46AC3A3530CD}"
EndProject
Project("{8BC9CEB8-8B4A-11D0-8D11-00A0C91BC942}") = "16_05", "16_05\16_05.vcxproj", "{5A1992AA-49D9-4C57-8B94-816B2A30386A}"
EndProject
Project("{8BC9CEB8-8B4A-11D0-8D11-00A0C91BC942}") = "16_06", "16_06\16_06.vcxproj", "{59309FE2-A3E1-4B1F-8A7B-164AFBBCBF81}"
EndProject
Project("{8BC9CEB8-8B4A-11D0-8D11-00A0C91BC942}") = "16_07", "16_07\16_07.vcxproj", "{21F4875A-C8C9-4EEC-9CC3-424C00A63722}"
EndProject
Project("{8BC9CEB8-8B4A-11D0-8D11-00A0C91BC942}") = "16_08", "16_08\16_08.vcxproj", "{6FE4F4E0-9357-465F-A3DA-D2CB31E84470}"
EndProject
Project("{8BC9CEB8-8B4A-11D0-8D11-00A0C91BC942}") = "16_09", "16_09\16_09.vcxproj", "{F2D44A9C-A797-4066-A81E-277EA41FB9D0}"
EndProject
Project("{8BC9CEB8-8B4A-11D0-8D11-00A0C91BC942}") = "16_10", "16_10\16_10.vcxproj", "{8C6C0583-6663-4A66-8CC4-50884D2373C5}"
EndProject
Project("{8BC9CEB8-8B4A-11D0-8D11-00A0C91BC942}") = "16_11", "16_11\16_11.vcxproj", "{6CF11859-B76C-411F-A7E8-BB5493C6EEC6}"
EndProject
Project("{8BC9CEB8-8B4A-11D0-8D11-00A0C91BC942}") = "16_12", "16_12\16_12.vcxproj", "{521EC70C-6FD3-497A-BCD2-81F6834C6761}"
EndProject
Project("{8BC9CEB8-8B4A-11D0-8D11-00A0C91BC942}") = "16_12_Library", "16_12_Library\16_12_Library.vcxproj", "{4D858596-B7E6-4E8D-9725-39D50351F95E}"
EndProject
Project("{8BC9CEB8-8B4A-11D0-8D11-00A0C91BC942}") = "16_13", "16_13\16_13.vcxproj", "{397CA15E-2B52-417A-ADAC-127DAABE062D}"
EndProject
Project("{8BC9CEB8-8B4A-11D0-8D11-00A0C91BC942}") = "16_14", "16_14\16_14.vcxproj", "{D52590B3-AC48-41F9-BBE6-9DF573A6BD9A}"
EndProject
Project("{8BC9CEB8-8B4A-11D0-8D11-00A0C91BC942}") = "16_15", "16_15\16_15.vcxproj", "{3D2197FA-5AEE-43FD-80A8-52B234C5B75E}"
EndProject
Project("{8BC9CEB8-8B4A-11D0-8D11-00A0C91BC942}") = "16_16", "16_16\16_16.vcxproj", "{8862C06F-827A-42B9-BB17-BB6F0EC5B47B}"
EndProject
Project("{8BC9CEB8-8B4A-11D0-8D11-00A0C91BC942}") = "16_17", "16_17\16_17.vcxproj", "{AE378D54-9F7C-45C4-BC73-75AF2A91D468}"
EndProject
Global
	GlobalSection(SolutionConfigurationPlatforms) = preSolution
		Debug|x64 = Debug|x64
		Debug|x86 = Debug|x86
		Release|x64 = Release|x64
		Release|x86 = Release|x86
	EndGlobalSection
	GlobalSection(ProjectConfigurationPlatforms) = postSolution
		{4529D81C-EB69-429F-80B8-E8AEED437154}.Debug|x64.ActiveCfg = Debug|x64
		{4529D81C-EB69-429F-80B8-E8AEED437154}.Debug|x64.Build.0 = Debug|x64
		{4529D81C-EB69-429F-80B8-E8AEED437154}.Debug|x86.ActiveCfg = Debug|Win32
		{4529D81C-EB69-429F-80B8-E8AEED437154}.Debug|x86.Build.0 = Debug|Win32
		{4529D81C-EB69-429F-80B8-E8AEED437154}.Release|x64.ActiveCfg = Release|x64
		{4529D81C-EB69-429F-80B8-E8AEED437154}.Release|x64.Build.0 = Release|x64
		{4529D81C-EB69-429F-80B8-E8AEED437154}.Release|x86.ActiveCfg = Release|Win32
		{4529D81C-EB69-429F-80B8-E8AEED437154}.Release|x86.Build.0 = Release|Win32
		{B1A7668F-A19B-4A94-AAF8-5E7F56AE5460}.Debug|x64.ActiveCfg = Debug|x64
		{B1A7668F-A19B-4A94-AAF8-5E7F56AE5460}.Debug|x64.Build.0 = Debug|x64
		{B1A7668F-A19B-4A94-AAF8-5E7F56AE5460}.Debug|x86.ActiveCfg = Debug|Win32
		{B1A7668F-A19B-4A94-AAF8-5E7F56AE5460}.Debug|x86.Build.0 = Debug|Win32
		{B1A7668F-A19B-4A94-AAF8-5E7F56AE5460}.Release|x64.ActiveCfg = Release|x64
		{B1A7668F-A19B-4A94-AAF8-5E7F56AE5460}.Release|x64.Build.0 = Release|x64
		{B1A7668F-A19B-4A94-AAF8-5E7F56AE5460}.Release|x86.ActiveCfg = Release|Win32
		{B1A7668F-A19B-4A94-AAF8-5E7F56AE5460}.Release|x86.Build.0 = Release|Win32
		{81763985-4F45-48F7-8D24-C3E7288A2069}.Debug|x64.ActiveCfg = Debug|x64
		{81763985-4F45-48F7-8D24-C3E7288A2069}.Debug|x64.Build.0 = Debug|x64
		{81763985-4F45-48F7-8D24-C3E7288A2069}.Debug|x86.ActiveCfg = Debug|Win32
		{81763985-4F45-48F7-8D24-C3E7288A2069}.Debug|x86.Build.0 = Debug|Win32
		{81763985-4F45-48F7-8D24-C3E7288A2069}.Release|x64.ActiveCfg = Release|x64
		{81763985-4F45-48F7-8D24-C3E7288A2069}.Release|x64.Build.0 = Release|x64
		{81763985-4F45-48F7-8D24-C3E7288A2069}.Release|x86.ActiveCfg = Release|Win32
		{81763985-4F45-48F7-8D24-C3E7288A2069}.Release|x86.Build.0 = Release|Win32
		{62F012B9-87A3-4DE8-BB2A-46AC3A3530CD}.Debug|x64.ActiveCfg = Debug|x64
		{62F012B9-87A3-4DE8-BB2A-46AC3A3530CD}.Debug|x64.Build.0 = Debug|x64
		{62F012B9-87A3-4DE8-BB2A-46AC3A3530CD}.Debug|x86.ActiveCfg = Debug|Win32
		{62F012B9-87A3-4DE8-BB2A-46AC3A3530CD}.Debug|x86.Build.0 = Debug|Win32
		{62F012B9-87A3-4DE8-BB2A-46AC3A3530CD}.Release|x64.ActiveCfg = Release|x64
		{62F012B9-87A3-4DE8-BB2A-46AC3A3530CD}.Release|x64.Build.0 = Release|x64
		{62F012B9-87A3-4DE8-BB2A-46AC3A3530CD}.Release|x86.ActiveCfg = Release|Win32
		{62F012B9-87A3-4DE8-BB2A-46AC3A3530CD}.Release|x86.Build.0 = Release|Win32
		{5A1992AA-49D9-4C57-8B94-816B2A30386A}.Debug|x64.ActiveCfg = Debug|x64
		{5A1992AA-49D9-4C57-8B94-816B2A30386A}.Debug|x64.Build.0 = Debug|x64
		{5A1992AA-49D9-4C57-8B94-816B2A30386A}.Debug|x86.ActiveCfg = Debug|Win32
		{5A1992AA-49D9-4C57-8B94-816B2A30386A}.Debug|x86.Build.0 = Debug|Win32
		{5A1992AA-49D9-4C57-8B94-816B2A30386A}.Release|x64.ActiveCfg = Release|x64
		{5A1992AA-49D9-4C57-8B94-816B2A30386A}.Release|x64.Build.0 = Release|x64
		{5A1992AA-49D9-4C57-8B94-816B2A30386A}.Release|x86.ActiveCfg = Release|Win32
		{5A1992AA-49D9-4C57-8B94-816B2A30386A}.Release|x86.Build.0 = Release|Win32
		{59309FE2-A3E1-4B1F-8A7B-164AFBBCBF81}.Debug|x64.ActiveCfg = Debug|x64
		{59309FE2-A3E1-4B1F-8A7B-164AFBBCBF81}.Debug|x64.Build.0 = Debug|x64
		{59309FE2-A3E1-4B1F-8A7B-164AFBBCBF81}.Debug|x86.ActiveCfg = Debug|Win32
		{59309FE2-A3E1-4B1F-8A7B-164AFBBCBF81}.Debug|x86.Build.0 = Debug|Win32
		{59309FE2-A3E1-4B1F-8A7B-164AFBBCBF81}.Release|x64.ActiveCfg = Release|x64
		{59309FE2-A3E1-4B1F-8A7B-164AFBBCBF81}.Release|x64.Build.0 = Release|x64
		{59309FE2-A3E1-4B1F-8A7B-164AFBBCBF81}.Release|x86.ActiveCfg = Release|Win32
		{59309FE2-A3E1-4B1F-8A7B-164AFBBCBF81}.Release|x86.Build.0 = Release|Win32
		{21F4875A-C8C9-4EEC-9CC3-424C00A63722}.Debug|x64.ActiveCfg = Debug|x64
		{21F4875A-C8C9-4EEC-9CC3-424C00A63722}.Debug|x64.Build.0 = Debug|x64
		{21F4875A-C8C9-4EEC-9CC3-424C00A63722}.Debug|x86.ActiveCfg = Debug|Win32
		{21F4875A-C8C9-4EEC-9CC3-424C00A63722}.Debug|x86.Build.0 = Debug|Win32
		{21F4875A-C8C9-4EEC-9CC3-424C00A63722}.Release|x64.ActiveCfg = Release|x64
		{21F4875A-C8C9-4EEC-9CC3-424C00A63722}.Release|x64.Build.0 = Release|x64
		{21F4875A-C8C9-4EEC-9CC3-424C00A63722}.Release|x86.ActiveCfg = Release|Win32
		{21F4875A-C8C9-4EEC-9CC3-424C00A63722}.Release|x86.Build.0 = Release|Win32
		{6FE4F4E0-9357-465F-A3DA-D2CB31E84470}.Debug|x64.ActiveCfg = Debug|x64
		{6FE4F4E0-9357-465F-A3DA-D2CB31E84470}.Debug|x64.Build.0 = Debug|x64
		{6FE4F4E0-9357-465F-A3DA-D2CB31E84470}.Debug|x86.ActiveCfg = Debug|Win32
		{6FE4F4E0-9357-465F-A3DA-D2CB31E84470}.Debug|x86.Build.0 = Debug|Win32
		{6FE4F4E0-9357-465F-A3DA-D2CB31E84470}.Release|x64.ActiveCfg = Release|x64
		{6FE4F4E0-9357-465F-A3DA-D2CB31E84470}.Release|x64.Build.0 = Release|x64
		{6FE4F4E0-9357-465F-A3DA-D2CB31E84470}.Release|x86.ActiveCfg = Release|Win32
		{6FE4F4E0-9357-465F-A3DA-D2CB31E84470}.Release|x86.Build.0 = Release|Win32
		{F2D44A9C-A797-4066-A81E-277EA41FB9D0}.Debug|x64.ActiveCfg = Debug|x64
		{F2D44A9C-A797-4066-A81E-277EA41FB9D0}.Debug|x64.Build.0 = Debug|x64
		{F2D44A9C-A797-4066-A81E-277EA41FB9D0}.Debug|x86.ActiveCfg = Debug|Win32
		{F2D44A9C-A797-4066-A81E-277EA41FB9D0}.Debug|x86.Build.0 = Debug|Win32
		{F2D44A9C-A797-4066-A81E-277EA41FB9D0}.Release|x64.ActiveCfg = Release|x64
		{F2D44A9C-A797-4066-A81E-277EA41FB9D0}.Release|x64.Build.0 = Release|x64
		{F2D44A9C-A797-4066-A81E-277EA41FB9D0}.Release|x86.ActiveCfg = Release|Win32
		{F2D44A9C-A797-4066-A81E-277EA41FB9D0}.Release|x86.Build.0 = Release|Win32
		{8C6C0583-6663-4A66-8CC4-50884D2373C5}.Debug|x64.ActiveCfg = Debug|x64
		{8C6C0583-6663-4A66-8CC4-50884D2373C5}.Debug|x64.Build.0 = Debug|x64
		{8C6C0583-6663-4A66-8CC4-50884D2373C5}.Debug|x86.ActiveCfg = Debug|Win32
		{8C6C0583-6663-4A66-8CC4-50884D2373C5}.Debug|x86.Build.0 = Debug|Win32
		{8C6C0583-6663-4A66-8CC4-50884D2373C5}.Release|x64.ActiveCfg = Release|x64
		{8C6C0583-6663-4A66-8CC4-50884D2373C5}.Release|x64.Build.0 = Release|x64
		{8C6C0583-6663-4A66-8CC4-50884D2373C5}.Release|x86.ActiveCfg = Release|Win32
		{8C6C0583-6663-4A66-8CC4-50884D2373C5}.Release|x86.Build.0 = Release|Win32
		{6CF11859-B76C-411F-A7E8-BB5493C6EEC6}.Debug|x64.ActiveCfg = Debug|x64
		{6CF11859-B76C-411F-A7E8-BB5493C6EEC6}.Debug|x64.Build.0 = Debug|x64
		{6CF11859-B76C-411F-A7E8-BB5493C6EEC6}.Debug|x86.ActiveCfg = Debug|Win32
		{6CF11859-B76C-411F-A7E8-BB5493C6EEC6}.Debug|x86.Build.0 = Debug|Win32
		{6CF11859-B76C-411F-A7E8-BB5493C6EEC6}.Release|x64.ActiveCfg = Release|x64
		{6CF11859-B76C-411F-A7E8-BB5493C6EEC6}.Release|x64.Build.0 = Release|x64
		{6CF11859-B76C-411F-A7E8-BB5493C6EEC6}.Release|x86.ActiveCfg = Release|Win32
		{6CF11859-B76C-411F-A7E8-BB5493C6EEC6}.Release|x86.Build.0 = Release|Win32
		{521EC70C-6FD3-497A-BCD2-81F6834C6761}.Debug|x64.ActiveCfg = Debug|x64
		{521EC70C-6FD3-497A-BCD2-81F6834C6761}.Debug|x64.Build.0 = Debug|x64
		{521EC70C-6FD3-497A-BCD2-81F6834C6761}.Debug|x86.ActiveCfg = Debug|Win32
		{521EC70C-6FD3-497A-BCD2-81F6834C6761}.Debug|x86.Build.0 = Debug|Win32
		{521EC70C-6FD3-497A-BCD2-81F6834C6761}.Release|x64.ActiveCfg = Release|x64
		{521EC70C-6FD3-497A-BCD2-81F6834C6761}.Release|x64.Build.0 = Release|x64
		{521EC70C-6FD3-497A-BCD2-81F6834C6761}.Release|x86.ActiveCfg = Release|Win32
		{521EC70C-6FD3-497A-BCD2-81F6834C6761}.Release|x86.Build.0 = Release|Win32
		{4D858596-B7E6-4E8D-9725-39D50351F95E}.Debug|x64.ActiveCfg = Debug|x64
		{4D858596-B7E6-4E8D-9725-39D50351F95E}.Debug|x64.Build.0 = Debug|x64
		{4D858596-B7E6-4E8D-9725-39D50351F95E}.Debug|x86.ActiveCfg = Debug|Win32
		{4D858596-B7E6-4E8D-9725-39D50351F95E}.Debug|x86.Build.0 = Debug|Win32
		{4D858596-B7E6-4E8D-9725-39D50351F95E}.Release|x64.ActiveCfg = Release|x64
		{4D858596-B7E6-4E8D-9725-39D50351F95E}.Release|x64.Build.0 = Release|x64
		{4D858596-B7E6-4E8D-9725-39D50351F95E}.Release|x86.ActiveCfg = Release|Win32
		{4D858596-B7E6-4E8D-9725-39D50351F95E}.Release|x86.Build.0 = Release|Win32
		{397CA15E-2B52-417A-ADAC-127DAABE062D}.Debug|x64.ActiveCfg = Debug|x64
		{397CA15E-2B52-417A-ADAC-127DAABE062D}.Debug|x64.Build.0 = Debug|x64
		{397CA15E-2B52-417A-ADAC-127DAABE062D}.Debug|x86.ActiveCfg = Debug|Win32
		{397CA15E-2B52-417A-ADAC-127DAABE062D}.Debug|x86.Build.0 = Debug|Win32
		{397CA15E-2B52-417A-ADAC-127DAABE062D}.Release|x64.ActiveCfg = Release|x64
		{397CA15E-2B52-417A-ADAC-127DAABE062D}.Release|x64.Build.0 = Release|x64
		{397CA15E-2B52-417A-ADAC-127DAABE062D}.Release|x86.ActiveCfg = Release|Win32
		{397CA15E-2B52-417A-ADAC-127DAABE062D}.Release|x86.Build.0 = Release|Win32
		{D52590B3-AC48-41F9-BBE6-9DF573A6BD9A}.Debug|x64.ActiveCfg = Debug|x64
		{D52590B3-AC48-41F9-BBE6-9DF573A6BD9A}.Debug|x64.Build.0 = Debug|x64
		{D52590B3-AC48-41F9-BBE6-9DF573A6BD9A}.Debug|x86.ActiveCfg = Debug|Win32
		{D52590B3-AC48-41F9-BBE6-9DF573A6BD9A}.Debug|x86.Build.0 = Debug|Win32
		{D52590B3-AC48-41F9-BBE6-9DF573A6BD9A}.Release|x64.ActiveCfg = Release|x64
		{D52590B3-AC48-41F9-BBE6-9DF573A6BD9A}.Release|x64.Build.0 = Release|x64
		{D52590B3-AC48-41F9-BBE6-9DF573A6BD9A}.Release|x86.ActiveCfg = Release|Win32
		{D52590B3-AC48-41F9-BBE6-9DF573A6BD9A}.Release|x86.Build.0 = Release|Win32
		{3D2197FA-5AEE-43FD-80A8-52B234C5B75E}.Debug|x64.ActiveCfg = Debug|x64
		{3D2197FA-5AEE-43FD-80A8-52B234C5B75E}.Debug|x64.Build.0 = Debug|x64
		{3D2197FA-5AEE-43FD-80A8-52B234C5B75E}.Debug|x86.ActiveCfg = Debug|Win32
		{3D2197FA-5AEE-43FD-80A8-52B234C5B75E}.Debug|x86.Build.0 = Debug|Win32
		{3D2197FA-5AEE-43FD-80A8-52B234C5B75E}.Release|x64.ActiveCfg = Release|x64
		{3D2197FA-5AEE-43FD-80A8-52B234C5B75E}.Release|x64.Build.0 = Release|x64
		{3D2197FA-5AEE-43FD-80A8-52B234C5B75E}.Release|x86.ActiveCfg = Release|Win32
		{3D2197FA-5AEE-43FD-80A8-52B234C5B75E}.Release|x86.Build.0 = Release|Win32
		{8862C06F-827A-42B9-BB17-BB6F0EC5B47B}.Debug|x64.ActiveCfg = Debug|x64
		{8862C06F-827A-42B9-BB17-BB6F0EC5B47B}.Debug|x64.Build.0 = Debug|x64
		{8862C06F-827A-42B9-BB17-BB6F0EC5B47B}.Debug|x86.ActiveCfg = Debug|Win32
		{8862C06F-827A-42B9-BB17-BB6F0EC5B47B}.Debug|x86.Build.0 = Debug|Win32
		{8862C06F-827A-42B9-BB17-BB6F0EC5B47B}.Release|x64.ActiveCfg = Release|x64
		{8862C06F-827A-42B9-BB17-BB6F0EC5B47B}.Release|x64.Build.0 = Release|x64
		{8862C06F-827A-42B9-BB17-BB6F0EC5B47B}.Release|x86.ActiveCfg = Release|Win32
		{8862C06F-827A-42B9-BB17-BB6F0EC5B47B}.Release|x86.Build.0 = Release|Win32
		{AE378D54-9F7C-45C4-BC73-75AF2A91D468}.Debug|x64.ActiveCfg = Debug|x64
		{AE378D54-9F7C-45C4-BC73-75AF2A91D468}.Debug|x64.Build.0 = Debug|x64
		{AE378D54-9F7C-45C4-BC73-75AF2A91D468}.Debug|x86.ActiveCfg = Debug|Win32
		{AE378D54-9F7C-45C4-BC73-75AF2A91D468}.Debug|x86.Build.0 = Debug|Win32
		{AE378D54-9F7C-45C4-BC73-75AF2A91D468}.Release|x64.ActiveCfg = Release|x64
		{AE378D54-9F7C-45C4-BC73-75AF2A91D468}.Release|x64.Build.0 = Release|x64
		{AE378D54-9F7C-45C4-BC73-75AF2A91D468}.Release|x86.ActiveCfg = Release|Win32
		{AE378D54-9F7C-45C4-BC73-75AF2A91D468}.Release|x86.Build.0 = Release|Win32
	EndGlobalSection
	GlobalSection(SolutionProperties) = preSolution
		HideSolutionNode = FALSE
	EndGlobalSection
	GlobalSection(ExtensibilityGlobals) = postSolution
		SolutionGuid = {731994A6-F1EB-4807-AB74-C28DB7738F23}
	EndGlobalSection
EndGlobal
