
Microsoft Visual Studio Solution File, Format Version 12.00
# Visual Studio Version 17
VisualStudioVersion = 17.7.34202.233
MinimumVisualStudioVersion = 10.0.40219.1
Project("{8BC9CEB8-8B4A-11D0-8D11-00A0C91BC942}") = "05_01", "05_01\05_01.vcxproj", "{CC768938-5443-48CA-81F3-7A0738ACB89F}"
EndProject
Project("{8BC9CEB8-8B4A-11D0-8D11-00A0C91BC942}") = "05_02", "05_02\05_02.vcxproj", "{BB9402A1-1FE8-42E0-A043-1576EB6D9AF4}"
EndProject
Project("{8BC9CEB8-8B4A-11D0-8D11-00A0C91BC942}") = "05_03", "05_03\05_03.vcxproj", "{0FE1CC66-3755-4515-B4EA-C218EB74A6E2}"
EndProject
Project("{8BC9CEB8-8B4A-11D0-8D11-00A0C91BC942}") = "05_04", "05_04\05_04.vcxproj", "{0B25509F-3AAC-4C4E-8937-21981B85B89C}"
EndProject
Project("{8BC9CEB8-8B4A-11D0-8D11-00A0C91BC942}") = "05_05", "05_05\05_05.vcxproj", "{C9862DD3-9C2D-4800-BD23-25491BF43C54}"
EndProject
Project("{8BC9CEB8-8B4A-11D0-8D11-00A0C91BC942}") = "05_06", "05_06\05_06.vcxproj", "{FCB63F49-BAD9-4A0B-B6B8-FE74C17920A5}"
EndProject
Project("{8BC9CEB8-8B4A-11D0-8D11-00A0C91BC942}") = "05_07", "05_07\05_07.vcxproj", "{1E115BF7-BD9D-4547-96D4-9EF0A880302F}"
EndProject
Project("{8BC9CEB8-8B4A-11D0-8D11-00A0C91BC942}") = "05_08", "05_08\05_08.vcxproj", "{416712C6-DADD-4498-8596-14CB4485114A}"
EndProject
Project("{8BC9CEB8-8B4A-11D0-8D11-00A0C91BC942}") = "05_09", "05_09\05_09.vcxproj", "{C2C785AF-08AF-40A0-87EE-12F2CB411635}"
EndProject
Project("{8BC9CEB8-8B4A-11D0-8D11-00A0C91BC942}") = "05_11", "05_11\05_11.vcxproj", "{91BA1A56-4A15-4820-BA6C-0A1355C7B0B7}"
EndProject
Project("{8BC9CEB8-8B4A-11D0-8D11-00A0C91BC942}") = "05_12", "05_12\05_12.vcxproj", "{40185950-B915-477A-AE4C-80005B4AA17F}"
EndProject
Global
	GlobalSection(SolutionConfigurationPlatforms) = preSolution
		Debug|x64 = Debug|x64
		Debug|x86 = Debug|x86
		Release|x64 = Release|x64
		Release|x86 = Release|x86
	EndGlobalSection
	GlobalSection(ProjectConfigurationPlatforms) = postSolution
		{CC768938-5443-48CA-81F3-7A0738ACB89F}.Debug|x64.ActiveCfg = Debug|x64
		{CC768938-5443-48CA-81F3-7A0738ACB89F}.Debug|x64.Build.0 = Debug|x64
		{CC768938-5443-48CA-81F3-7A0738ACB89F}.Debug|x86.ActiveCfg = Debug|Win32
		{CC768938-5443-48CA-81F3-7A0738ACB89F}.Debug|x86.Build.0 = Debug|Win32
		{CC768938-5443-48CA-81F3-7A0738ACB89F}.Release|x64.ActiveCfg = Release|x64
		{CC768938-5443-48CA-81F3-7A0738ACB89F}.Release|x64.Build.0 = Release|x64
		{CC768938-5443-48CA-81F3-7A0738ACB89F}.Release|x86.ActiveCfg = Release|Win32
		{CC768938-5443-48CA-81F3-7A0738ACB89F}.Release|x86.Build.0 = Release|Win32
		{BB9402A1-1FE8-42E0-A043-1576EB6D9AF4}.Debug|x64.ActiveCfg = Debug|x64
		{BB9402A1-1FE8-42E0-A043-1576EB6D9AF4}.Debug|x64.Build.0 = Debug|x64
		{BB9402A1-1FE8-42E0-A043-1576EB6D9AF4}.Debug|x86.ActiveCfg = Debug|Win32
		{BB9402A1-1FE8-42E0-A043-1576EB6D9AF4}.Debug|x86.Build.0 = Debug|Win32
		{BB9402A1-1FE8-42E0-A043-1576EB6D9AF4}.Release|x64.ActiveCfg = Release|x64
		{BB9402A1-1FE8-42E0-A043-1576EB6D9AF4}.Release|x64.Build.0 = Release|x64
		{BB9402A1-1FE8-42E0-A043-1576EB6D9AF4}.Release|x86.ActiveCfg = Release|Win32
		{BB9402A1-1FE8-42E0-A043-1576EB6D9AF4}.Release|x86.Build.0 = Release|Win32
		{0FE1CC66-3755-4515-B4EA-C218EB74A6E2}.Debug|x64.ActiveCfg = Debug|x64
		{0FE1CC66-3755-4515-B4EA-C218EB74A6E2}.Debug|x64.Build.0 = Debug|x64
		{0FE1CC66-3755-4515-B4EA-C218EB74A6E2}.Debug|x86.ActiveCfg = Debug|Win32
		{0FE1CC66-3755-4515-B4EA-C218EB74A6E2}.Debug|x86.Build.0 = Debug|Win32
		{0FE1CC66-3755-4515-B4EA-C218EB74A6E2}.Release|x64.ActiveCfg = Release|x64
		{0FE1CC66-3755-4515-B4EA-C218EB74A6E2}.Release|x64.Build.0 = Release|x64
		{0FE1CC66-3755-4515-B4EA-C218EB74A6E2}.Release|x86.ActiveCfg = Release|Win32
		{0FE1CC66-3755-4515-B4EA-C218EB74A6E2}.Release|x86.Build.0 = Release|Win32
		{0B25509F-3AAC-4C4E-8937-21981B85B89C}.Debug|x64.ActiveCfg = Debug|x64
		{0B25509F-3AAC-4C4E-8937-21981B85B89C}.Debug|x64.Build.0 = Debug|x64
		{0B25509F-3AAC-4C4E-8937-21981B85B89C}.Debug|x86.ActiveCfg = Debug|Win32
		{0B25509F-3AAC-4C4E-8937-21981B85B89C}.Debug|x86.Build.0 = Debug|Win32
		{0B25509F-3AAC-4C4E-8937-21981B85B89C}.Release|x64.ActiveCfg = Release|x64
		{0B25509F-3AAC-4C4E-8937-21981B85B89C}.Release|x64.Build.0 = Release|x64
		{0B25509F-3AAC-4C4E-8937-21981B85B89C}.Release|x86.ActiveCfg = Release|Win32
		{0B25509F-3AAC-4C4E-8937-21981B85B89C}.Release|x86.Build.0 = Release|Win32
		{C9862DD3-9C2D-4800-BD23-25491BF43C54}.Debug|x64.ActiveCfg = Debug|x64
		{C9862DD3-9C2D-4800-BD23-25491BF43C54}.Debug|x64.Build.0 = Debug|x64
		{C9862DD3-9C2D-4800-BD23-25491BF43C54}.Debug|x86.ActiveCfg = Debug|Win32
		{C9862DD3-9C2D-4800-BD23-25491BF43C54}.Debug|x86.Build.0 = Debug|Win32
		{C9862DD3-9C2D-4800-BD23-25491BF43C54}.Release|x64.ActiveCfg = Release|x64
		{C9862DD3-9C2D-4800-BD23-25491BF43C54}.Release|x64.Build.0 = Release|x64
		{C9862DD3-9C2D-4800-BD23-25491BF43C54}.Release|x86.ActiveCfg = Release|Win32
		{C9862DD3-9C2D-4800-BD23-25491BF43C54}.Release|x86.Build.0 = Release|Win32
		{FCB63F49-BAD9-4A0B-B6B8-FE74C17920A5}.Debug|x64.ActiveCfg = Debug|x64
		{FCB63F49-BAD9-4A0B-B6B8-FE74C17920A5}.Debug|x64.Build.0 = Debug|x64
		{FCB63F49-BAD9-4A0B-B6B8-FE74C17920A5}.Debug|x86.ActiveCfg = Debug|Win32
		{FCB63F49-BAD9-4A0B-B6B8-FE74C17920A5}.Debug|x86.Build.0 = Debug|Win32
		{FCB63F49-BAD9-4A0B-B6B8-FE74C17920A5}.Release|x64.ActiveCfg = Release|x64
		{FCB63F49-BAD9-4A0B-B6B8-FE74C17920A5}.Release|x64.Build.0 = Release|x64
		{FCB63F49-BAD9-4A0B-B6B8-FE74C17920A5}.Release|x86.ActiveCfg = Release|Win32
		{FCB63F49-BAD9-4A0B-B6B8-FE74C17920A5}.Release|x86.Build.0 = Release|Win32
		{1E115BF7-BD9D-4547-96D4-9EF0A880302F}.Debug|x64.ActiveCfg = Debug|x64
		{1E115BF7-BD9D-4547-96D4-9EF0A880302F}.Debug|x64.Build.0 = Debug|x64
		{1E115BF7-BD9D-4547-96D4-9EF0A880302F}.Debug|x86.ActiveCfg = Debug|Win32
		{1E115BF7-BD9D-4547-96D4-9EF0A880302F}.Debug|x86.Build.0 = Debug|Win32
		{1E115BF7-BD9D-4547-96D4-9EF0A880302F}.Release|x64.ActiveCfg = Release|x64
		{1E115BF7-BD9D-4547-96D4-9EF0A880302F}.Release|x64.Build.0 = Release|x64
		{1E115BF7-BD9D-4547-96D4-9EF0A880302F}.Release|x86.ActiveCfg = Release|Win32
		{1E115BF7-BD9D-4547-96D4-9EF0A880302F}.Release|x86.Build.0 = Release|Win32
		{416712C6-DADD-4498-8596-14CB4485114A}.Debug|x64.ActiveCfg = Debug|x64
		{416712C6-DADD-4498-8596-14CB4485114A}.Debug|x64.Build.0 = Debug|x64
		{416712C6-DADD-4498-8596-14CB4485114A}.Debug|x86.ActiveCfg = Debug|Win32
		{416712C6-DADD-4498-8596-14CB4485114A}.Debug|x86.Build.0 = Debug|Win32
		{416712C6-DADD-4498-8596-14CB4485114A}.Release|x64.ActiveCfg = Release|x64
		{416712C6-DADD-4498-8596-14CB4485114A}.Release|x64.Build.0 = Release|x64
		{416712C6-DADD-4498-8596-14CB4485114A}.Release|x86.ActiveCfg = Release|Win32
		{416712C6-DADD-4498-8596-14CB4485114A}.Release|x86.Build.0 = Release|Win32
		{C2C785AF-08AF-40A0-87EE-12F2CB411635}.Debug|x64.ActiveCfg = Debug|x64
		{C2C785AF-08AF-40A0-87EE-12F2CB411635}.Debug|x64.Build.0 = Debug|x64
		{C2C785AF-08AF-40A0-87EE-12F2CB411635}.Debug|x86.ActiveCfg = Debug|Win32
		{C2C785AF-08AF-40A0-87EE-12F2CB411635}.Debug|x86.Build.0 = Debug|Win32
		{C2C785AF-08AF-40A0-87EE-12F2CB411635}.Release|x64.ActiveCfg = Release|x64
		{C2C785AF-08AF-40A0-87EE-12F2CB411635}.Release|x64.Build.0 = Release|x64
		{C2C785AF-08AF-40A0-87EE-12F2CB411635}.Release|x86.ActiveCfg = Release|Win32
		{C2C785AF-08AF-40A0-87EE-12F2CB411635}.Release|x86.Build.0 = Release|Win32
		{91BA1A56-4A15-4820-BA6C-0A1355C7B0B7}.Debug|x64.ActiveCfg = Debug|x64
		{91BA1A56-4A15-4820-BA6C-0A1355C7B0B7}.Debug|x64.Build.0 = Debug|x64
		{91BA1A56-4A15-4820-BA6C-0A1355C7B0B7}.Debug|x86.ActiveCfg = Debug|Win32
		{91BA1A56-4A15-4820-BA6C-0A1355C7B0B7}.Debug|x86.Build.0 = Debug|Win32
		{91BA1A56-4A15-4820-BA6C-0A1355C7B0B7}.Release|x64.ActiveCfg = Release|x64
		{91BA1A56-4A15-4820-BA6C-0A1355C7B0B7}.Release|x64.Build.0 = Release|x64
		{91BA1A56-4A15-4820-BA6C-0A1355C7B0B7}.Release|x86.ActiveCfg = Release|Win32
		{91BA1A56-4A15-4820-BA6C-0A1355C7B0B7}.Release|x86.Build.0 = Release|Win32
		{40185950-B915-477A-AE4C-80005B4AA17F}.Debug|x64.ActiveCfg = Debug|x64
		{40185950-B915-477A-AE4C-80005B4AA17F}.Debug|x64.Build.0 = Debug|x64
		{40185950-B915-477A-AE4C-80005B4AA17F}.Debug|x86.ActiveCfg = Debug|Win32
		{40185950-B915-477A-AE4C-80005B4AA17F}.Debug|x86.Build.0 = Debug|Win32
		{40185950-B915-477A-AE4C-80005B4AA17F}.Release|x64.ActiveCfg = Release|x64
		{40185950-B915-477A-AE4C-80005B4AA17F}.Release|x64.Build.0 = Release|x64
		{40185950-B915-477A-AE4C-80005B4AA17F}.Release|x86.ActiveCfg = Release|Win32
		{40185950-B915-477A-AE4C-80005B4AA17F}.Release|x86.Build.0 = Release|Win32
	EndGlobalSection
	GlobalSection(SolutionProperties) = preSolution
		HideSolutionNode = FALSE
	EndGlobalSection
	GlobalSection(ExtensibilityGlobals) = postSolution
		SolutionGuid = {6529A632-86AF-4365-846E-4435FCCDA91B}
	EndGlobalSection
EndGlobal
