
Microsoft Visual Studio Solution File, Format Version 12.00
# Visual Studio Version 17
VisualStudioVersion = 17.8.34330.188
MinimumVisualStudioVersion = 10.0.40219.1
Project("{8BC9CEB8-8B4A-11D0-8D11-00A0C91BC942}") = "12_01", "12_01\12_01.vcxproj", "{BC8DB3B3-08FB-43FA-9365-6F03633FD51B}"
EndProject
Project("{8BC9CEB8-8B4A-11D0-8D11-00A0C91BC942}") = "12_02", "12_02\12_02.vcxproj", "{0A0B2625-CCDB-448A-9452-D8A924307BAB}"
EndProject
Project("{8BC9CEB8-8B4A-11D0-8D11-00A0C91BC942}") = "12_03", "12_03\12_03.vcxproj", "{2DDB6192-DD60-4617-AF0F-10C1293334E8}"
EndProject
Project("{8BC9CEB8-8B4A-11D0-8D11-00A0C91BC942}") = "12_04", "12_04\12_04.vcxproj", "{DB4FED0B-F515-46AE-A546-691C105F23B5}"
EndProject
Project("{8BC9CEB8-8B4A-11D0-8D11-00A0C91BC942}") = "12_05", "12_05\12_05.vcxproj", "{D0E160B2-8603-4ADF-B008-BAEB3FD25906}"
EndProject
Project("{8BC9CEB8-8B4A-11D0-8D11-00A0C91BC942}") = "12_06", "12_06\12_06.vcxproj", "{DD751C48-0C85-4D24-9AEB-DFAC26AED615}"
EndProject
Project("{8BC9CEB8-8B4A-11D0-8D11-00A0C91BC942}") = "12_07", "12_07\12_07.vcxproj", "{311103F4-BB4F-4AD3-BA33-7927D012223A}"
EndProject
Project("{8BC9CEB8-8B4A-11D0-8D11-00A0C91BC942}") = "12_08", "12_08\12_08.vcxproj", "{AB563F3E-BADD-4EB3-8B96-39D8267368C4}"
EndProject
Project("{8BC9CEB8-8B4A-11D0-8D11-00A0C91BC942}") = "12_09", "12_09\12_09.vcxproj", "{B07FD57E-1F46-47B2-A53E-CDD60D162AE7}"
EndProject
Project("{8BC9CEB8-8B4A-11D0-8D11-00A0C91BC942}") = "12_10", "12_10\12_10.vcxproj", "{BDBD3852-7EB3-4596-B6A2-0F0FC2049D99}"
EndProject
Project("{8BC9CEB8-8B4A-11D0-8D11-00A0C91BC942}") = "12_11", "12_11\12_11.vcxproj", "{1210A9CC-B893-455F-A801-6F4A3F59F266}"
EndProject
Project("{8BC9CEB8-8B4A-11D0-8D11-00A0C91BC942}") = "12_12", "12_12\12_12.vcxproj", "{F7A70E22-6C22-4E1D-8CF4-3C0831280DDB}"
EndProject
Project("{8BC9CEB8-8B4A-11D0-8D11-00A0C91BC942}") = "12_13", "12_13\12_13.vcxproj", "{F644FB96-4456-4013-A303-20DB475C0498}"
EndProject
Project("{8BC9CEB8-8B4A-11D0-8D11-00A0C91BC942}") = "12_14", "12_14\12_14.vcxproj", "{C18F5F5E-FC15-43DB-B9A7-871F2BE3A602}"
EndProject
Project("{8BC9CEB8-8B4A-11D0-8D11-00A0C91BC942}") = "12_15", "12_15\12_15.vcxproj", "{DE25106D-9DC6-46FC-8A5E-4695F2E7EFA3}"
EndProject
Project("{8BC9CEB8-8B4A-11D0-8D11-00A0C91BC942}") = "12_16", "12_16\12_16.vcxproj", "{3CD44BA8-4FA5-4895-B477-31F3569F63C2}"
EndProject
Project("{8BC9CEB8-8B4A-11D0-8D11-00A0C91BC942}") = "12_17", "12_17\12_17.vcxproj", "{F051C2A2-CF95-41EB-9E99-2CC7ABC90097}"
EndProject
Project("{8BC9CEB8-8B4A-11D0-8D11-00A0C91BC942}") = "12_18", "12_18\12_18.vcxproj", "{873EBC0E-47C4-41EB-B388-9B44875962D6}"
EndProject
Project("{8BC9CEB8-8B4A-11D0-8D11-00A0C91BC942}") = "12_19", "12_19\12_19.vcxproj", "{2BB0AA0E-6908-474A-B724-6B631DD46954}"
EndProject
Global
	GlobalSection(SolutionConfigurationPlatforms) = preSolution
		Debug|x64 = Debug|x64
		Debug|x86 = Debug|x86
		Release|x64 = Release|x64
		Release|x86 = Release|x86
	EndGlobalSection
	GlobalSection(ProjectConfigurationPlatforms) = postSolution
		{BC8DB3B3-08FB-43FA-9365-6F03633FD51B}.Debug|x64.ActiveCfg = Debug|x64
		{BC8DB3B3-08FB-43FA-9365-6F03633FD51B}.Debug|x64.Build.0 = Debug|x64
		{BC8DB3B3-08FB-43FA-9365-6F03633FD51B}.Debug|x86.ActiveCfg = Debug|Win32
		{BC8DB3B3-08FB-43FA-9365-6F03633FD51B}.Debug|x86.Build.0 = Debug|Win32
		{BC8DB3B3-08FB-43FA-9365-6F03633FD51B}.Release|x64.ActiveCfg = Release|x64
		{BC8DB3B3-08FB-43FA-9365-6F03633FD51B}.Release|x64.Build.0 = Release|x64
		{BC8DB3B3-08FB-43FA-9365-6F03633FD51B}.Release|x86.ActiveCfg = Release|Win32
		{BC8DB3B3-08FB-43FA-9365-6F03633FD51B}.Release|x86.Build.0 = Release|Win32
		{0A0B2625-CCDB-448A-9452-D8A924307BAB}.Debug|x64.ActiveCfg = Debug|x64
		{0A0B2625-CCDB-448A-9452-D8A924307BAB}.Debug|x64.Build.0 = Debug|x64
		{0A0B2625-CCDB-448A-9452-D8A924307BAB}.Debug|x86.ActiveCfg = Debug|Win32
		{0A0B2625-CCDB-448A-9452-D8A924307BAB}.Debug|x86.Build.0 = Debug|Win32
		{0A0B2625-CCDB-448A-9452-D8A924307BAB}.Release|x64.ActiveCfg = Release|x64
		{0A0B2625-CCDB-448A-9452-D8A924307BAB}.Release|x64.Build.0 = Release|x64
		{0A0B2625-CCDB-448A-9452-D8A924307BAB}.Release|x86.ActiveCfg = Release|Win32
		{0A0B2625-CCDB-448A-9452-D8A924307BAB}.Release|x86.Build.0 = Release|Win32
		{2DDB6192-DD60-4617-AF0F-10C1293334E8}.Debug|x64.ActiveCfg = Debug|x64
		{2DDB6192-DD60-4617-AF0F-10C1293334E8}.Debug|x64.Build.0 = Debug|x64
		{2DDB6192-DD60-4617-AF0F-10C1293334E8}.Debug|x86.ActiveCfg = Debug|Win32
		{2DDB6192-DD60-4617-AF0F-10C1293334E8}.Debug|x86.Build.0 = Debug|Win32
		{2DDB6192-DD60-4617-AF0F-10C1293334E8}.Release|x64.ActiveCfg = Release|x64
		{2DDB6192-DD60-4617-AF0F-10C1293334E8}.Release|x64.Build.0 = Release|x64
		{2DDB6192-DD60-4617-AF0F-10C1293334E8}.Release|x86.ActiveCfg = Release|Win32
		{2DDB6192-DD60-4617-AF0F-10C1293334E8}.Release|x86.Build.0 = Release|Win32
		{DB4FED0B-F515-46AE-A546-691C105F23B5}.Debug|x64.ActiveCfg = Debug|x64
		{DB4FED0B-F515-46AE-A546-691C105F23B5}.Debug|x64.Build.0 = Debug|x64
		{DB4FED0B-F515-46AE-A546-691C105F23B5}.Debug|x86.ActiveCfg = Debug|Win32
		{DB4FED0B-F515-46AE-A546-691C105F23B5}.Debug|x86.Build.0 = Debug|Win32
		{DB4FED0B-F515-46AE-A546-691C105F23B5}.Release|x64.ActiveCfg = Release|x64
		{DB4FED0B-F515-46AE-A546-691C105F23B5}.Release|x64.Build.0 = Release|x64
		{DB4FED0B-F515-46AE-A546-691C105F23B5}.Release|x86.ActiveCfg = Release|Win32
		{DB4FED0B-F515-46AE-A546-691C105F23B5}.Release|x86.Build.0 = Release|Win32
		{D0E160B2-8603-4ADF-B008-BAEB3FD25906}.Debug|x64.ActiveCfg = Debug|x64
		{D0E160B2-8603-4ADF-B008-BAEB3FD25906}.Debug|x64.Build.0 = Debug|x64
		{D0E160B2-8603-4ADF-B008-BAEB3FD25906}.Debug|x86.ActiveCfg = Debug|Win32
		{D0E160B2-8603-4ADF-B008-BAEB3FD25906}.Debug|x86.Build.0 = Debug|Win32
		{D0E160B2-8603-4ADF-B008-BAEB3FD25906}.Release|x64.ActiveCfg = Release|x64
		{D0E160B2-8603-4ADF-B008-BAEB3FD25906}.Release|x64.Build.0 = Release|x64
		{D0E160B2-8603-4ADF-B008-BAEB3FD25906}.Release|x86.ActiveCfg = Release|Win32
		{D0E160B2-8603-4ADF-B008-BAEB3FD25906}.Release|x86.Build.0 = Release|Win32
		{DD751C48-0C85-4D24-9AEB-DFAC26AED615}.Debug|x64.ActiveCfg = Debug|x64
		{DD751C48-0C85-4D24-9AEB-DFAC26AED615}.Debug|x64.Build.0 = Debug|x64
		{DD751C48-0C85-4D24-9AEB-DFAC26AED615}.Debug|x86.ActiveCfg = Debug|Win32
		{DD751C48-0C85-4D24-9AEB-DFAC26AED615}.Debug|x86.Build.0 = Debug|Win32
		{DD751C48-0C85-4D24-9AEB-DFAC26AED615}.Release|x64.ActiveCfg = Release|x64
		{DD751C48-0C85-4D24-9AEB-DFAC26AED615}.Release|x64.Build.0 = Release|x64
		{DD751C48-0C85-4D24-9AEB-DFAC26AED615}.Release|x86.ActiveCfg = Release|Win32
		{DD751C48-0C85-4D24-9AEB-DFAC26AED615}.Release|x86.Build.0 = Release|Win32
		{311103F4-BB4F-4AD3-BA33-7927D012223A}.Debug|x64.ActiveCfg = Debug|x64
		{311103F4-BB4F-4AD3-BA33-7927D012223A}.Debug|x64.Build.0 = Debug|x64
		{311103F4-BB4F-4AD3-BA33-7927D012223A}.Debug|x86.ActiveCfg = Debug|Win32
		{311103F4-BB4F-4AD3-BA33-7927D012223A}.Debug|x86.Build.0 = Debug|Win32
		{311103F4-BB4F-4AD3-BA33-7927D012223A}.Release|x64.ActiveCfg = Release|x64
		{311103F4-BB4F-4AD3-BA33-7927D012223A}.Release|x64.Build.0 = Release|x64
		{311103F4-BB4F-4AD3-BA33-7927D012223A}.Release|x86.ActiveCfg = Release|Win32
		{311103F4-BB4F-4AD3-BA33-7927D012223A}.Release|x86.Build.0 = Release|Win32
		{AB563F3E-BADD-4EB3-8B96-39D8267368C4}.Debug|x64.ActiveCfg = Debug|x64
		{AB563F3E-BADD-4EB3-8B96-39D8267368C4}.Debug|x64.Build.0 = Debug|x64
		{AB563F3E-BADD-4EB3-8B96-39D8267368C4}.Debug|x86.ActiveCfg = Debug|Win32
		{AB563F3E-BADD-4EB3-8B96-39D8267368C4}.Debug|x86.Build.0 = Debug|Win32
		{AB563F3E-BADD-4EB3-8B96-39D8267368C4}.Release|x64.ActiveCfg = Release|x64
		{AB563F3E-BADD-4EB3-8B96-39D8267368C4}.Release|x64.Build.0 = Release|x64
		{AB563F3E-BADD-4EB3-8B96-39D8267368C4}.Release|x86.ActiveCfg = Release|Win32
		{AB563F3E-BADD-4EB3-8B96-39D8267368C4}.Release|x86.Build.0 = Release|Win32
		{B07FD57E-1F46-47B2-A53E-CDD60D162AE7}.Debug|x64.ActiveCfg = Debug|x64
		{B07FD57E-1F46-47B2-A53E-CDD60D162AE7}.Debug|x64.Build.0 = Debug|x64
		{B07FD57E-1F46-47B2-A53E-CDD60D162AE7}.Debug|x86.ActiveCfg = Debug|Win32
		{B07FD57E-1F46-47B2-A53E-CDD60D162AE7}.Debug|x86.Build.0 = Debug|Win32
		{B07FD57E-1F46-47B2-A53E-CDD60D162AE7}.Release|x64.ActiveCfg = Release|x64
		{B07FD57E-1F46-47B2-A53E-CDD60D162AE7}.Release|x64.Build.0 = Release|x64
		{B07FD57E-1F46-47B2-A53E-CDD60D162AE7}.Release|x86.ActiveCfg = Release|Win32
		{B07FD57E-1F46-47B2-A53E-CDD60D162AE7}.Release|x86.Build.0 = Release|Win32
		{BDBD3852-7EB3-4596-B6A2-0F0FC2049D99}.Debug|x64.ActiveCfg = Debug|x64
		{BDBD3852-7EB3-4596-B6A2-0F0FC2049D99}.Debug|x64.Build.0 = Debug|x64
		{BDBD3852-7EB3-4596-B6A2-0F0FC2049D99}.Debug|x86.ActiveCfg = Debug|Win32
		{BDBD3852-7EB3-4596-B6A2-0F0FC2049D99}.Debug|x86.Build.0 = Debug|Win32
		{BDBD3852-7EB3-4596-B6A2-0F0FC2049D99}.Release|x64.ActiveCfg = Release|x64
		{BDBD3852-7EB3-4596-B6A2-0F0FC2049D99}.Release|x64.Build.0 = Release|x64
		{BDBD3852-7EB3-4596-B6A2-0F0FC2049D99}.Release|x86.ActiveCfg = Release|Win32
		{BDBD3852-7EB3-4596-B6A2-0F0FC2049D99}.Release|x86.Build.0 = Release|Win32
		{1210A9CC-B893-455F-A801-6F4A3F59F266}.Debug|x64.ActiveCfg = Debug|x64
		{1210A9CC-B893-455F-A801-6F4A3F59F266}.Debug|x64.Build.0 = Debug|x64
		{1210A9CC-B893-455F-A801-6F4A3F59F266}.Debug|x86.ActiveCfg = Debug|Win32
		{1210A9CC-B893-455F-A801-6F4A3F59F266}.Debug|x86.Build.0 = Debug|Win32
		{1210A9CC-B893-455F-A801-6F4A3F59F266}.Release|x64.ActiveCfg = Release|x64
		{1210A9CC-B893-455F-A801-6F4A3F59F266}.Release|x64.Build.0 = Release|x64
		{1210A9CC-B893-455F-A801-6F4A3F59F266}.Release|x86.ActiveCfg = Release|Win32
		{1210A9CC-B893-455F-A801-6F4A3F59F266}.Release|x86.Build.0 = Release|Win32
		{F7A70E22-6C22-4E1D-8CF4-3C0831280DDB}.Debug|x64.ActiveCfg = Debug|x64
		{F7A70E22-6C22-4E1D-8CF4-3C0831280DDB}.Debug|x64.Build.0 = Debug|x64
		{F7A70E22-6C22-4E1D-8CF4-3C0831280DDB}.Debug|x86.ActiveCfg = Debug|Win32
		{F7A70E22-6C22-4E1D-8CF4-3C0831280DDB}.Debug|x86.Build.0 = Debug|Win32
		{F7A70E22-6C22-4E1D-8CF4-3C0831280DDB}.Release|x64.ActiveCfg = Release|x64
		{F7A70E22-6C22-4E1D-8CF4-3C0831280DDB}.Release|x64.Build.0 = Release|x64
		{F7A70E22-6C22-4E1D-8CF4-3C0831280DDB}.Release|x86.ActiveCfg = Release|Win32
		{F7A70E22-6C22-4E1D-8CF4-3C0831280DDB}.Release|x86.Build.0 = Release|Win32
		{F644FB96-4456-4013-A303-20DB475C0498}.Debug|x64.ActiveCfg = Debug|x64
		{F644FB96-4456-4013-A303-20DB475C0498}.Debug|x64.Build.0 = Debug|x64
		{F644FB96-4456-4013-A303-20DB475C0498}.Debug|x86.ActiveCfg = Debug|Win32
		{F644FB96-4456-4013-A303-20DB475C0498}.Debug|x86.Build.0 = Debug|Win32
		{F644FB96-4456-4013-A303-20DB475C0498}.Release|x64.ActiveCfg = Release|x64
		{F644FB96-4456-4013-A303-20DB475C0498}.Release|x64.Build.0 = Release|x64
		{F644FB96-4456-4013-A303-20DB475C0498}.Release|x86.ActiveCfg = Release|Win32
		{F644FB96-4456-4013-A303-20DB475C0498}.Release|x86.Build.0 = Release|Win32
		{C18F5F5E-FC15-43DB-B9A7-871F2BE3A602}.Debug|x64.ActiveCfg = Debug|x64
		{C18F5F5E-FC15-43DB-B9A7-871F2BE3A602}.Debug|x64.Build.0 = Debug|x64
		{C18F5F5E-FC15-43DB-B9A7-871F2BE3A602}.Debug|x86.ActiveCfg = Debug|Win32
		{C18F5F5E-FC15-43DB-B9A7-871F2BE3A602}.Debug|x86.Build.0 = Debug|Win32
		{C18F5F5E-FC15-43DB-B9A7-871F2BE3A602}.Release|x64.ActiveCfg = Release|x64
		{C18F5F5E-FC15-43DB-B9A7-871F2BE3A602}.Release|x64.Build.0 = Release|x64
		{C18F5F5E-FC15-43DB-B9A7-871F2BE3A602}.Release|x86.ActiveCfg = Release|Win32
		{C18F5F5E-FC15-43DB-B9A7-871F2BE3A602}.Release|x86.Build.0 = Release|Win32
		{DE25106D-9DC6-46FC-8A5E-4695F2E7EFA3}.Debug|x64.ActiveCfg = Debug|x64
		{DE25106D-9DC6-46FC-8A5E-4695F2E7EFA3}.Debug|x64.Build.0 = Debug|x64
		{DE25106D-9DC6-46FC-8A5E-4695F2E7EFA3}.Debug|x86.ActiveCfg = Debug|Win32
		{DE25106D-9DC6-46FC-8A5E-4695F2E7EFA3}.Debug|x86.Build.0 = Debug|Win32
		{DE25106D-9DC6-46FC-8A5E-4695F2E7EFA3}.Release|x64.ActiveCfg = Release|x64
		{DE25106D-9DC6-46FC-8A5E-4695F2E7EFA3}.Release|x64.Build.0 = Release|x64
		{DE25106D-9DC6-46FC-8A5E-4695F2E7EFA3}.Release|x86.ActiveCfg = Release|Win32
		{DE25106D-9DC6-46FC-8A5E-4695F2E7EFA3}.Release|x86.Build.0 = Release|Win32
		{3CD44BA8-4FA5-4895-B477-31F3569F63C2}.Debug|x64.ActiveCfg = Debug|x64
		{3CD44BA8-4FA5-4895-B477-31F3569F63C2}.Debug|x64.Build.0 = Debug|x64
		{3CD44BA8-4FA5-4895-B477-31F3569F63C2}.Debug|x86.ActiveCfg = Debug|Win32
		{3CD44BA8-4FA5-4895-B477-31F3569F63C2}.Debug|x86.Build.0 = Debug|Win32
		{3CD44BA8-4FA5-4895-B477-31F3569F63C2}.Release|x64.ActiveCfg = Release|x64
		{3CD44BA8-4FA5-4895-B477-31F3569F63C2}.Release|x64.Build.0 = Release|x64
		{3CD44BA8-4FA5-4895-B477-31F3569F63C2}.Release|x86.ActiveCfg = Release|Win32
		{3CD44BA8-4FA5-4895-B477-31F3569F63C2}.Release|x86.Build.0 = Release|Win32
		{F051C2A2-CF95-41EB-9E99-2CC7ABC90097}.Debug|x64.ActiveCfg = Debug|x64
		{F051C2A2-CF95-41EB-9E99-2CC7ABC90097}.Debug|x64.Build.0 = Debug|x64
		{F051C2A2-CF95-41EB-9E99-2CC7ABC90097}.Debug|x86.ActiveCfg = Debug|Win32
		{F051C2A2-CF95-41EB-9E99-2CC7ABC90097}.Debug|x86.Build.0 = Debug|Win32
		{F051C2A2-CF95-41EB-9E99-2CC7ABC90097}.Release|x64.ActiveCfg = Release|x64
		{F051C2A2-CF95-41EB-9E99-2CC7ABC90097}.Release|x64.Build.0 = Release|x64
		{F051C2A2-CF95-41EB-9E99-2CC7ABC90097}.Release|x86.ActiveCfg = Release|Win32
		{F051C2A2-CF95-41EB-9E99-2CC7ABC90097}.Release|x86.Build.0 = Release|Win32
		{873EBC0E-47C4-41EB-B388-9B44875962D6}.Debug|x64.ActiveCfg = Debug|x64
		{873EBC0E-47C4-41EB-B388-9B44875962D6}.Debug|x64.Build.0 = Debug|x64
		{873EBC0E-47C4-41EB-B388-9B44875962D6}.Debug|x86.ActiveCfg = Debug|Win32
		{873EBC0E-47C4-41EB-B388-9B44875962D6}.Debug|x86.Build.0 = Debug|Win32
		{873EBC0E-47C4-41EB-B388-9B44875962D6}.Release|x64.ActiveCfg = Release|x64
		{873EBC0E-47C4-41EB-B388-9B44875962D6}.Release|x64.Build.0 = Release|x64
		{873EBC0E-47C4-41EB-B388-9B44875962D6}.Release|x86.ActiveCfg = Release|Win32
		{873EBC0E-47C4-41EB-B388-9B44875962D6}.Release|x86.Build.0 = Release|Win32
		{2BB0AA0E-6908-474A-B724-6B631DD46954}.Debug|x64.ActiveCfg = Debug|x64
		{2BB0AA0E-6908-474A-B724-6B631DD46954}.Debug|x64.Build.0 = Debug|x64
		{2BB0AA0E-6908-474A-B724-6B631DD46954}.Debug|x86.ActiveCfg = Debug|Win32
		{2BB0AA0E-6908-474A-B724-6B631DD46954}.Debug|x86.Build.0 = Debug|Win32
		{2BB0AA0E-6908-474A-B724-6B631DD46954}.Release|x64.ActiveCfg = Release|x64
		{2BB0AA0E-6908-474A-B724-6B631DD46954}.Release|x64.Build.0 = Release|x64
		{2BB0AA0E-6908-474A-B724-6B631DD46954}.Release|x86.ActiveCfg = Release|Win32
		{2BB0AA0E-6908-474A-B724-6B631DD46954}.Release|x86.Build.0 = Release|Win32
	EndGlobalSection
	GlobalSection(SolutionProperties) = preSolution
		HideSolutionNode = FALSE
	EndGlobalSection
	GlobalSection(ExtensibilityGlobals) = postSolution
		SolutionGuid = {38A895DB-CAFB-4E17-917B-8114F17A3AEB}
	EndGlobalSection
EndGlobal
