
Microsoft Visual Studio Solution File, Format Version 12.00
# Visual Studio Version 17
VisualStudioVersion = 17.8.34408.163
MinimumVisualStudioVersion = 10.0.40219.1
Project("{8BC9CEB8-8B4A-11D0-8D11-00A0C91BC942}") = "15_01", "15_01\15_01.vcxproj", "{D42BD468-1188-4B0A-8971-78C6CFAAF216}"
EndProject
Project("{8BC9CEB8-8B4A-11D0-8D11-00A0C91BC942}") = "15_02", "15_02\15_02.vcxproj", "{56E8A584-1362-4995-9E57-510D27434181}"
EndProject
Project("{8BC9CEB8-8B4A-11D0-8D11-00A0C91BC942}") = "15_03", "15_03\15_03.vcxproj", "{2B319BF4-467C-43A0-ABF5-4A43172127CF}"
EndProject
Project("{8BC9CEB8-8B4A-11D0-8D11-00A0C91BC942}") = "15_04", "15_04\15_04.vcxproj", "{16D74082-17F4-4104-BBA3-7D53D774A676}"
EndProject
Project("{8BC9CEB8-8B4A-11D0-8D11-00A0C91BC942}") = "15_05", "15_05\15_05.vcxproj", "{35001233-01BD-4F3D-A668-C6114F4A13A1}"
EndProject
Project("{8BC9CEB8-8B4A-11D0-8D11-00A0C91BC942}") = "15_06", "15_06\15_06.vcxproj", "{CFF7FB2C-2E04-4C8B-BD71-D889046177B0}"
EndProject
Project("{8BC9CEB8-8B4A-11D0-8D11-00A0C91BC942}") = "15_07", "15_07\15_07.vcxproj", "{D86C23A0-235B-4D60-AC79-2DEDF782FC86}"
EndProject
Project("{8BC9CEB8-8B4A-11D0-8D11-00A0C91BC942}") = "15_08", "15_08\15_08.vcxproj", "{52191D5C-3703-483F-B09C-7DBBAAFA4EE5}"
EndProject
Project("{8BC9CEB8-8B4A-11D0-8D11-00A0C91BC942}") = "15_09", "15_09\15_09.vcxproj", "{AEDA213A-F2E8-42D7-9878-25BA4CE303B4}"
EndProject
Project("{8BC9CEB8-8B4A-11D0-8D11-00A0C91BC942}") = "15_10", "15_10\15_10.vcxproj", "{F8FA72EB-6432-4A7B-AC8F-6E7409FABC37}"
EndProject
Project("{8BC9CEB8-8B4A-11D0-8D11-00A0C91BC942}") = "15_11", "15_11\15_11.vcxproj", "{BC045111-A43C-4A8A-91D6-0648C5DBB566}"
EndProject
Project("{8BC9CEB8-8B4A-11D0-8D11-00A0C91BC942}") = "15_12", "15_12\15_12.vcxproj", "{270B35AC-95C8-4087-9ADB-BEADB51D4FC9}"
EndProject
Global
	GlobalSection(SolutionConfigurationPlatforms) = preSolution
		Debug|x64 = Debug|x64
		Debug|x86 = Debug|x86
		Release|x64 = Release|x64
		Release|x86 = Release|x86
	EndGlobalSection
	GlobalSection(ProjectConfigurationPlatforms) = postSolution
		{D42BD468-1188-4B0A-8971-78C6CFAAF216}.Debug|x64.ActiveCfg = Debug|x64
		{D42BD468-1188-4B0A-8971-78C6CFAAF216}.Debug|x64.Build.0 = Debug|x64
		{D42BD468-1188-4B0A-8971-78C6CFAAF216}.Debug|x86.ActiveCfg = Debug|Win32
		{D42BD468-1188-4B0A-8971-78C6CFAAF216}.Debug|x86.Build.0 = Debug|Win32
		{D42BD468-1188-4B0A-8971-78C6CFAAF216}.Release|x64.ActiveCfg = Release|x64
		{D42BD468-1188-4B0A-8971-78C6CFAAF216}.Release|x64.Build.0 = Release|x64
		{D42BD468-1188-4B0A-8971-78C6CFAAF216}.Release|x86.ActiveCfg = Release|Win32
		{D42BD468-1188-4B0A-8971-78C6CFAAF216}.Release|x86.Build.0 = Release|Win32
		{56E8A584-1362-4995-9E57-510D27434181}.Debug|x64.ActiveCfg = Debug|x64
		{56E8A584-1362-4995-9E57-510D27434181}.Debug|x64.Build.0 = Debug|x64
		{56E8A584-1362-4995-9E57-510D27434181}.Debug|x86.ActiveCfg = Debug|Win32
		{56E8A584-1362-4995-9E57-510D27434181}.Debug|x86.Build.0 = Debug|Win32
		{56E8A584-1362-4995-9E57-510D27434181}.Release|x64.ActiveCfg = Release|x64
		{56E8A584-1362-4995-9E57-510D27434181}.Release|x64.Build.0 = Release|x64
		{56E8A584-1362-4995-9E57-510D27434181}.Release|x86.ActiveCfg = Release|Win32
		{56E8A584-1362-4995-9E57-510D27434181}.Release|x86.Build.0 = Release|Win32
		{2B319BF4-467C-43A0-ABF5-4A43172127CF}.Debug|x64.ActiveCfg = Debug|x64
		{2B319BF4-467C-43A0-ABF5-4A43172127CF}.Debug|x64.Build.0 = Debug|x64
		{2B319BF4-467C-43A0-ABF5-4A43172127CF}.Debug|x86.ActiveCfg = Debug|Win32
		{2B319BF4-467C-43A0-ABF5-4A43172127CF}.Debug|x86.Build.0 = Debug|Win32
		{2B319BF4-467C-43A0-ABF5-4A43172127CF}.Release|x64.ActiveCfg = Release|x64
		{2B319BF4-467C-43A0-ABF5-4A43172127CF}.Release|x64.Build.0 = Release|x64
		{2B319BF4-467C-43A0-ABF5-4A43172127CF}.Release|x86.ActiveCfg = Release|Win32
		{2B319BF4-467C-43A0-ABF5-4A43172127CF}.Release|x86.Build.0 = Release|Win32
		{16D74082-17F4-4104-BBA3-7D53D774A676}.Debug|x64.ActiveCfg = Debug|x64
		{16D74082-17F4-4104-BBA3-7D53D774A676}.Debug|x64.Build.0 = Debug|x64
		{16D74082-17F4-4104-BBA3-7D53D774A676}.Debug|x86.ActiveCfg = Debug|Win32
		{16D74082-17F4-4104-BBA3-7D53D774A676}.Debug|x86.Build.0 = Debug|Win32
		{16D74082-17F4-4104-BBA3-7D53D774A676}.Release|x64.ActiveCfg = Release|x64
		{16D74082-17F4-4104-BBA3-7D53D774A676}.Release|x64.Build.0 = Release|x64
		{16D74082-17F4-4104-BBA3-7D53D774A676}.Release|x86.ActiveCfg = Release|Win32
		{16D74082-17F4-4104-BBA3-7D53D774A676}.Release|x86.Build.0 = Release|Win32
		{35001233-01BD-4F3D-A668-C6114F4A13A1}.Debug|x64.ActiveCfg = Debug|x64
		{35001233-01BD-4F3D-A668-C6114F4A13A1}.Debug|x64.Build.0 = Debug|x64
		{35001233-01BD-4F3D-A668-C6114F4A13A1}.Debug|x86.ActiveCfg = Debug|Win32
		{35001233-01BD-4F3D-A668-C6114F4A13A1}.Debug|x86.Build.0 = Debug|Win32
		{35001233-01BD-4F3D-A668-C6114F4A13A1}.Release|x64.ActiveCfg = Release|x64
		{35001233-01BD-4F3D-A668-C6114F4A13A1}.Release|x64.Build.0 = Release|x64
		{35001233-01BD-4F3D-A668-C6114F4A13A1}.Release|x86.ActiveCfg = Release|Win32
		{35001233-01BD-4F3D-A668-C6114F4A13A1}.Release|x86.Build.0 = Release|Win32
		{CFF7FB2C-2E04-4C8B-BD71-D889046177B0}.Debug|x64.ActiveCfg = Debug|x64
		{CFF7FB2C-2E04-4C8B-BD71-D889046177B0}.Debug|x64.Build.0 = Debug|x64
		{CFF7FB2C-2E04-4C8B-BD71-D889046177B0}.Debug|x86.ActiveCfg = Debug|Win32
		{CFF7FB2C-2E04-4C8B-BD71-D889046177B0}.Debug|x86.Build.0 = Debug|Win32
		{CFF7FB2C-2E04-4C8B-BD71-D889046177B0}.Release|x64.ActiveCfg = Release|x64
		{CFF7FB2C-2E04-4C8B-BD71-D889046177B0}.Release|x64.Build.0 = Release|x64
		{CFF7FB2C-2E04-4C8B-BD71-D889046177B0}.Release|x86.ActiveCfg = Release|Win32
		{CFF7FB2C-2E04-4C8B-BD71-D889046177B0}.Release|x86.Build.0 = Release|Win32
		{D86C23A0-235B-4D60-AC79-2DEDF782FC86}.Debug|x64.ActiveCfg = Debug|x64
		{D86C23A0-235B-4D60-AC79-2DEDF782FC86}.Debug|x64.Build.0 = Debug|x64
		{D86C23A0-235B-4D60-AC79-2DEDF782FC86}.Debug|x86.ActiveCfg = Debug|Win32
		{D86C23A0-235B-4D60-AC79-2DEDF782FC86}.Debug|x86.Build.0 = Debug|Win32
		{D86C23A0-235B-4D60-AC79-2DEDF782FC86}.Release|x64.ActiveCfg = Release|x64
		{D86C23A0-235B-4D60-AC79-2DEDF782FC86}.Release|x64.Build.0 = Release|x64
		{D86C23A0-235B-4D60-AC79-2DEDF782FC86}.Release|x86.ActiveCfg = Release|Win32
		{D86C23A0-235B-4D60-AC79-2DEDF782FC86}.Release|x86.Build.0 = Release|Win32
		{52191D5C-3703-483F-B09C-7DBBAAFA4EE5}.Debug|x64.ActiveCfg = Debug|x64
		{52191D5C-3703-483F-B09C-7DBBAAFA4EE5}.Debug|x64.Build.0 = Debug|x64
		{52191D5C-3703-483F-B09C-7DBBAAFA4EE5}.Debug|x86.ActiveCfg = Debug|Win32
		{52191D5C-3703-483F-B09C-7DBBAAFA4EE5}.Debug|x86.Build.0 = Debug|Win32
		{52191D5C-3703-483F-B09C-7DBBAAFA4EE5}.Release|x64.ActiveCfg = Release|x64
		{52191D5C-3703-483F-B09C-7DBBAAFA4EE5}.Release|x64.Build.0 = Release|x64
		{52191D5C-3703-483F-B09C-7DBBAAFA4EE5}.Release|x86.ActiveCfg = Release|Win32
		{52191D5C-3703-483F-B09C-7DBBAAFA4EE5}.Release|x86.Build.0 = Release|Win32
		{AEDA213A-F2E8-42D7-9878-25BA4CE303B4}.Debug|x64.ActiveCfg = Debug|x64
		{AEDA213A-F2E8-42D7-9878-25BA4CE303B4}.Debug|x64.Build.0 = Debug|x64
		{AEDA213A-F2E8-42D7-9878-25BA4CE303B4}.Debug|x86.ActiveCfg = Debug|Win32
		{AEDA213A-F2E8-42D7-9878-25BA4CE303B4}.Debug|x86.Build.0 = Debug|Win32
		{AEDA213A-F2E8-42D7-9878-25BA4CE303B4}.Release|x64.ActiveCfg = Release|x64
		{AEDA213A-F2E8-42D7-9878-25BA4CE303B4}.Release|x64.Build.0 = Release|x64
		{AEDA213A-F2E8-42D7-9878-25BA4CE303B4}.Release|x86.ActiveCfg = Release|Win32
		{AEDA213A-F2E8-42D7-9878-25BA4CE303B4}.Release|x86.Build.0 = Release|Win32
		{F8FA72EB-6432-4A7B-AC8F-6E7409FABC37}.Debug|x64.ActiveCfg = Debug|x64
		{F8FA72EB-6432-4A7B-AC8F-6E7409FABC37}.Debug|x64.Build.0 = Debug|x64
		{F8FA72EB-6432-4A7B-AC8F-6E7409FABC37}.Debug|x86.ActiveCfg = Debug|Win32
		{F8FA72EB-6432-4A7B-AC8F-6E7409FABC37}.Debug|x86.Build.0 = Debug|Win32
		{F8FA72EB-6432-4A7B-AC8F-6E7409FABC37}.Release|x64.ActiveCfg = Release|x64
		{F8FA72EB-6432-4A7B-AC8F-6E7409FABC37}.Release|x64.Build.0 = Release|x64
		{F8FA72EB-6432-4A7B-AC8F-6E7409FABC37}.Release|x86.ActiveCfg = Release|Win32
		{F8FA72EB-6432-4A7B-AC8F-6E7409FABC37}.Release|x86.Build.0 = Release|Win32
		{BC045111-A43C-4A8A-91D6-0648C5DBB566}.Debug|x64.ActiveCfg = Debug|x64
		{BC045111-A43C-4A8A-91D6-0648C5DBB566}.Debug|x64.Build.0 = Debug|x64
		{BC045111-A43C-4A8A-91D6-0648C5DBB566}.Debug|x86.ActiveCfg = Debug|Win32
		{BC045111-A43C-4A8A-91D6-0648C5DBB566}.Debug|x86.Build.0 = Debug|Win32
		{BC045111-A43C-4A8A-91D6-0648C5DBB566}.Release|x64.ActiveCfg = Release|x64
		{BC045111-A43C-4A8A-91D6-0648C5DBB566}.Release|x64.Build.0 = Release|x64
		{BC045111-A43C-4A8A-91D6-0648C5DBB566}.Release|x86.ActiveCfg = Release|Win32
		{BC045111-A43C-4A8A-91D6-0648C5DBB566}.Release|x86.Build.0 = Release|Win32
		{270B35AC-95C8-4087-9ADB-BEADB51D4FC9}.Debug|x64.ActiveCfg = Debug|x64
		{270B35AC-95C8-4087-9ADB-BEADB51D4FC9}.Debug|x64.Build.0 = Debug|x64
		{270B35AC-95C8-4087-9ADB-BEADB51D4FC9}.Debug|x86.ActiveCfg = Debug|Win32
		{270B35AC-95C8-4087-9ADB-BEADB51D4FC9}.Debug|x86.Build.0 = Debug|Win32
		{270B35AC-95C8-4087-9ADB-BEADB51D4FC9}.Release|x64.ActiveCfg = Release|x64
		{270B35AC-95C8-4087-9ADB-BEADB51D4FC9}.Release|x64.Build.0 = Release|x64
		{270B35AC-95C8-4087-9ADB-BEADB51D4FC9}.Release|x86.ActiveCfg = Release|Win32
		{270B35AC-95C8-4087-9ADB-BEADB51D4FC9}.Release|x86.Build.0 = Release|Win32
	EndGlobalSection
	GlobalSection(SolutionProperties) = preSolution
		HideSolutionNode = FALSE
	EndGlobalSection
	GlobalSection(ExtensibilityGlobals) = postSolution
		SolutionGuid = {BDEFC589-08AC-47F9-A230-90644005B170}
	EndGlobalSection
EndGlobal
