
Microsoft Visual Studio Solution File, Format Version 12.00
# Visual Studio Version 17
VisualStudioVersion = 17.7.34202.233
MinimumVisualStudioVersion = 10.0.40219.1
Project("{8BC9CEB8-8B4A-11D0-8D11-00A0C91BC942}") = "06_01", "06_01\06_01.vcxproj", "{98FE6915-146E-41D2-846F-D751CFD8B835}"
EndProject
Project("{8BC9CEB8-8B4A-11D0-8D11-00A0C91BC942}") = "06_02", "06_02\06_02.vcxproj", "{815E6FCF-816F-43A9-91D4-F4BC1359722E}"
EndProject
Project("{8BC9CEB8-8B4A-11D0-8D11-00A0C91BC942}") = "06_03", "06_03\06_03.vcxproj", "{9C6B1083-9801-4486-BAB0-959EB3E1C804}"
EndProject
Project("{8BC9CEB8-8B4A-11D0-8D11-00A0C91BC942}") = "06_04", "06_04\06_04.vcxproj", "{A6E3DE77-A6BD-421B-B7FE-8067C96F8069}"
EndProject
Project("{8BC9CEB8-8B4A-11D0-8D11-00A0C91BC942}") = "06_05", "06_05\06_05.vcxproj", "{6BC55DBE-7477-40F7-936F-2D8419F1DBB4}"
EndProject
Project("{8BC9CEB8-8B4A-11D0-8D11-00A0C91BC942}") = "06_06", "06_06\06_06.vcxproj", "{18DE2ECB-C489-4053-9D3A-0F06EBC5170E}"
EndProject
Project("{8BC9CEB8-8B4A-11D0-8D11-00A0C91BC942}") = "06_07", "06_07\06_07.vcxproj", "{877A9666-70D5-43F7-9293-34EFCB4D4AE4}"
EndProject
Project("{8BC9CEB8-8B4A-11D0-8D11-00A0C91BC942}") = "06_08", "06_08\06_08.vcxproj", "{0098B062-3087-400F-97ED-CFD2AE5E013D}"
EndProject
Project("{8BC9CEB8-8B4A-11D0-8D11-00A0C91BC942}") = "06_09", "06_09\06_09.vcxproj", "{78E9E2F9-8C71-470F-BC03-CCA94A26CD22}"
EndProject
Project("{8BC9CEB8-8B4A-11D0-8D11-00A0C91BC942}") = "06_10", "06_10\06_10.vcxproj", "{02A782D6-AC7D-4211-99FC-312A158B5C9F}"
EndProject
Project("{8BC9CEB8-8B4A-11D0-8D11-00A0C91BC942}") = "06_11", "06_11\06_11.vcxproj", "{E4246128-A5EC-4F94-9140-9FF6F8DAA523}"
EndProject
Project("{8BC9CEB8-8B4A-11D0-8D11-00A0C91BC942}") = "06_12", "06_12\06_12.vcxproj", "{3291BDF7-8A1B-4EDA-BA91-7EC0987FF6D9}"
EndProject
Project("{8BC9CEB8-8B4A-11D0-8D11-00A0C91BC942}") = "06_13", "06_13\06_13.vcxproj", "{5B7536BD-CAF4-408A-A3A1-A4963D9353E1}"
EndProject
Project("{8BC9CEB8-8B4A-11D0-8D11-00A0C91BC942}") = "06_14", "06_14\06_14.vcxproj", "{A9C48F37-700C-402E-A73D-ACDD5DA8C57D}"
EndProject
Project("{8BC9CEB8-8B4A-11D0-8D11-00A0C91BC942}") = "06_15", "06_15\06_15.vcxproj", "{E99B1BFD-59D3-437A-931F-1A0158DBB155}"
EndProject
Project("{8BC9CEB8-8B4A-11D0-8D11-00A0C91BC942}") = "06_16", "06_16\06_16.vcxproj", "{57D33EFF-4841-45CF-975A-64E0DC8D30C0}"
EndProject
Project("{8BC9CEB8-8B4A-11D0-8D11-00A0C91BC942}") = "06_17", "06_17\06_17.vcxproj", "{E240D6D2-42A6-40C6-B88B-424A69101E19}"
EndProject
Project("{8BC9CEB8-8B4A-11D0-8D11-00A0C91BC942}") = "06_18", "06_18\06_18.vcxproj", "{6C91E126-7FB8-44EA-9FAA-811EF7737214}"
EndProject
Global
	GlobalSection(SolutionConfigurationPlatforms) = preSolution
		Debug|x64 = Debug|x64
		Debug|x86 = Debug|x86
		Release|x64 = Release|x64
		Release|x86 = Release|x86
	EndGlobalSection
	GlobalSection(ProjectConfigurationPlatforms) = postSolution
		{98FE6915-146E-41D2-846F-D751CFD8B835}.Debug|x64.ActiveCfg = Debug|x64
		{98FE6915-146E-41D2-846F-D751CFD8B835}.Debug|x64.Build.0 = Debug|x64
		{98FE6915-146E-41D2-846F-D751CFD8B835}.Debug|x86.ActiveCfg = Debug|Win32
		{98FE6915-146E-41D2-846F-D751CFD8B835}.Debug|x86.Build.0 = Debug|Win32
		{98FE6915-146E-41D2-846F-D751CFD8B835}.Release|x64.ActiveCfg = Release|x64
		{98FE6915-146E-41D2-846F-D751CFD8B835}.Release|x64.Build.0 = Release|x64
		{98FE6915-146E-41D2-846F-D751CFD8B835}.Release|x86.ActiveCfg = Release|Win32
		{98FE6915-146E-41D2-846F-D751CFD8B835}.Release|x86.Build.0 = Release|Win32
		{815E6FCF-816F-43A9-91D4-F4BC1359722E}.Debug|x64.ActiveCfg = Debug|x64
		{815E6FCF-816F-43A9-91D4-F4BC1359722E}.Debug|x64.Build.0 = Debug|x64
		{815E6FCF-816F-43A9-91D4-F4BC1359722E}.Debug|x86.ActiveCfg = Debug|Win32
		{815E6FCF-816F-43A9-91D4-F4BC1359722E}.Debug|x86.Build.0 = Debug|Win32
		{815E6FCF-816F-43A9-91D4-F4BC1359722E}.Release|x64.ActiveCfg = Release|x64
		{815E6FCF-816F-43A9-91D4-F4BC1359722E}.Release|x64.Build.0 = Release|x64
		{815E6FCF-816F-43A9-91D4-F4BC1359722E}.Release|x86.ActiveCfg = Release|Win32
		{815E6FCF-816F-43A9-91D4-F4BC1359722E}.Release|x86.Build.0 = Release|Win32
		{9C6B1083-9801-4486-BAB0-959EB3E1C804}.Debug|x64.ActiveCfg = Debug|x64
		{9C6B1083-9801-4486-BAB0-959EB3E1C804}.Debug|x64.Build.0 = Debug|x64
		{9C6B1083-9801-4486-BAB0-959EB3E1C804}.Debug|x86.ActiveCfg = Debug|Win32
		{9C6B1083-9801-4486-BAB0-959EB3E1C804}.Debug|x86.Build.0 = Debug|Win32
		{9C6B1083-9801-4486-BAB0-959EB3E1C804}.Release|x64.ActiveCfg = Release|x64
		{9C6B1083-9801-4486-BAB0-959EB3E1C804}.Release|x64.Build.0 = Release|x64
		{9C6B1083-9801-4486-BAB0-959EB3E1C804}.Release|x86.ActiveCfg = Release|Win32
		{9C6B1083-9801-4486-BAB0-959EB3E1C804}.Release|x86.Build.0 = Release|Win32
		{A6E3DE77-A6BD-421B-B7FE-8067C96F8069}.Debug|x64.ActiveCfg = Debug|x64
		{A6E3DE77-A6BD-421B-B7FE-8067C96F8069}.Debug|x64.Build.0 = Debug|x64
		{A6E3DE77-A6BD-421B-B7FE-8067C96F8069}.Debug|x86.ActiveCfg = Debug|Win32
		{A6E3DE77-A6BD-421B-B7FE-8067C96F8069}.Debug|x86.Build.0 = Debug|Win32
		{A6E3DE77-A6BD-421B-B7FE-8067C96F8069}.Release|x64.ActiveCfg = Release|x64
		{A6E3DE77-A6BD-421B-B7FE-8067C96F8069}.Release|x64.Build.0 = Release|x64
		{A6E3DE77-A6BD-421B-B7FE-8067C96F8069}.Release|x86.ActiveCfg = Release|Win32
		{A6E3DE77-A6BD-421B-B7FE-8067C96F8069}.Release|x86.Build.0 = Release|Win32
		{6BC55DBE-7477-40F7-936F-2D8419F1DBB4}.Debug|x64.ActiveCfg = Debug|x64
		{6BC55DBE-7477-40F7-936F-2D8419F1DBB4}.Debug|x64.Build.0 = Debug|x64
		{6BC55DBE-7477-40F7-936F-2D8419F1DBB4}.Debug|x86.ActiveCfg = Debug|Win32
		{6BC55DBE-7477-40F7-936F-2D8419F1DBB4}.Debug|x86.Build.0 = Debug|Win32
		{6BC55DBE-7477-40F7-936F-2D8419F1DBB4}.Release|x64.ActiveCfg = Release|x64
		{6BC55DBE-7477-40F7-936F-2D8419F1DBB4}.Release|x64.Build.0 = Release|x64
		{6BC55DBE-7477-40F7-936F-2D8419F1DBB4}.Release|x86.ActiveCfg = Release|Win32
		{6BC55DBE-7477-40F7-936F-2D8419F1DBB4}.Release|x86.Build.0 = Release|Win32
		{18DE2ECB-C489-4053-9D3A-0F06EBC5170E}.Debug|x64.ActiveCfg = Debug|x64
		{18DE2ECB-C489-4053-9D3A-0F06EBC5170E}.Debug|x64.Build.0 = Debug|x64
		{18DE2ECB-C489-4053-9D3A-0F06EBC5170E}.Debug|x86.ActiveCfg = Debug|Win32
		{18DE2ECB-C489-4053-9D3A-0F06EBC5170E}.Debug|x86.Build.0 = Debug|Win32
		{18DE2ECB-C489-4053-9D3A-0F06EBC5170E}.Release|x64.ActiveCfg = Release|x64
		{18DE2ECB-C489-4053-9D3A-0F06EBC5170E}.Release|x64.Build.0 = Release|x64
		{18DE2ECB-C489-4053-9D3A-0F06EBC5170E}.Release|x86.ActiveCfg = Release|Win32
		{18DE2ECB-C489-4053-9D3A-0F06EBC5170E}.Release|x86.Build.0 = Release|Win32
		{877A9666-70D5-43F7-9293-34EFCB4D4AE4}.Debug|x64.ActiveCfg = Debug|x64
		{877A9666-70D5-43F7-9293-34EFCB4D4AE4}.Debug|x64.Build.0 = Debug|x64
		{877A9666-70D5-43F7-9293-34EFCB4D4AE4}.Debug|x86.ActiveCfg = Debug|Win32
		{877A9666-70D5-43F7-9293-34EFCB4D4AE4}.Debug|x86.Build.0 = Debug|Win32
		{877A9666-70D5-43F7-9293-34EFCB4D4AE4}.Release|x64.ActiveCfg = Release|x64
		{877A9666-70D5-43F7-9293-34EFCB4D4AE4}.Release|x64.Build.0 = Release|x64
		{877A9666-70D5-43F7-9293-34EFCB4D4AE4}.Release|x86.ActiveCfg = Release|Win32
		{877A9666-70D5-43F7-9293-34EFCB4D4AE4}.Release|x86.Build.0 = Release|Win32
		{0098B062-3087-400F-97ED-CFD2AE5E013D}.Debug|x64.ActiveCfg = Debug|x64
		{0098B062-3087-400F-97ED-CFD2AE5E013D}.Debug|x64.Build.0 = Debug|x64
		{0098B062-3087-400F-97ED-CFD2AE5E013D}.Debug|x86.ActiveCfg = Debug|Win32
		{0098B062-3087-400F-97ED-CFD2AE5E013D}.Debug|x86.Build.0 = Debug|Win32
		{0098B062-3087-400F-97ED-CFD2AE5E013D}.Release|x64.ActiveCfg = Release|x64
		{0098B062-3087-400F-97ED-CFD2AE5E013D}.Release|x64.Build.0 = Release|x64
		{0098B062-3087-400F-97ED-CFD2AE5E013D}.Release|x86.ActiveCfg = Release|Win32
		{0098B062-3087-400F-97ED-CFD2AE5E013D}.Release|x86.Build.0 = Release|Win32
		{78E9E2F9-8C71-470F-BC03-CCA94A26CD22}.Debug|x64.ActiveCfg = Debug|x64
		{78E9E2F9-8C71-470F-BC03-CCA94A26CD22}.Debug|x64.Build.0 = Debug|x64
		{78E9E2F9-8C71-470F-BC03-CCA94A26CD22}.Debug|x86.ActiveCfg = Debug|Win32
		{78E9E2F9-8C71-470F-BC03-CCA94A26CD22}.Debug|x86.Build.0 = Debug|Win32
		{78E9E2F9-8C71-470F-BC03-CCA94A26CD22}.Release|x64.ActiveCfg = Release|x64
		{78E9E2F9-8C71-470F-BC03-CCA94A26CD22}.Release|x64.Build.0 = Release|x64
		{78E9E2F9-8C71-470F-BC03-CCA94A26CD22}.Release|x86.ActiveCfg = Release|Win32
		{78E9E2F9-8C71-470F-BC03-CCA94A26CD22}.Release|x86.Build.0 = Release|Win32
		{02A782D6-AC7D-4211-99FC-312A158B5C9F}.Debug|x64.ActiveCfg = Debug|x64
		{02A782D6-AC7D-4211-99FC-312A158B5C9F}.Debug|x64.Build.0 = Debug|x64
		{02A782D6-AC7D-4211-99FC-312A158B5C9F}.Debug|x86.ActiveCfg = Debug|Win32
		{02A782D6-AC7D-4211-99FC-312A158B5C9F}.Debug|x86.Build.0 = Debug|Win32
		{02A782D6-AC7D-4211-99FC-312A158B5C9F}.Release|x64.ActiveCfg = Release|x64
		{02A782D6-AC7D-4211-99FC-312A158B5C9F}.Release|x64.Build.0 = Release|x64
		{02A782D6-AC7D-4211-99FC-312A158B5C9F}.Release|x86.ActiveCfg = Release|Win32
		{02A782D6-AC7D-4211-99FC-312A158B5C9F}.Release|x86.Build.0 = Release|Win32
		{E4246128-A5EC-4F94-9140-9FF6F8DAA523}.Debug|x64.ActiveCfg = Debug|x64
		{E4246128-A5EC-4F94-9140-9FF6F8DAA523}.Debug|x64.Build.0 = Debug|x64
		{E4246128-A5EC-4F94-9140-9FF6F8DAA523}.Debug|x86.ActiveCfg = Debug|Win32
		{E4246128-A5EC-4F94-9140-9FF6F8DAA523}.Debug|x86.Build.0 = Debug|Win32
		{E4246128-A5EC-4F94-9140-9FF6F8DAA523}.Release|x64.ActiveCfg = Release|x64
		{E4246128-A5EC-4F94-9140-9FF6F8DAA523}.Release|x64.Build.0 = Release|x64
		{E4246128-A5EC-4F94-9140-9FF6F8DAA523}.Release|x86.ActiveCfg = Release|Win32
		{E4246128-A5EC-4F94-9140-9FF6F8DAA523}.Release|x86.Build.0 = Release|Win32
		{3291BDF7-8A1B-4EDA-BA91-7EC0987FF6D9}.Debug|x64.ActiveCfg = Debug|x64
		{3291BDF7-8A1B-4EDA-BA91-7EC0987FF6D9}.Debug|x64.Build.0 = Debug|x64
		{3291BDF7-8A1B-4EDA-BA91-7EC0987FF6D9}.Debug|x86.ActiveCfg = Debug|Win32
		{3291BDF7-8A1B-4EDA-BA91-7EC0987FF6D9}.Debug|x86.Build.0 = Debug|Win32
		{3291BDF7-8A1B-4EDA-BA91-7EC0987FF6D9}.Release|x64.ActiveCfg = Release|x64
		{3291BDF7-8A1B-4EDA-BA91-7EC0987FF6D9}.Release|x64.Build.0 = Release|x64
		{3291BDF7-8A1B-4EDA-BA91-7EC0987FF6D9}.Release|x86.ActiveCfg = Release|Win32
		{3291BDF7-8A1B-4EDA-BA91-7EC0987FF6D9}.Release|x86.Build.0 = Release|Win32
		{5B7536BD-CAF4-408A-A3A1-A4963D9353E1}.Debug|x64.ActiveCfg = Debug|x64
		{5B7536BD-CAF4-408A-A3A1-A4963D9353E1}.Debug|x64.Build.0 = Debug|x64
		{5B7536BD-CAF4-408A-A3A1-A4963D9353E1}.Debug|x86.ActiveCfg = Debug|Win32
		{5B7536BD-CAF4-408A-A3A1-A4963D9353E1}.Debug|x86.Build.0 = Debug|Win32
		{5B7536BD-CAF4-408A-A3A1-A4963D9353E1}.Release|x64.ActiveCfg = Release|x64
		{5B7536BD-CAF4-408A-A3A1-A4963D9353E1}.Release|x64.Build.0 = Release|x64
		{5B7536BD-CAF4-408A-A3A1-A4963D9353E1}.Release|x86.ActiveCfg = Release|Win32
		{5B7536BD-CAF4-408A-A3A1-A4963D9353E1}.Release|x86.Build.0 = Release|Win32
		{A9C48F37-700C-402E-A73D-ACDD5DA8C57D}.Debug|x64.ActiveCfg = Debug|x64
		{A9C48F37-700C-402E-A73D-ACDD5DA8C57D}.Debug|x64.Build.0 = Debug|x64
		{A9C48F37-700C-402E-A73D-ACDD5DA8C57D}.Debug|x86.ActiveCfg = Debug|Win32
		{A9C48F37-700C-402E-A73D-ACDD5DA8C57D}.Debug|x86.Build.0 = Debug|Win32
		{A9C48F37-700C-402E-A73D-ACDD5DA8C57D}.Release|x64.ActiveCfg = Release|x64
		{A9C48F37-700C-402E-A73D-ACDD5DA8C57D}.Release|x64.Build.0 = Release|x64
		{A9C48F37-700C-402E-A73D-ACDD5DA8C57D}.Release|x86.ActiveCfg = Release|Win32
		{A9C48F37-700C-402E-A73D-ACDD5DA8C57D}.Release|x86.Build.0 = Release|Win32
		{E99B1BFD-59D3-437A-931F-1A0158DBB155}.Debug|x64.ActiveCfg = Debug|x64
		{E99B1BFD-59D3-437A-931F-1A0158DBB155}.Debug|x64.Build.0 = Debug|x64
		{E99B1BFD-59D3-437A-931F-1A0158DBB155}.Debug|x86.ActiveCfg = Debug|Win32
		{E99B1BFD-59D3-437A-931F-1A0158DBB155}.Debug|x86.Build.0 = Debug|Win32
		{E99B1BFD-59D3-437A-931F-1A0158DBB155}.Release|x64.ActiveCfg = Release|x64
		{E99B1BFD-59D3-437A-931F-1A0158DBB155}.Release|x64.Build.0 = Release|x64
		{E99B1BFD-59D3-437A-931F-1A0158DBB155}.Release|x86.ActiveCfg = Release|Win32
		{E99B1BFD-59D3-437A-931F-1A0158DBB155}.Release|x86.Build.0 = Release|Win32
		{57D33EFF-4841-45CF-975A-64E0DC8D30C0}.Debug|x64.ActiveCfg = Debug|x64
		{57D33EFF-4841-45CF-975A-64E0DC8D30C0}.Debug|x64.Build.0 = Debug|x64
		{57D33EFF-4841-45CF-975A-64E0DC8D30C0}.Debug|x86.ActiveCfg = Debug|Win32
		{57D33EFF-4841-45CF-975A-64E0DC8D30C0}.Debug|x86.Build.0 = Debug|Win32
		{57D33EFF-4841-45CF-975A-64E0DC8D30C0}.Release|x64.ActiveCfg = Release|x64
		{57D33EFF-4841-45CF-975A-64E0DC8D30C0}.Release|x64.Build.0 = Release|x64
		{57D33EFF-4841-45CF-975A-64E0DC8D30C0}.Release|x86.ActiveCfg = Release|Win32
		{57D33EFF-4841-45CF-975A-64E0DC8D30C0}.Release|x86.Build.0 = Release|Win32
		{E240D6D2-42A6-40C6-B88B-424A69101E19}.Debug|x64.ActiveCfg = Debug|x64
		{E240D6D2-42A6-40C6-B88B-424A69101E19}.Debug|x64.Build.0 = Debug|x64
		{E240D6D2-42A6-40C6-B88B-424A69101E19}.Debug|x86.ActiveCfg = Debug|Win32
		{E240D6D2-42A6-40C6-B88B-424A69101E19}.Debug|x86.Build.0 = Debug|Win32
		{E240D6D2-42A6-40C6-B88B-424A69101E19}.Release|x64.ActiveCfg = Release|x64
		{E240D6D2-42A6-40C6-B88B-424A69101E19}.Release|x64.Build.0 = Release|x64
		{E240D6D2-42A6-40C6-B88B-424A69101E19}.Release|x86.ActiveCfg = Release|Win32
		{E240D6D2-42A6-40C6-B88B-424A69101E19}.Release|x86.Build.0 = Release|Win32
		{6C91E126-7FB8-44EA-9FAA-811EF7737214}.Debug|x64.ActiveCfg = Debug|x64
		{6C91E126-7FB8-44EA-9FAA-811EF7737214}.Debug|x64.Build.0 = Debug|x64
		{6C91E126-7FB8-44EA-9FAA-811EF7737214}.Debug|x86.ActiveCfg = Debug|Win32
		{6C91E126-7FB8-44EA-9FAA-811EF7737214}.Debug|x86.Build.0 = Debug|Win32
		{6C91E126-7FB8-44EA-9FAA-811EF7737214}.Release|x64.ActiveCfg = Release|x64
		{6C91E126-7FB8-44EA-9FAA-811EF7737214}.Release|x64.Build.0 = Release|x64
		{6C91E126-7FB8-44EA-9FAA-811EF7737214}.Release|x86.ActiveCfg = Release|Win32
		{6C91E126-7FB8-44EA-9FAA-811EF7737214}.Release|x86.Build.0 = Release|Win32
	EndGlobalSection
	GlobalSection(SolutionProperties) = preSolution
		HideSolutionNode = FALSE
	EndGlobalSection
	GlobalSection(ExtensibilityGlobals) = postSolution
		SolutionGuid = {A7799750-5867-45BB-83E9-655F773882C2}
	EndGlobalSection
EndGlobal
