
Microsoft Visual Studio Solution File, Format Version 12.00
# Visual Studio Version 17
VisualStudioVersion = 17.8.34408.163
MinimumVisualStudioVersion = 10.0.40219.1
Project("{8BC9CEB8-8B4A-11D0-8D11-00A0C91BC942}") = "14_01", "14_01\14_01.vcxproj", "{37478F99-141B-439B-9066-6B37F63954E2}"
EndProject
Project("{8BC9CEB8-8B4A-11D0-8D11-00A0C91BC942}") = "14_02", "14_02\14_02.vcxproj", "{0FD76B8B-75C5-4AD0-B865-13B7867621B7}"
EndProject
Project("{8BC9CEB8-8B4A-11D0-8D11-00A0C91BC942}") = "14_03", "14_03\14_03.vcxproj", "{963285B8-A646-4374-9ED5-E47031E7C857}"
EndProject
Project("{8BC9CEB8-8B4A-11D0-8D11-00A0C91BC942}") = "14_04", "14_04\14_04.vcxproj", "{6993CEB3-7A87-40C8-A1E6-00F5435B53DA}"
EndProject
Project("{8BC9CEB8-8B4A-11D0-8D11-00A0C91BC942}") = "14_05", "14_05\14_05.vcxproj", "{A62F49EB-BEBE-40F6-AA51-22535A136981}"
EndProject
Project("{8BC9CEB8-8B4A-11D0-8D11-00A0C91BC942}") = "14_06", "14_06\14_06.vcxproj", "{BEE9B5C9-354B-4C48-9DEC-C4AC4C4EB28D}"
EndProject
Project("{8BC9CEB8-8B4A-11D0-8D11-00A0C91BC942}") = "14_07", "14_07\14_07.vcxproj", "{033A43AA-64A0-4160-963A-B6F065E27612}"
EndProject
Project("{8BC9CEB8-8B4A-11D0-8D11-00A0C91BC942}") = "14_08", "14_08\14_08.vcxproj", "{230B6E36-8FDE-421E-9B43-94656D88DDF2}"
EndProject
Project("{8BC9CEB8-8B4A-11D0-8D11-00A0C91BC942}") = "14_09", "14_09\14_09.vcxproj", "{BB5D1057-F068-4B01-AB3B-F7A04BDC9824}"
EndProject
Project("{8BC9CEB8-8B4A-11D0-8D11-00A0C91BC942}") = "14_10", "14_10\14_10.vcxproj", "{293E315F-20E7-4528-AF93-0379BC39F690}"
EndProject
Project("{8BC9CEB8-8B4A-11D0-8D11-00A0C91BC942}") = "14_11", "14_11\14_11.vcxproj", "{64018242-1577-4CB3-BEE1-19D1F7B54808}"
EndProject
Project("{8BC9CEB8-8B4A-11D0-8D11-00A0C91BC942}") = "14_12", "14_12\14_12.vcxproj", "{C206713F-7B67-4D02-9D2F-4757BB936CF3}"
EndProject
Project("{8BC9CEB8-8B4A-11D0-8D11-00A0C91BC942}") = "14_13", "14_13\14_13.vcxproj", "{23FF6EA6-EA8C-4E5B-95A2-4AC774C08436}"
EndProject
Project("{8BC9CEB8-8B4A-11D0-8D11-00A0C91BC942}") = "14_14", "14_14\14_14.vcxproj", "{C4478DD1-2C27-4FC4-8438-5C2EE2FFBF54}"
EndProject
Project("{8BC9CEB8-8B4A-11D0-8D11-00A0C91BC942}") = "14_15", "14_15\14_15.vcxproj", "{179D3F8F-CCE6-4010-8FBF-839FFBF24F9B}"
EndProject
Project("{8BC9CEB8-8B4A-11D0-8D11-00A0C91BC942}") = "14_16", "14_16\14_16.vcxproj", "{FC86E732-6502-49A0-83FF-48CDF7E3A33D}"
EndProject
Project("{8BC9CEB8-8B4A-11D0-8D11-00A0C91BC942}") = "14_17", "14_17\14_17.vcxproj", "{436AB79D-7E2C-46E2-B543-7FA43125AA2F}"
EndProject
Project("{8BC9CEB8-8B4A-11D0-8D11-00A0C91BC942}") = "14_18", "14_18\14_18.vcxproj", "{5B19FE18-6EAD-49C5-9050-78B2B1D2C027}"
EndProject
Project("{8BC9CEB8-8B4A-11D0-8D11-00A0C91BC942}") = "14_19", "14_19\14_19.vcxproj", "{025729A4-BB0A-4547-875E-A6369B3491DB}"
EndProject
Project("{8BC9CEB8-8B4A-11D0-8D11-00A0C91BC942}") = "14_20", "14_20\14_20.vcxproj", "{A1D0BEE3-4867-4666-A48F-751FA9B78657}"
EndProject
Project("{8BC9CEB8-8B4A-11D0-8D11-00A0C91BC942}") = "14_21", "14_21\14_21.vcxproj", "{1B1B1F2A-5DB1-46DD-B32B-0ABE8333A099}"
EndProject
Project("{8BC9CEB8-8B4A-11D0-8D11-00A0C91BC942}") = "14_22", "14_22\14_22.vcxproj", "{8F0F73B4-8D3C-41DB-AE62-F8CC6C1EAF5D}"
EndProject
Project("{8BC9CEB8-8B4A-11D0-8D11-00A0C91BC942}") = "14_23", "14_23\14_23.vcxproj", "{78D454DC-9FE4-48CF-A860-858AFFC495D3}"
EndProject
Project("{8BC9CEB8-8B4A-11D0-8D11-00A0C91BC942}") = "14_24", "14_24\14_24.vcxproj", "{0EA6FC2F-CE33-4136-A68F-FD4078CC4125}"
EndProject
Project("{8BC9CEB8-8B4A-11D0-8D11-00A0C91BC942}") = "14_25", "14_25\14_25.vcxproj", "{E0CEF33B-47C5-4F4B-8CF1-2F4713F89E7D}"
EndProject
Project("{8BC9CEB8-8B4A-11D0-8D11-00A0C91BC942}") = "14_26", "14_26\14_26.vcxproj", "{16D0958B-0B58-4878-A970-583958AA7BDE}"
EndProject
Global
	GlobalSection(SolutionConfigurationPlatforms) = preSolution
		Debug|x64 = Debug|x64
		Debug|x86 = Debug|x86
		Release|x64 = Release|x64
		Release|x86 = Release|x86
	EndGlobalSection
	GlobalSection(ProjectConfigurationPlatforms) = postSolution
		{37478F99-141B-439B-9066-6B37F63954E2}.Debug|x64.ActiveCfg = Debug|x64
		{37478F99-141B-439B-9066-6B37F63954E2}.Debug|x64.Build.0 = Debug|x64
		{37478F99-141B-439B-9066-6B37F63954E2}.Debug|x86.ActiveCfg = Debug|Win32
		{37478F99-141B-439B-9066-6B37F63954E2}.Debug|x86.Build.0 = Debug|Win32
		{37478F99-141B-439B-9066-6B37F63954E2}.Release|x64.ActiveCfg = Release|x64
		{37478F99-141B-439B-9066-6B37F63954E2}.Release|x64.Build.0 = Release|x64
		{37478F99-141B-439B-9066-6B37F63954E2}.Release|x86.ActiveCfg = Release|Win32
		{37478F99-141B-439B-9066-6B37F63954E2}.Release|x86.Build.0 = Release|Win32
		{0FD76B8B-75C5-4AD0-B865-13B7867621B7}.Debug|x64.ActiveCfg = Debug|x64
		{0FD76B8B-75C5-4AD0-B865-13B7867621B7}.Debug|x64.Build.0 = Debug|x64
		{0FD76B8B-75C5-4AD0-B865-13B7867621B7}.Debug|x86.ActiveCfg = Debug|Win32
		{0FD76B8B-75C5-4AD0-B865-13B7867621B7}.Debug|x86.Build.0 = Debug|Win32
		{0FD76B8B-75C5-4AD0-B865-13B7867621B7}.Release|x64.ActiveCfg = Release|x64
		{0FD76B8B-75C5-4AD0-B865-13B7867621B7}.Release|x64.Build.0 = Release|x64
		{0FD76B8B-75C5-4AD0-B865-13B7867621B7}.Release|x86.ActiveCfg = Release|Win32
		{0FD76B8B-75C5-4AD0-B865-13B7867621B7}.Release|x86.Build.0 = Release|Win32
		{963285B8-A646-4374-9ED5-E47031E7C857}.Debug|x64.ActiveCfg = Debug|x64
		{963285B8-A646-4374-9ED5-E47031E7C857}.Debug|x64.Build.0 = Debug|x64
		{963285B8-A646-4374-9ED5-E47031E7C857}.Debug|x86.ActiveCfg = Debug|Win32
		{963285B8-A646-4374-9ED5-E47031E7C857}.Debug|x86.Build.0 = Debug|Win32
		{963285B8-A646-4374-9ED5-E47031E7C857}.Release|x64.ActiveCfg = Release|x64
		{963285B8-A646-4374-9ED5-E47031E7C857}.Release|x64.Build.0 = Release|x64
		{963285B8-A646-4374-9ED5-E47031E7C857}.Release|x86.ActiveCfg = Release|Win32
		{963285B8-A646-4374-9ED5-E47031E7C857}.Release|x86.Build.0 = Release|Win32
		{6993CEB3-7A87-40C8-A1E6-00F5435B53DA}.Debug|x64.ActiveCfg = Debug|x64
		{6993CEB3-7A87-40C8-A1E6-00F5435B53DA}.Debug|x64.Build.0 = Debug|x64
		{6993CEB3-7A87-40C8-A1E6-00F5435B53DA}.Debug|x86.ActiveCfg = Debug|Win32
		{6993CEB3-7A87-40C8-A1E6-00F5435B53DA}.Debug|x86.Build.0 = Debug|Win32
		{6993CEB3-7A87-40C8-A1E6-00F5435B53DA}.Release|x64.ActiveCfg = Release|x64
		{6993CEB3-7A87-40C8-A1E6-00F5435B53DA}.Release|x64.Build.0 = Release|x64
		{6993CEB3-7A87-40C8-A1E6-00F5435B53DA}.Release|x86.ActiveCfg = Release|Win32
		{6993CEB3-7A87-40C8-A1E6-00F5435B53DA}.Release|x86.Build.0 = Release|Win32
		{A62F49EB-BEBE-40F6-AA51-22535A136981}.Debug|x64.ActiveCfg = Debug|x64
		{A62F49EB-BEBE-40F6-AA51-22535A136981}.Debug|x64.Build.0 = Debug|x64
		{A62F49EB-BEBE-40F6-AA51-22535A136981}.Debug|x86.ActiveCfg = Debug|Win32
		{A62F49EB-BEBE-40F6-AA51-22535A136981}.Debug|x86.Build.0 = Debug|Win32
		{A62F49EB-BEBE-40F6-AA51-22535A136981}.Release|x64.ActiveCfg = Release|x64
		{A62F49EB-BEBE-40F6-AA51-22535A136981}.Release|x64.Build.0 = Release|x64
		{A62F49EB-BEBE-40F6-AA51-22535A136981}.Release|x86.ActiveCfg = Release|Win32
		{A62F49EB-BEBE-40F6-AA51-22535A136981}.Release|x86.Build.0 = Release|Win32
		{BEE9B5C9-354B-4C48-9DEC-C4AC4C4EB28D}.Debug|x64.ActiveCfg = Debug|x64
		{BEE9B5C9-354B-4C48-9DEC-C4AC4C4EB28D}.Debug|x64.Build.0 = Debug|x64
		{BEE9B5C9-354B-4C48-9DEC-C4AC4C4EB28D}.Debug|x86.ActiveCfg = Debug|Win32
		{BEE9B5C9-354B-4C48-9DEC-C4AC4C4EB28D}.Debug|x86.Build.0 = Debug|Win32
		{BEE9B5C9-354B-4C48-9DEC-C4AC4C4EB28D}.Release|x64.ActiveCfg = Release|x64
		{BEE9B5C9-354B-4C48-9DEC-C4AC4C4EB28D}.Release|x64.Build.0 = Release|x64
		{BEE9B5C9-354B-4C48-9DEC-C4AC4C4EB28D}.Release|x86.ActiveCfg = Release|Win32
		{BEE9B5C9-354B-4C48-9DEC-C4AC4C4EB28D}.Release|x86.Build.0 = Release|Win32
		{033A43AA-64A0-4160-963A-B6F065E27612}.Debug|x64.ActiveCfg = Debug|x64
		{033A43AA-64A0-4160-963A-B6F065E27612}.Debug|x64.Build.0 = Debug|x64
		{033A43AA-64A0-4160-963A-B6F065E27612}.Debug|x86.ActiveCfg = Debug|Win32
		{033A43AA-64A0-4160-963A-B6F065E27612}.Debug|x86.Build.0 = Debug|Win32
		{033A43AA-64A0-4160-963A-B6F065E27612}.Release|x64.ActiveCfg = Release|x64
		{033A43AA-64A0-4160-963A-B6F065E27612}.Release|x64.Build.0 = Release|x64
		{033A43AA-64A0-4160-963A-B6F065E27612}.Release|x86.ActiveCfg = Release|Win32
		{033A43AA-64A0-4160-963A-B6F065E27612}.Release|x86.Build.0 = Release|Win32
		{230B6E36-8FDE-421E-9B43-94656D88DDF2}.Debug|x64.ActiveCfg = Debug|x64
		{230B6E36-8FDE-421E-9B43-94656D88DDF2}.Debug|x64.Build.0 = Debug|x64
		{230B6E36-8FDE-421E-9B43-94656D88DDF2}.Debug|x86.ActiveCfg = Debug|Win32
		{230B6E36-8FDE-421E-9B43-94656D88DDF2}.Debug|x86.Build.0 = Debug|Win32
		{230B6E36-8FDE-421E-9B43-94656D88DDF2}.Release|x64.ActiveCfg = Release|x64
		{230B6E36-8FDE-421E-9B43-94656D88DDF2}.Release|x64.Build.0 = Release|x64
		{230B6E36-8FDE-421E-9B43-94656D88DDF2}.Release|x86.ActiveCfg = Release|Win32
		{230B6E36-8FDE-421E-9B43-94656D88DDF2}.Release|x86.Build.0 = Release|Win32
		{BB5D1057-F068-4B01-AB3B-F7A04BDC9824}.Debug|x64.ActiveCfg = Debug|x64
		{BB5D1057-F068-4B01-AB3B-F7A04BDC9824}.Debug|x64.Build.0 = Debug|x64
		{BB5D1057-F068-4B01-AB3B-F7A04BDC9824}.Debug|x86.ActiveCfg = Debug|Win32
		{BB5D1057-F068-4B01-AB3B-F7A04BDC9824}.Debug|x86.Build.0 = Debug|Win32
		{BB5D1057-F068-4B01-AB3B-F7A04BDC9824}.Release|x64.ActiveCfg = Release|x64
		{BB5D1057-F068-4B01-AB3B-F7A04BDC9824}.Release|x64.Build.0 = Release|x64
		{BB5D1057-F068-4B01-AB3B-F7A04BDC9824}.Release|x86.ActiveCfg = Release|Win32
		{BB5D1057-F068-4B01-AB3B-F7A04BDC9824}.Release|x86.Build.0 = Release|Win32
		{293E315F-20E7-4528-AF93-0379BC39F690}.Debug|x64.ActiveCfg = Debug|x64
		{293E315F-20E7-4528-AF93-0379BC39F690}.Debug|x64.Build.0 = Debug|x64
		{293E315F-20E7-4528-AF93-0379BC39F690}.Debug|x86.ActiveCfg = Debug|Win32
		{293E315F-20E7-4528-AF93-0379BC39F690}.Debug|x86.Build.0 = Debug|Win32
		{293E315F-20E7-4528-AF93-0379BC39F690}.Release|x64.ActiveCfg = Release|x64
		{293E315F-20E7-4528-AF93-0379BC39F690}.Release|x64.Build.0 = Release|x64
		{293E315F-20E7-4528-AF93-0379BC39F690}.Release|x86.ActiveCfg = Release|Win32
		{293E315F-20E7-4528-AF93-0379BC39F690}.Release|x86.Build.0 = Release|Win32
		{64018242-1577-4CB3-BEE1-19D1F7B54808}.Debug|x64.ActiveCfg = Debug|x64
		{64018242-1577-4CB3-BEE1-19D1F7B54808}.Debug|x64.Build.0 = Debug|x64
		{64018242-1577-4CB3-BEE1-19D1F7B54808}.Debug|x86.ActiveCfg = Debug|Win32
		{64018242-1577-4CB3-BEE1-19D1F7B54808}.Debug|x86.Build.0 = Debug|Win32
		{64018242-1577-4CB3-BEE1-19D1F7B54808}.Release|x64.ActiveCfg = Release|x64
		{64018242-1577-4CB3-BEE1-19D1F7B54808}.Release|x64.Build.0 = Release|x64
		{64018242-1577-4CB3-BEE1-19D1F7B54808}.Release|x86.ActiveCfg = Release|Win32
		{64018242-1577-4CB3-BEE1-19D1F7B54808}.Release|x86.Build.0 = Release|Win32
		{C206713F-7B67-4D02-9D2F-4757BB936CF3}.Debug|x64.ActiveCfg = Debug|x64
		{C206713F-7B67-4D02-9D2F-4757BB936CF3}.Debug|x64.Build.0 = Debug|x64
		{C206713F-7B67-4D02-9D2F-4757BB936CF3}.Debug|x86.ActiveCfg = Debug|Win32
		{C206713F-7B67-4D02-9D2F-4757BB936CF3}.Debug|x86.Build.0 = Debug|Win32
		{C206713F-7B67-4D02-9D2F-4757BB936CF3}.Release|x64.ActiveCfg = Release|x64
		{C206713F-7B67-4D02-9D2F-4757BB936CF3}.Release|x64.Build.0 = Release|x64
		{C206713F-7B67-4D02-9D2F-4757BB936CF3}.Release|x86.ActiveCfg = Release|Win32
		{C206713F-7B67-4D02-9D2F-4757BB936CF3}.Release|x86.Build.0 = Release|Win32
		{23FF6EA6-EA8C-4E5B-95A2-4AC774C08436}.Debug|x64.ActiveCfg = Debug|x64
		{23FF6EA6-EA8C-4E5B-95A2-4AC774C08436}.Debug|x64.Build.0 = Debug|x64
		{23FF6EA6-EA8C-4E5B-95A2-4AC774C08436}.Debug|x86.ActiveCfg = Debug|Win32
		{23FF6EA6-EA8C-4E5B-95A2-4AC774C08436}.Debug|x86.Build.0 = Debug|Win32
		{23FF6EA6-EA8C-4E5B-95A2-4AC774C08436}.Release|x64.ActiveCfg = Release|x64
		{23FF6EA6-EA8C-4E5B-95A2-4AC774C08436}.Release|x64.Build.0 = Release|x64
		{23FF6EA6-EA8C-4E5B-95A2-4AC774C08436}.Release|x86.ActiveCfg = Release|Win32
		{23FF6EA6-EA8C-4E5B-95A2-4AC774C08436}.Release|x86.Build.0 = Release|Win32
		{C4478DD1-2C27-4FC4-8438-5C2EE2FFBF54}.Debug|x64.ActiveCfg = Debug|x64
		{C4478DD1-2C27-4FC4-8438-5C2EE2FFBF54}.Debug|x64.Build.0 = Debug|x64
		{C4478DD1-2C27-4FC4-8438-5C2EE2FFBF54}.Debug|x86.ActiveCfg = Debug|Win32
		{C4478DD1-2C27-4FC4-8438-5C2EE2FFBF54}.Debug|x86.Build.0 = Debug|Win32
		{C4478DD1-2C27-4FC4-8438-5C2EE2FFBF54}.Release|x64.ActiveCfg = Release|x64
		{C4478DD1-2C27-4FC4-8438-5C2EE2FFBF54}.Release|x64.Build.0 = Release|x64
		{C4478DD1-2C27-4FC4-8438-5C2EE2FFBF54}.Release|x86.ActiveCfg = Release|Win32
		{C4478DD1-2C27-4FC4-8438-5C2EE2FFBF54}.Release|x86.Build.0 = Release|Win32
		{179D3F8F-CCE6-4010-8FBF-839FFBF24F9B}.Debug|x64.ActiveCfg = Debug|x64
		{179D3F8F-CCE6-4010-8FBF-839FFBF24F9B}.Debug|x64.Build.0 = Debug|x64
		{179D3F8F-CCE6-4010-8FBF-839FFBF24F9B}.Debug|x86.ActiveCfg = Debug|Win32
		{179D3F8F-CCE6-4010-8FBF-839FFBF24F9B}.Debug|x86.Build.0 = Debug|Win32
		{179D3F8F-CCE6-4010-8FBF-839FFBF24F9B}.Release|x64.ActiveCfg = Release|x64
		{179D3F8F-CCE6-4010-8FBF-839FFBF24F9B}.Release|x64.Build.0 = Release|x64
		{179D3F8F-CCE6-4010-8FBF-839FFBF24F9B}.Release|x86.ActiveCfg = Release|Win32
		{179D3F8F-CCE6-4010-8FBF-839FFBF24F9B}.Release|x86.Build.0 = Release|Win32
		{FC86E732-6502-49A0-83FF-48CDF7E3A33D}.Debug|x64.ActiveCfg = Debug|x64
		{FC86E732-6502-49A0-83FF-48CDF7E3A33D}.Debug|x64.Build.0 = Debug|x64
		{FC86E732-6502-49A0-83FF-48CDF7E3A33D}.Debug|x86.ActiveCfg = Debug|Win32
		{FC86E732-6502-49A0-83FF-48CDF7E3A33D}.Debug|x86.Build.0 = Debug|Win32
		{FC86E732-6502-49A0-83FF-48CDF7E3A33D}.Release|x64.ActiveCfg = Release|x64
		{FC86E732-6502-49A0-83FF-48CDF7E3A33D}.Release|x64.Build.0 = Release|x64
		{FC86E732-6502-49A0-83FF-48CDF7E3A33D}.Release|x86.ActiveCfg = Release|Win32
		{FC86E732-6502-49A0-83FF-48CDF7E3A33D}.Release|x86.Build.0 = Release|Win32
		{436AB79D-7E2C-46E2-B543-7FA43125AA2F}.Debug|x64.ActiveCfg = Debug|x64
		{436AB79D-7E2C-46E2-B543-7FA43125AA2F}.Debug|x64.Build.0 = Debug|x64
		{436AB79D-7E2C-46E2-B543-7FA43125AA2F}.Debug|x86.ActiveCfg = Debug|Win32
		{436AB79D-7E2C-46E2-B543-7FA43125AA2F}.Debug|x86.Build.0 = Debug|Win32
		{436AB79D-7E2C-46E2-B543-7FA43125AA2F}.Release|x64.ActiveCfg = Release|x64
		{436AB79D-7E2C-46E2-B543-7FA43125AA2F}.Release|x64.Build.0 = Release|x64
		{436AB79D-7E2C-46E2-B543-7FA43125AA2F}.Release|x86.ActiveCfg = Release|Win32
		{436AB79D-7E2C-46E2-B543-7FA43125AA2F}.Release|x86.Build.0 = Release|Win32
		{5B19FE18-6EAD-49C5-9050-78B2B1D2C027}.Debug|x64.ActiveCfg = Debug|x64
		{5B19FE18-6EAD-49C5-9050-78B2B1D2C027}.Debug|x64.Build.0 = Debug|x64
		{5B19FE18-6EAD-49C5-9050-78B2B1D2C027}.Debug|x86.ActiveCfg = Debug|Win32
		{5B19FE18-6EAD-49C5-9050-78B2B1D2C027}.Debug|x86.Build.0 = Debug|Win32
		{5B19FE18-6EAD-49C5-9050-78B2B1D2C027}.Release|x64.ActiveCfg = Release|x64
		{5B19FE18-6EAD-49C5-9050-78B2B1D2C027}.Release|x64.Build.0 = Release|x64
		{5B19FE18-6EAD-49C5-9050-78B2B1D2C027}.Release|x86.ActiveCfg = Release|Win32
		{5B19FE18-6EAD-49C5-9050-78B2B1D2C027}.Release|x86.Build.0 = Release|Win32
		{025729A4-BB0A-4547-875E-A6369B3491DB}.Debug|x64.ActiveCfg = Debug|x64
		{025729A4-BB0A-4547-875E-A6369B3491DB}.Debug|x64.Build.0 = Debug|x64
		{025729A4-BB0A-4547-875E-A6369B3491DB}.Debug|x86.ActiveCfg = Debug|Win32
		{025729A4-BB0A-4547-875E-A6369B3491DB}.Debug|x86.Build.0 = Debug|Win32
		{025729A4-BB0A-4547-875E-A6369B3491DB}.Release|x64.ActiveCfg = Release|x64
		{025729A4-BB0A-4547-875E-A6369B3491DB}.Release|x64.Build.0 = Release|x64
		{025729A4-BB0A-4547-875E-A6369B3491DB}.Release|x86.ActiveCfg = Release|Win32
		{025729A4-BB0A-4547-875E-A6369B3491DB}.Release|x86.Build.0 = Release|Win32
		{A1D0BEE3-4867-4666-A48F-751FA9B78657}.Debug|x64.ActiveCfg = Debug|x64
		{A1D0BEE3-4867-4666-A48F-751FA9B78657}.Debug|x64.Build.0 = Debug|x64
		{A1D0BEE3-4867-4666-A48F-751FA9B78657}.Debug|x86.ActiveCfg = Debug|Win32
		{A1D0BEE3-4867-4666-A48F-751FA9B78657}.Debug|x86.Build.0 = Debug|Win32
		{A1D0BEE3-4867-4666-A48F-751FA9B78657}.Release|x64.ActiveCfg = Release|x64
		{A1D0BEE3-4867-4666-A48F-751FA9B78657}.Release|x64.Build.0 = Release|x64
		{A1D0BEE3-4867-4666-A48F-751FA9B78657}.Release|x86.ActiveCfg = Release|Win32
		{A1D0BEE3-4867-4666-A48F-751FA9B78657}.Release|x86.Build.0 = Release|Win32
		{1B1B1F2A-5DB1-46DD-B32B-0ABE8333A099}.Debug|x64.ActiveCfg = Debug|x64
		{1B1B1F2A-5DB1-46DD-B32B-0ABE8333A099}.Debug|x64.Build.0 = Debug|x64
		{1B1B1F2A-5DB1-46DD-B32B-0ABE8333A099}.Debug|x86.ActiveCfg = Debug|Win32
		{1B1B1F2A-5DB1-46DD-B32B-0ABE8333A099}.Debug|x86.Build.0 = Debug|Win32
		{1B1B1F2A-5DB1-46DD-B32B-0ABE8333A099}.Release|x64.ActiveCfg = Release|x64
		{1B1B1F2A-5DB1-46DD-B32B-0ABE8333A099}.Release|x64.Build.0 = Release|x64
		{1B1B1F2A-5DB1-46DD-B32B-0ABE8333A099}.Release|x86.ActiveCfg = Release|Win32
		{1B1B1F2A-5DB1-46DD-B32B-0ABE8333A099}.Release|x86.Build.0 = Release|Win32
		{8F0F73B4-8D3C-41DB-AE62-F8CC6C1EAF5D}.Debug|x64.ActiveCfg = Debug|x64
		{8F0F73B4-8D3C-41DB-AE62-F8CC6C1EAF5D}.Debug|x64.Build.0 = Debug|x64
		{8F0F73B4-8D3C-41DB-AE62-F8CC6C1EAF5D}.Debug|x86.ActiveCfg = Debug|Win32
		{8F0F73B4-8D3C-41DB-AE62-F8CC6C1EAF5D}.Debug|x86.Build.0 = Debug|Win32
		{8F0F73B4-8D3C-41DB-AE62-F8CC6C1EAF5D}.Release|x64.ActiveCfg = Release|x64
		{8F0F73B4-8D3C-41DB-AE62-F8CC6C1EAF5D}.Release|x64.Build.0 = Release|x64
		{8F0F73B4-8D3C-41DB-AE62-F8CC6C1EAF5D}.Release|x86.ActiveCfg = Release|Win32
		{8F0F73B4-8D3C-41DB-AE62-F8CC6C1EAF5D}.Release|x86.Build.0 = Release|Win32
		{78D454DC-9FE4-48CF-A860-858AFFC495D3}.Debug|x64.ActiveCfg = Debug|x64
		{78D454DC-9FE4-48CF-A860-858AFFC495D3}.Debug|x64.Build.0 = Debug|x64
		{78D454DC-9FE4-48CF-A860-858AFFC495D3}.Debug|x86.ActiveCfg = Debug|Win32
		{78D454DC-9FE4-48CF-A860-858AFFC495D3}.Debug|x86.Build.0 = Debug|Win32
		{78D454DC-9FE4-48CF-A860-858AFFC495D3}.Release|x64.ActiveCfg = Release|x64
		{78D454DC-9FE4-48CF-A860-858AFFC495D3}.Release|x64.Build.0 = Release|x64
		{78D454DC-9FE4-48CF-A860-858AFFC495D3}.Release|x86.ActiveCfg = Release|Win32
		{78D454DC-9FE4-48CF-A860-858AFFC495D3}.Release|x86.Build.0 = Release|Win32
		{0EA6FC2F-CE33-4136-A68F-FD4078CC4125}.Debug|x64.ActiveCfg = Debug|x64
		{0EA6FC2F-CE33-4136-A68F-FD4078CC4125}.Debug|x64.Build.0 = Debug|x64
		{0EA6FC2F-CE33-4136-A68F-FD4078CC4125}.Debug|x86.ActiveCfg = Debug|Win32
		{0EA6FC2F-CE33-4136-A68F-FD4078CC4125}.Debug|x86.Build.0 = Debug|Win32
		{0EA6FC2F-CE33-4136-A68F-FD4078CC4125}.Release|x64.ActiveCfg = Release|x64
		{0EA6FC2F-CE33-4136-A68F-FD4078CC4125}.Release|x64.Build.0 = Release|x64
		{0EA6FC2F-CE33-4136-A68F-FD4078CC4125}.Release|x86.ActiveCfg = Release|Win32
		{0EA6FC2F-CE33-4136-A68F-FD4078CC4125}.Release|x86.Build.0 = Release|Win32
		{E0CEF33B-47C5-4F4B-8CF1-2F4713F89E7D}.Debug|x64.ActiveCfg = Debug|x64
		{E0CEF33B-47C5-4F4B-8CF1-2F4713F89E7D}.Debug|x64.Build.0 = Debug|x64
		{E0CEF33B-47C5-4F4B-8CF1-2F4713F89E7D}.Debug|x86.ActiveCfg = Debug|Win32
		{E0CEF33B-47C5-4F4B-8CF1-2F4713F89E7D}.Debug|x86.Build.0 = Debug|Win32
		{E0CEF33B-47C5-4F4B-8CF1-2F4713F89E7D}.Release|x64.ActiveCfg = Release|x64
		{E0CEF33B-47C5-4F4B-8CF1-2F4713F89E7D}.Release|x64.Build.0 = Release|x64
		{E0CEF33B-47C5-4F4B-8CF1-2F4713F89E7D}.Release|x86.ActiveCfg = Release|Win32
		{E0CEF33B-47C5-4F4B-8CF1-2F4713F89E7D}.Release|x86.Build.0 = Release|Win32
		{16D0958B-0B58-4878-A970-583958AA7BDE}.Debug|x64.ActiveCfg = Debug|x64
		{16D0958B-0B58-4878-A970-583958AA7BDE}.Debug|x64.Build.0 = Debug|x64
		{16D0958B-0B58-4878-A970-583958AA7BDE}.Debug|x86.ActiveCfg = Debug|Win32
		{16D0958B-0B58-4878-A970-583958AA7BDE}.Debug|x86.Build.0 = Debug|Win32
		{16D0958B-0B58-4878-A970-583958AA7BDE}.Release|x64.ActiveCfg = Release|x64
		{16D0958B-0B58-4878-A970-583958AA7BDE}.Release|x64.Build.0 = Release|x64
		{16D0958B-0B58-4878-A970-583958AA7BDE}.Release|x86.ActiveCfg = Release|Win32
		{16D0958B-0B58-4878-A970-583958AA7BDE}.Release|x86.Build.0 = Release|Win32
	EndGlobalSection
	GlobalSection(SolutionProperties) = preSolution
		HideSolutionNode = FALSE
	EndGlobalSection
	GlobalSection(ExtensibilityGlobals) = postSolution
		SolutionGuid = {448ED09B-BDA9-4EA2-8EC6-3CA2D19AB355}
	EndGlobalSection
EndGlobal
