
Microsoft Visual Studio Solution File, Format Version 12.00
# Visual Studio Version 17
VisualStudioVersion = 17.7.34031.279
MinimumVisualStudioVersion = 10.0.40219.1
Project("{8BC9CEB8-8B4A-11D0-8D11-00A0C91BC942}") = "03_01", "03_01\03_01.vcxproj", "{29C21B0C-E9CE-4C46-B86E-298B3873EE0B}"
EndProject
Project("{8BC9CEB8-8B4A-11D0-8D11-00A0C91BC942}") = "03_02", "03_02\03_02.vcxproj", "{566750FE-AAF8-41A2-B5F2-8A3727D538EF}"
EndProject
Project("{8BC9CEB8-8B4A-11D0-8D11-00A0C91BC942}") = "03_03", "03_03\03_03.vcxproj", "{0926BF5D-6DE2-4791-9435-4E21C8B7BB64}"
EndProject
Project("{8BC9CEB8-8B4A-11D0-8D11-00A0C91BC942}") = "03_04", "03_04\03_04.vcxproj", "{86D5B40F-83C3-4B2F-A197-13510A2E8CF9}"
EndProject
Project("{8BC9CEB8-8B4A-11D0-8D11-00A0C91BC942}") = "03_05", "03_05\03_05.vcxproj", "{FEC2A7B8-6D8E-48DA-B6F1-041A52EEF801}"
EndProject
Project("{8BC9CEB8-8B4A-11D0-8D11-00A0C91BC942}") = "03_06", "03_06\03_06.vcxproj", "{3FE5D9EA-D823-436C-B23D-2EF99D3B2437}"
EndProject
Project("{8BC9CEB8-8B4A-11D0-8D11-00A0C91BC942}") = "03_07", "03_07\03_07.vcxproj", "{1D2775D0-34D2-4030-A718-CAEEE258A75A}"
EndProject
Project("{8BC9CEB8-8B4A-11D0-8D11-00A0C91BC942}") = "03_08", "03_08\03_08.vcxproj", "{1EBCE2C8-3787-470B-999D-2E0C5C744A4E}"
EndProject
Project("{8BC9CEB8-8B4A-11D0-8D11-00A0C91BC942}") = "03_09", "03_09\03_09.vcxproj", "{DA094769-E117-45DD-8603-9F1AFD19CCA8}"
EndProject
Project("{8BC9CEB8-8B4A-11D0-8D11-00A0C91BC942}") = "03_10", "03_10\03_10.vcxproj", "{C60889B0-DD06-430C-9D8C-33D7166E0800}"
EndProject
Project("{8BC9CEB8-8B4A-11D0-8D11-00A0C91BC942}") = "03_11", "03_11\03_11.vcxproj", "{ED2AE8E6-34A0-4FA6-8951-4C8EB4768847}"
EndProject
Project("{8BC9CEB8-8B4A-11D0-8D11-00A0C91BC942}") = "03_12", "03_12\03_12.vcxproj", "{AD4ED39F-EB0A-4BA6-AE72-9EC7424460E9}"
EndProject
Project("{8BC9CEB8-8B4A-11D0-8D11-00A0C91BC942}") = "03_13", "03_13\03_13.vcxproj", "{ECBBCD10-C7E7-4422-80D9-807AFDA8B4E8}"
EndProject
Project("{8BC9CEB8-8B4A-11D0-8D11-00A0C91BC942}") = "03_14", "03_14\03_14.vcxproj", "{F7AA0FE8-13DB-4E16-9BC8-4F2F12BFF177}"
EndProject
Global
	GlobalSection(SolutionConfigurationPlatforms) = preSolution
		Debug|x64 = Debug|x64
		Debug|x86 = Debug|x86
		Release|x64 = Release|x64
		Release|x86 = Release|x86
	EndGlobalSection
	GlobalSection(ProjectConfigurationPlatforms) = postSolution
		{29C21B0C-E9CE-4C46-B86E-298B3873EE0B}.Debug|x64.ActiveCfg = Debug|x64
		{29C21B0C-E9CE-4C46-B86E-298B3873EE0B}.Debug|x64.Build.0 = Debug|x64
		{29C21B0C-E9CE-4C46-B86E-298B3873EE0B}.Debug|x86.ActiveCfg = Debug|Win32
		{29C21B0C-E9CE-4C46-B86E-298B3873EE0B}.Debug|x86.Build.0 = Debug|Win32
		{29C21B0C-E9CE-4C46-B86E-298B3873EE0B}.Release|x64.ActiveCfg = Release|x64
		{29C21B0C-E9CE-4C46-B86E-298B3873EE0B}.Release|x64.Build.0 = Release|x64
		{29C21B0C-E9CE-4C46-B86E-298B3873EE0B}.Release|x86.ActiveCfg = Release|Win32
		{29C21B0C-E9CE-4C46-B86E-298B3873EE0B}.Release|x86.Build.0 = Release|Win32
		{566750FE-AAF8-41A2-B5F2-8A3727D538EF}.Debug|x64.ActiveCfg = Debug|x64
		{566750FE-AAF8-41A2-B5F2-8A3727D538EF}.Debug|x64.Build.0 = Debug|x64
		{566750FE-AAF8-41A2-B5F2-8A3727D538EF}.Debug|x86.ActiveCfg = Debug|Win32
		{566750FE-AAF8-41A2-B5F2-8A3727D538EF}.Debug|x86.Build.0 = Debug|Win32
		{566750FE-AAF8-41A2-B5F2-8A3727D538EF}.Release|x64.ActiveCfg = Release|x64
		{566750FE-AAF8-41A2-B5F2-8A3727D538EF}.Release|x64.Build.0 = Release|x64
		{566750FE-AAF8-41A2-B5F2-8A3727D538EF}.Release|x86.ActiveCfg = Release|Win32
		{566750FE-AAF8-41A2-B5F2-8A3727D538EF}.Release|x86.Build.0 = Release|Win32
		{0926BF5D-6DE2-4791-9435-4E21C8B7BB64}.Debug|x64.ActiveCfg = Debug|x64
		{0926BF5D-6DE2-4791-9435-4E21C8B7BB64}.Debug|x64.Build.0 = Debug|x64
		{0926BF5D-6DE2-4791-9435-4E21C8B7BB64}.Debug|x86.ActiveCfg = Debug|Win32
		{0926BF5D-6DE2-4791-9435-4E21C8B7BB64}.Debug|x86.Build.0 = Debug|Win32
		{0926BF5D-6DE2-4791-9435-4E21C8B7BB64}.Release|x64.ActiveCfg = Release|x64
		{0926BF5D-6DE2-4791-9435-4E21C8B7BB64}.Release|x64.Build.0 = Release|x64
		{0926BF5D-6DE2-4791-9435-4E21C8B7BB64}.Release|x86.ActiveCfg = Release|Win32
		{0926BF5D-6DE2-4791-9435-4E21C8B7BB64}.Release|x86.Build.0 = Release|Win32
		{86D5B40F-83C3-4B2F-A197-13510A2E8CF9}.Debug|x64.ActiveCfg = Debug|x64
		{86D5B40F-83C3-4B2F-A197-13510A2E8CF9}.Debug|x64.Build.0 = Debug|x64
		{86D5B40F-83C3-4B2F-A197-13510A2E8CF9}.Debug|x86.ActiveCfg = Debug|Win32
		{86D5B40F-83C3-4B2F-A197-13510A2E8CF9}.Debug|x86.Build.0 = Debug|Win32
		{86D5B40F-83C3-4B2F-A197-13510A2E8CF9}.Release|x64.ActiveCfg = Release|x64
		{86D5B40F-83C3-4B2F-A197-13510A2E8CF9}.Release|x64.Build.0 = Release|x64
		{86D5B40F-83C3-4B2F-A197-13510A2E8CF9}.Release|x86.ActiveCfg = Release|Win32
		{86D5B40F-83C3-4B2F-A197-13510A2E8CF9}.Release|x86.Build.0 = Release|Win32
		{FEC2A7B8-6D8E-48DA-B6F1-041A52EEF801}.Debug|x64.ActiveCfg = Debug|x64
		{FEC2A7B8-6D8E-48DA-B6F1-041A52EEF801}.Debug|x64.Build.0 = Debug|x64
		{FEC2A7B8-6D8E-48DA-B6F1-041A52EEF801}.Debug|x86.ActiveCfg = Debug|Win32
		{FEC2A7B8-6D8E-48DA-B6F1-041A52EEF801}.Debug|x86.Build.0 = Debug|Win32
		{FEC2A7B8-6D8E-48DA-B6F1-041A52EEF801}.Release|x64.ActiveCfg = Release|x64
		{FEC2A7B8-6D8E-48DA-B6F1-041A52EEF801}.Release|x64.Build.0 = Release|x64
		{FEC2A7B8-6D8E-48DA-B6F1-041A52EEF801}.Release|x86.ActiveCfg = Release|Win32
		{FEC2A7B8-6D8E-48DA-B6F1-041A52EEF801}.Release|x86.Build.0 = Release|Win32
		{3FE5D9EA-D823-436C-B23D-2EF99D3B2437}.Debug|x64.ActiveCfg = Debug|x64
		{3FE5D9EA-D823-436C-B23D-2EF99D3B2437}.Debug|x64.Build.0 = Debug|x64
		{3FE5D9EA-D823-436C-B23D-2EF99D3B2437}.Debug|x86.ActiveCfg = Debug|Win32
		{3FE5D9EA-D823-436C-B23D-2EF99D3B2437}.Debug|x86.Build.0 = Debug|Win32
		{3FE5D9EA-D823-436C-B23D-2EF99D3B2437}.Release|x64.ActiveCfg = Release|x64
		{3FE5D9EA-D823-436C-B23D-2EF99D3B2437}.Release|x64.Build.0 = Release|x64
		{3FE5D9EA-D823-436C-B23D-2EF99D3B2437}.Release|x86.ActiveCfg = Release|Win32
		{3FE5D9EA-D823-436C-B23D-2EF99D3B2437}.Release|x86.Build.0 = Release|Win32
		{1D2775D0-34D2-4030-A718-CAEEE258A75A}.Debug|x64.ActiveCfg = Debug|x64
		{1D2775D0-34D2-4030-A718-CAEEE258A75A}.Debug|x64.Build.0 = Debug|x64
		{1D2775D0-34D2-4030-A718-CAEEE258A75A}.Debug|x86.ActiveCfg = Debug|Win32
		{1D2775D0-34D2-4030-A718-CAEEE258A75A}.Debug|x86.Build.0 = Debug|Win32
		{1D2775D0-34D2-4030-A718-CAEEE258A75A}.Release|x64.ActiveCfg = Release|x64
		{1D2775D0-34D2-4030-A718-CAEEE258A75A}.Release|x64.Build.0 = Release|x64
		{1D2775D0-34D2-4030-A718-CAEEE258A75A}.Release|x86.ActiveCfg = Release|Win32
		{1D2775D0-34D2-4030-A718-CAEEE258A75A}.Release|x86.Build.0 = Release|Win32
		{1EBCE2C8-3787-470B-999D-2E0C5C744A4E}.Debug|x64.ActiveCfg = Debug|x64
		{1EBCE2C8-3787-470B-999D-2E0C5C744A4E}.Debug|x64.Build.0 = Debug|x64
		{1EBCE2C8-3787-470B-999D-2E0C5C744A4E}.Debug|x86.ActiveCfg = Debug|Win32
		{1EBCE2C8-3787-470B-999D-2E0C5C744A4E}.Debug|x86.Build.0 = Debug|Win32
		{1EBCE2C8-3787-470B-999D-2E0C5C744A4E}.Release|x64.ActiveCfg = Release|x64
		{1EBCE2C8-3787-470B-999D-2E0C5C744A4E}.Release|x64.Build.0 = Release|x64
		{1EBCE2C8-3787-470B-999D-2E0C5C744A4E}.Release|x86.ActiveCfg = Release|Win32
		{1EBCE2C8-3787-470B-999D-2E0C5C744A4E}.Release|x86.Build.0 = Release|Win32
		{DA094769-E117-45DD-8603-9F1AFD19CCA8}.Debug|x64.ActiveCfg = Debug|x64
		{DA094769-E117-45DD-8603-9F1AFD19CCA8}.Debug|x64.Build.0 = Debug|x64
		{DA094769-E117-45DD-8603-9F1AFD19CCA8}.Debug|x86.ActiveCfg = Debug|Win32
		{DA094769-E117-45DD-8603-9F1AFD19CCA8}.Debug|x86.Build.0 = Debug|Win32
		{DA094769-E117-45DD-8603-9F1AFD19CCA8}.Release|x64.ActiveCfg = Release|x64
		{DA094769-E117-45DD-8603-9F1AFD19CCA8}.Release|x64.Build.0 = Release|x64
		{DA094769-E117-45DD-8603-9F1AFD19CCA8}.Release|x86.ActiveCfg = Release|Win32
		{DA094769-E117-45DD-8603-9F1AFD19CCA8}.Release|x86.Build.0 = Release|Win32
		{C60889B0-DD06-430C-9D8C-33D7166E0800}.Debug|x64.ActiveCfg = Debug|x64
		{C60889B0-DD06-430C-9D8C-33D7166E0800}.Debug|x64.Build.0 = Debug|x64
		{C60889B0-DD06-430C-9D8C-33D7166E0800}.Debug|x86.ActiveCfg = Debug|Win32
		{C60889B0-DD06-430C-9D8C-33D7166E0800}.Debug|x86.Build.0 = Debug|Win32
		{C60889B0-DD06-430C-9D8C-33D7166E0800}.Release|x64.ActiveCfg = Release|x64
		{C60889B0-DD06-430C-9D8C-33D7166E0800}.Release|x64.Build.0 = Release|x64
		{C60889B0-DD06-430C-9D8C-33D7166E0800}.Release|x86.ActiveCfg = Release|Win32
		{C60889B0-DD06-430C-9D8C-33D7166E0800}.Release|x86.Build.0 = Release|Win32
		{ED2AE8E6-34A0-4FA6-8951-4C8EB4768847}.Debug|x64.ActiveCfg = Debug|x64
		{ED2AE8E6-34A0-4FA6-8951-4C8EB4768847}.Debug|x64.Build.0 = Debug|x64
		{ED2AE8E6-34A0-4FA6-8951-4C8EB4768847}.Debug|x86.ActiveCfg = Debug|Win32
		{ED2AE8E6-34A0-4FA6-8951-4C8EB4768847}.Debug|x86.Build.0 = Debug|Win32
		{ED2AE8E6-34A0-4FA6-8951-4C8EB4768847}.Release|x64.ActiveCfg = Release|x64
		{ED2AE8E6-34A0-4FA6-8951-4C8EB4768847}.Release|x64.Build.0 = Release|x64
		{ED2AE8E6-34A0-4FA6-8951-4C8EB4768847}.Release|x86.ActiveCfg = Release|Win32
		{ED2AE8E6-34A0-4FA6-8951-4C8EB4768847}.Release|x86.Build.0 = Release|Win32
		{AD4ED39F-EB0A-4BA6-AE72-9EC7424460E9}.Debug|x64.ActiveCfg = Debug|x64
		{AD4ED39F-EB0A-4BA6-AE72-9EC7424460E9}.Debug|x64.Build.0 = Debug|x64
		{AD4ED39F-EB0A-4BA6-AE72-9EC7424460E9}.Debug|x86.ActiveCfg = Debug|Win32
		{AD4ED39F-EB0A-4BA6-AE72-9EC7424460E9}.Debug|x86.Build.0 = Debug|Win32
		{AD4ED39F-EB0A-4BA6-AE72-9EC7424460E9}.Release|x64.ActiveCfg = Release|x64
		{AD4ED39F-EB0A-4BA6-AE72-9EC7424460E9}.Release|x64.Build.0 = Release|x64
		{AD4ED39F-EB0A-4BA6-AE72-9EC7424460E9}.Release|x86.ActiveCfg = Release|Win32
		{AD4ED39F-EB0A-4BA6-AE72-9EC7424460E9}.Release|x86.Build.0 = Release|Win32
		{ECBBCD10-C7E7-4422-80D9-807AFDA8B4E8}.Debug|x64.ActiveCfg = Debug|x64
		{ECBBCD10-C7E7-4422-80D9-807AFDA8B4E8}.Debug|x64.Build.0 = Debug|x64
		{ECBBCD10-C7E7-4422-80D9-807AFDA8B4E8}.Debug|x86.ActiveCfg = Debug|Win32
		{ECBBCD10-C7E7-4422-80D9-807AFDA8B4E8}.Debug|x86.Build.0 = Debug|Win32
		{ECBBCD10-C7E7-4422-80D9-807AFDA8B4E8}.Release|x64.ActiveCfg = Release|x64
		{ECBBCD10-C7E7-4422-80D9-807AFDA8B4E8}.Release|x64.Build.0 = Release|x64
		{ECBBCD10-C7E7-4422-80D9-807AFDA8B4E8}.Release|x86.ActiveCfg = Release|Win32
		{ECBBCD10-C7E7-4422-80D9-807AFDA8B4E8}.Release|x86.Build.0 = Release|Win32
		{F7AA0FE8-13DB-4E16-9BC8-4F2F12BFF177}.Debug|x64.ActiveCfg = Debug|x64
		{F7AA0FE8-13DB-4E16-9BC8-4F2F12BFF177}.Debug|x64.Build.0 = Debug|x64
		{F7AA0FE8-13DB-4E16-9BC8-4F2F12BFF177}.Debug|x86.ActiveCfg = Debug|Win32
		{F7AA0FE8-13DB-4E16-9BC8-4F2F12BFF177}.Debug|x86.Build.0 = Debug|Win32
		{F7AA0FE8-13DB-4E16-9BC8-4F2F12BFF177}.Release|x64.ActiveCfg = Release|x64
		{F7AA0FE8-13DB-4E16-9BC8-4F2F12BFF177}.Release|x64.Build.0 = Release|x64
		{F7AA0FE8-13DB-4E16-9BC8-4F2F12BFF177}.Release|x86.ActiveCfg = Release|Win32
		{F7AA0FE8-13DB-4E16-9BC8-4F2F12BFF177}.Release|x86.Build.0 = Release|Win32
	EndGlobalSection
	GlobalSection(SolutionProperties) = preSolution
		HideSolutionNode = FALSE
	EndGlobalSection
	GlobalSection(ExtensibilityGlobals) = postSolution
		SolutionGuid = {41AAA5B7-8520-4953-9927-F4C8F61AABB7}
	EndGlobalSection
EndGlobal
