
Microsoft Visual Studio Solution File, Format Version 12.00
# Visual Studio Version 17
VisualStudioVersion = 17.8.34330.188
MinimumVisualStudioVersion = 10.0.40219.1
Project("{8BC9CEB8-8B4A-11D0-8D11-00A0C91BC942}") = "11_01", "11_01\11_01.vcxproj", "{E8438ABF-EC44-4F01-86B1-00D0B8ADC99A}"
EndProject
Project("{8BC9CEB8-8B4A-11D0-8D11-00A0C91BC942}") = "11_02", "11_02\11_02.vcxproj", "{096BF6CD-0A4C-433C-903D-6510D401469F}"
EndProject
Project("{8BC9CEB8-8B4A-11D0-8D11-00A0C91BC942}") = "11_03", "11_03\11_03.vcxproj", "{66716EE4-F625-4C55-ABF3-B29757D802D1}"
EndProject
Project("{8BC9CEB8-8B4A-11D0-8D11-00A0C91BC942}") = "11_04", "11_04\11_04.vcxproj", "{6E2C8010-6689-4E8C-A6FD-779F5A78ADF0}"
EndProject
Project("{8BC9CEB8-8B4A-11D0-8D11-00A0C91BC942}") = "11_05", "11_05\11_05.vcxproj", "{0FC847CA-B110-476D-9F37-2C0CAAA9846E}"
EndProject
Project("{8BC9CEB8-8B4A-11D0-8D11-00A0C91BC942}") = "11_06", "11_06\11_06.vcxproj", "{9B203143-9BF7-40B8-AACA-87AEED601821}"
EndProject
Project("{8BC9CEB8-8B4A-11D0-8D11-00A0C91BC942}") = "11_07", "11_07\11_07.vcxproj", "{438794C0-D81F-4ADA-B4E0-FAB29E810FA7}"
EndProject
Project("{8BC9CEB8-8B4A-11D0-8D11-00A0C91BC942}") = "11_08", "11_08\11_08.vcxproj", "{E3615EC2-A258-4AD0-9593-065DBDA85AA1}"
EndProject
Project("{8BC9CEB8-8B4A-11D0-8D11-00A0C91BC942}") = "11_09", "11_09\11_09.vcxproj", "{A0883AFE-403E-45E8-BFA4-4F13D15E72C9}"
EndProject
Project("{8BC9CEB8-8B4A-11D0-8D11-00A0C91BC942}") = "11_10", "11_10\11_10.vcxproj", "{7B59FE47-FCAD-4DE1-94A3-5D8C381C50F8}"
EndProject
Project("{8BC9CEB8-8B4A-11D0-8D11-00A0C91BC942}") = "11_11", "11_11\11_11.vcxproj", "{70B3716A-07A2-4F74-9CDC-EB5A84ADD7FE}"
EndProject
Global
	GlobalSection(SolutionConfigurationPlatforms) = preSolution
		Debug|x64 = Debug|x64
		Debug|x86 = Debug|x86
		Release|x64 = Release|x64
		Release|x86 = Release|x86
	EndGlobalSection
	GlobalSection(ProjectConfigurationPlatforms) = postSolution
		{E8438ABF-EC44-4F01-86B1-00D0B8ADC99A}.Debug|x64.ActiveCfg = Debug|x64
		{E8438ABF-EC44-4F01-86B1-00D0B8ADC99A}.Debug|x64.Build.0 = Debug|x64
		{E8438ABF-EC44-4F01-86B1-00D0B8ADC99A}.Debug|x86.ActiveCfg = Debug|Win32
		{E8438ABF-EC44-4F01-86B1-00D0B8ADC99A}.Debug|x86.Build.0 = Debug|Win32
		{E8438ABF-EC44-4F01-86B1-00D0B8ADC99A}.Release|x64.ActiveCfg = Release|x64
		{E8438ABF-EC44-4F01-86B1-00D0B8ADC99A}.Release|x64.Build.0 = Release|x64
		{E8438ABF-EC44-4F01-86B1-00D0B8ADC99A}.Release|x86.ActiveCfg = Release|Win32
		{E8438ABF-EC44-4F01-86B1-00D0B8ADC99A}.Release|x86.Build.0 = Release|Win32
		{096BF6CD-0A4C-433C-903D-6510D401469F}.Debug|x64.ActiveCfg = Debug|x64
		{096BF6CD-0A4C-433C-903D-6510D401469F}.Debug|x64.Build.0 = Debug|x64
		{096BF6CD-0A4C-433C-903D-6510D401469F}.Debug|x86.ActiveCfg = Debug|Win32
		{096BF6CD-0A4C-433C-903D-6510D401469F}.Debug|x86.Build.0 = Debug|Win32
		{096BF6CD-0A4C-433C-903D-6510D401469F}.Release|x64.ActiveCfg = Release|x64
		{096BF6CD-0A4C-433C-903D-6510D401469F}.Release|x64.Build.0 = Release|x64
		{096BF6CD-0A4C-433C-903D-6510D401469F}.Release|x86.ActiveCfg = Release|Win32
		{096BF6CD-0A4C-433C-903D-6510D401469F}.Release|x86.Build.0 = Release|Win32
		{66716EE4-F625-4C55-ABF3-B29757D802D1}.Debug|x64.ActiveCfg = Debug|x64
		{66716EE4-F625-4C55-ABF3-B29757D802D1}.Debug|x64.Build.0 = Debug|x64
		{66716EE4-F625-4C55-ABF3-B29757D802D1}.Debug|x86.ActiveCfg = Debug|Win32
		{66716EE4-F625-4C55-ABF3-B29757D802D1}.Debug|x86.Build.0 = Debug|Win32
		{66716EE4-F625-4C55-ABF3-B29757D802D1}.Release|x64.ActiveCfg = Release|x64
		{66716EE4-F625-4C55-ABF3-B29757D802D1}.Release|x64.Build.0 = Release|x64
		{66716EE4-F625-4C55-ABF3-B29757D802D1}.Release|x86.ActiveCfg = Release|Win32
		{66716EE4-F625-4C55-ABF3-B29757D802D1}.Release|x86.Build.0 = Release|Win32
		{6E2C8010-6689-4E8C-A6FD-779F5A78ADF0}.Debug|x64.ActiveCfg = Debug|x64
		{6E2C8010-6689-4E8C-A6FD-779F5A78ADF0}.Debug|x64.Build.0 = Debug|x64
		{6E2C8010-6689-4E8C-A6FD-779F5A78ADF0}.Debug|x86.ActiveCfg = Debug|Win32
		{6E2C8010-6689-4E8C-A6FD-779F5A78ADF0}.Debug|x86.Build.0 = Debug|Win32
		{6E2C8010-6689-4E8C-A6FD-779F5A78ADF0}.Release|x64.ActiveCfg = Release|x64
		{6E2C8010-6689-4E8C-A6FD-779F5A78ADF0}.Release|x64.Build.0 = Release|x64
		{6E2C8010-6689-4E8C-A6FD-779F5A78ADF0}.Release|x86.ActiveCfg = Release|Win32
		{6E2C8010-6689-4E8C-A6FD-779F5A78ADF0}.Release|x86.Build.0 = Release|Win32
		{0FC847CA-B110-476D-9F37-2C0CAAA9846E}.Debug|x64.ActiveCfg = Debug|x64
		{0FC847CA-B110-476D-9F37-2C0CAAA9846E}.Debug|x64.Build.0 = Debug|x64
		{0FC847CA-B110-476D-9F37-2C0CAAA9846E}.Debug|x86.ActiveCfg = Debug|Win32
		{0FC847CA-B110-476D-9F37-2C0CAAA9846E}.Debug|x86.Build.0 = Debug|Win32
		{0FC847CA-B110-476D-9F37-2C0CAAA9846E}.Release|x64.ActiveCfg = Release|x64
		{0FC847CA-B110-476D-9F37-2C0CAAA9846E}.Release|x64.Build.0 = Release|x64
		{0FC847CA-B110-476D-9F37-2C0CAAA9846E}.Release|x86.ActiveCfg = Release|Win32
		{0FC847CA-B110-476D-9F37-2C0CAAA9846E}.Release|x86.Build.0 = Release|Win32
		{9B203143-9BF7-40B8-AACA-87AEED601821}.Debug|x64.ActiveCfg = Debug|x64
		{9B203143-9BF7-40B8-AACA-87AEED601821}.Debug|x64.Build.0 = Debug|x64
		{9B203143-9BF7-40B8-AACA-87AEED601821}.Debug|x86.ActiveCfg = Debug|Win32
		{9B203143-9BF7-40B8-AACA-87AEED601821}.Debug|x86.Build.0 = Debug|Win32
		{9B203143-9BF7-40B8-AACA-87AEED601821}.Release|x64.ActiveCfg = Release|x64
		{9B203143-9BF7-40B8-AACA-87AEED601821}.Release|x64.Build.0 = Release|x64
		{9B203143-9BF7-40B8-AACA-87AEED601821}.Release|x86.ActiveCfg = Release|Win32
		{9B203143-9BF7-40B8-AACA-87AEED601821}.Release|x86.Build.0 = Release|Win32
		{438794C0-D81F-4ADA-B4E0-FAB29E810FA7}.Debug|x64.ActiveCfg = Debug|x64
		{438794C0-D81F-4ADA-B4E0-FAB29E810FA7}.Debug|x64.Build.0 = Debug|x64
		{438794C0-D81F-4ADA-B4E0-FAB29E810FA7}.Debug|x86.ActiveCfg = Debug|Win32
		{438794C0-D81F-4ADA-B4E0-FAB29E810FA7}.Debug|x86.Build.0 = Debug|Win32
		{438794C0-D81F-4ADA-B4E0-FAB29E810FA7}.Release|x64.ActiveCfg = Release|x64
		{438794C0-D81F-4ADA-B4E0-FAB29E810FA7}.Release|x64.Build.0 = Release|x64
		{438794C0-D81F-4ADA-B4E0-FAB29E810FA7}.Release|x86.ActiveCfg = Release|Win32
		{438794C0-D81F-4ADA-B4E0-FAB29E810FA7}.Release|x86.Build.0 = Release|Win32
		{E3615EC2-A258-4AD0-9593-065DBDA85AA1}.Debug|x64.ActiveCfg = Debug|x64
		{E3615EC2-A258-4AD0-9593-065DBDA85AA1}.Debug|x64.Build.0 = Debug|x64
		{E3615EC2-A258-4AD0-9593-065DBDA85AA1}.Debug|x86.ActiveCfg = Debug|Win32
		{E3615EC2-A258-4AD0-9593-065DBDA85AA1}.Debug|x86.Build.0 = Debug|Win32
		{E3615EC2-A258-4AD0-9593-065DBDA85AA1}.Release|x64.ActiveCfg = Release|x64
		{E3615EC2-A258-4AD0-9593-065DBDA85AA1}.Release|x64.Build.0 = Release|x64
		{E3615EC2-A258-4AD0-9593-065DBDA85AA1}.Release|x86.ActiveCfg = Release|Win32
		{E3615EC2-A258-4AD0-9593-065DBDA85AA1}.Release|x86.Build.0 = Release|Win32
		{A0883AFE-403E-45E8-BFA4-4F13D15E72C9}.Debug|x64.ActiveCfg = Debug|x64
		{A0883AFE-403E-45E8-BFA4-4F13D15E72C9}.Debug|x64.Build.0 = Debug|x64
		{A0883AFE-403E-45E8-BFA4-4F13D15E72C9}.Debug|x86.ActiveCfg = Debug|Win32
		{A0883AFE-403E-45E8-BFA4-4F13D15E72C9}.Debug|x86.Build.0 = Debug|Win32
		{A0883AFE-403E-45E8-BFA4-4F13D15E72C9}.Release|x64.ActiveCfg = Release|x64
		{A0883AFE-403E-45E8-BFA4-4F13D15E72C9}.Release|x64.Build.0 = Release|x64
		{A0883AFE-403E-45E8-BFA4-4F13D15E72C9}.Release|x86.ActiveCfg = Release|Win32
		{A0883AFE-403E-45E8-BFA4-4F13D15E72C9}.Release|x86.Build.0 = Release|Win32
		{7B59FE47-FCAD-4DE1-94A3-5D8C381C50F8}.Debug|x64.ActiveCfg = Debug|x64
		{7B59FE47-FCAD-4DE1-94A3-5D8C381C50F8}.Debug|x64.Build.0 = Debug|x64
		{7B59FE47-FCAD-4DE1-94A3-5D8C381C50F8}.Debug|x86.ActiveCfg = Debug|Win32
		{7B59FE47-FCAD-4DE1-94A3-5D8C381C50F8}.Debug|x86.Build.0 = Debug|Win32
		{7B59FE47-FCAD-4DE1-94A3-5D8C381C50F8}.Release|x64.ActiveCfg = Release|x64
		{7B59FE47-FCAD-4DE1-94A3-5D8C381C50F8}.Release|x64.Build.0 = Release|x64
		{7B59FE47-FCAD-4DE1-94A3-5D8C381C50F8}.Release|x86.ActiveCfg = Release|Win32
		{7B59FE47-FCAD-4DE1-94A3-5D8C381C50F8}.Release|x86.Build.0 = Release|Win32
		{70B3716A-07A2-4F74-9CDC-EB5A84ADD7FE}.Debug|x64.ActiveCfg = Debug|x64
		{70B3716A-07A2-4F74-9CDC-EB5A84ADD7FE}.Debug|x64.Build.0 = Debug|x64
		{70B3716A-07A2-4F74-9CDC-EB5A84ADD7FE}.Debug|x86.ActiveCfg = Debug|Win32
		{70B3716A-07A2-4F74-9CDC-EB5A84ADD7FE}.Debug|x86.Build.0 = Debug|Win32
		{70B3716A-07A2-4F74-9CDC-EB5A84ADD7FE}.Release|x64.ActiveCfg = Release|x64
		{70B3716A-07A2-4F74-9CDC-EB5A84ADD7FE}.Release|x64.Build.0 = Release|x64
		{70B3716A-07A2-4F74-9CDC-EB5A84ADD7FE}.Release|x86.ActiveCfg = Release|Win32
		{70B3716A-07A2-4F74-9CDC-EB5A84ADD7FE}.Release|x86.Build.0 = Release|Win32
	EndGlobalSection
	GlobalSection(SolutionProperties) = preSolution
		HideSolutionNode = FALSE
	EndGlobalSection
	GlobalSection(ExtensibilityGlobals) = postSolution
		SolutionGuid = {944A47C7-4E75-43FA-B880-B4BD1C4A8AEE}
	EndGlobalSection
EndGlobal
