
Microsoft Visual Studio Solution File, Format Version 12.00
# Visual Studio Version 17
VisualStudioVersion = 17.8.34309.116
MinimumVisualStudioVersion = 10.0.40219.1
Project("{8BC9CEB8-8B4A-11D0-8D11-00A0C91BC942}") = "09_01", "09_01\09_01.vcxproj", "{917F7F11-7BDC-4CD2-8D6F-28650D2FE8C0}"
EndProject
Project("{8BC9CEB8-8B4A-11D0-8D11-00A0C91BC942}") = "09_02", "09_02\09_02.vcxproj", "{589C3CC8-B287-481F-9E7D-FC8445C81174}"
EndProject
Project("{8BC9CEB8-8B4A-11D0-8D11-00A0C91BC942}") = "09_03", "09_03\09_03.vcxproj", "{6EDF7268-F298-4B26-B0D5-60FCE4D8D9FD}"
EndProject
Project("{8BC9CEB8-8B4A-11D0-8D11-00A0C91BC942}") = "09_04", "09_04\09_04.vcxproj", "{205C3807-6B47-420C-9CA5-244B3A83AE46}"
EndProject
Project("{8BC9CEB8-8B4A-11D0-8D11-00A0C91BC942}") = "09_05", "09_05\09_05.vcxproj", "{FBCADF5E-C229-4CA9-9371-BC67D0417254}"
EndProject
Project("{8BC9CEB8-8B4A-11D0-8D11-00A0C91BC942}") = "09_06", "09_06\09_06.vcxproj", "{AC265A6C-8C40-4B48-A7A8-CBE41BA6C010}"
EndProject
Project("{8BC9CEB8-8B4A-11D0-8D11-00A0C91BC942}") = "09_07", "09_07\09_07.vcxproj", "{6CF300CC-FE5D-41AD-9E06-7E0E00B50F19}"
EndProject
Project("{8BC9CEB8-8B4A-11D0-8D11-00A0C91BC942}") = "09_08", "09_08\09_08.vcxproj", "{499A52A5-CBC1-425F-A5D1-47A64CC28C3D}"
EndProject
Project("{8BC9CEB8-8B4A-11D0-8D11-00A0C91BC942}") = "09_09", "09_09\09_09.vcxproj", "{06792D64-82E5-4E2B-B644-8C1F6336E8CF}"
EndProject
Project("{8BC9CEB8-8B4A-11D0-8D11-00A0C91BC942}") = "09_10", "09_10\09_10.vcxproj", "{BA81536C-FC73-4F3F-BFAF-E4715EB09473}"
EndProject
Project("{8BC9CEB8-8B4A-11D0-8D11-00A0C91BC942}") = "09_11", "09_11\09_11.vcxproj", "{6007DC00-17D3-4CC1-8E0E-CAA673C8C9F0}"
EndProject
Project("{8BC9CEB8-8B4A-11D0-8D11-00A0C91BC942}") = "09_12", "09_12\09_12.vcxproj", "{2B5C3AA3-0CF3-4ADB-8998-45E59BD13815}"
EndProject
Project("{8BC9CEB8-8B4A-11D0-8D11-00A0C91BC942}") = "09_13", "09_13\09_13.vcxproj", "{71B9D644-EA6D-458A-BA94-2273B3E4E251}"
EndProject
Project("{8BC9CEB8-8B4A-11D0-8D11-00A0C91BC942}") = "09_14", "09_14\09_14.vcxproj", "{ED443962-B209-430F-BA21-3F6A4A6856EB}"
EndProject
Project("{8BC9CEB8-8B4A-11D0-8D11-00A0C91BC942}") = "09_15", "09_15\09_15.vcxproj", "{CF0A3650-23EA-4B5C-A1E3-9BE01B663C45}"
EndProject
Project("{8BC9CEB8-8B4A-11D0-8D11-00A0C91BC942}") = "09_16", "09_16\09_16.vcxproj", "{1BA43E68-58BB-4E32-B33C-05D2680B04BC}"
EndProject
Project("{8BC9CEB8-8B4A-11D0-8D11-00A0C91BC942}") = "09_17", "09_17\09_17.vcxproj", "{89CAD502-6F35-4FB6-A8D4-E67755C2D144}"
EndProject
Project("{8BC9CEB8-8B4A-11D0-8D11-00A0C91BC942}") = "09_18", "09_18\09_18.vcxproj", "{9A65CAB0-5502-42DC-A1EF-8ECFBE8EDD8F}"
EndProject
Global
	GlobalSection(SolutionConfigurationPlatforms) = preSolution
		Debug|x64 = Debug|x64
		Debug|x86 = Debug|x86
		Release|x64 = Release|x64
		Release|x86 = Release|x86
	EndGlobalSection
	GlobalSection(ProjectConfigurationPlatforms) = postSolution
		{917F7F11-7BDC-4CD2-8D6F-28650D2FE8C0}.Debug|x64.ActiveCfg = Debug|x64
		{917F7F11-7BDC-4CD2-8D6F-28650D2FE8C0}.Debug|x64.Build.0 = Debug|x64
		{917F7F11-7BDC-4CD2-8D6F-28650D2FE8C0}.Debug|x86.ActiveCfg = Debug|Win32
		{917F7F11-7BDC-4CD2-8D6F-28650D2FE8C0}.Debug|x86.Build.0 = Debug|Win32
		{917F7F11-7BDC-4CD2-8D6F-28650D2FE8C0}.Release|x64.ActiveCfg = Release|x64
		{917F7F11-7BDC-4CD2-8D6F-28650D2FE8C0}.Release|x64.Build.0 = Release|x64
		{917F7F11-7BDC-4CD2-8D6F-28650D2FE8C0}.Release|x86.ActiveCfg = Release|Win32
		{917F7F11-7BDC-4CD2-8D6F-28650D2FE8C0}.Release|x86.Build.0 = Release|Win32
		{589C3CC8-B287-481F-9E7D-FC8445C81174}.Debug|x64.ActiveCfg = Debug|x64
		{589C3CC8-B287-481F-9E7D-FC8445C81174}.Debug|x64.Build.0 = Debug|x64
		{589C3CC8-B287-481F-9E7D-FC8445C81174}.Debug|x86.ActiveCfg = Debug|Win32
		{589C3CC8-B287-481F-9E7D-FC8445C81174}.Debug|x86.Build.0 = Debug|Win32
		{589C3CC8-B287-481F-9E7D-FC8445C81174}.Release|x64.ActiveCfg = Release|x64
		{589C3CC8-B287-481F-9E7D-FC8445C81174}.Release|x64.Build.0 = Release|x64
		{589C3CC8-B287-481F-9E7D-FC8445C81174}.Release|x86.ActiveCfg = Release|Win32
		{589C3CC8-B287-481F-9E7D-FC8445C81174}.Release|x86.Build.0 = Release|Win32
		{6EDF7268-F298-4B26-B0D5-60FCE4D8D9FD}.Debug|x64.ActiveCfg = Debug|x64
		{6EDF7268-F298-4B26-B0D5-60FCE4D8D9FD}.Debug|x64.Build.0 = Debug|x64
		{6EDF7268-F298-4B26-B0D5-60FCE4D8D9FD}.Debug|x86.ActiveCfg = Debug|Win32
		{6EDF7268-F298-4B26-B0D5-60FCE4D8D9FD}.Debug|x86.Build.0 = Debug|Win32
		{6EDF7268-F298-4B26-B0D5-60FCE4D8D9FD}.Release|x64.ActiveCfg = Release|x64
		{6EDF7268-F298-4B26-B0D5-60FCE4D8D9FD}.Release|x64.Build.0 = Release|x64
		{6EDF7268-F298-4B26-B0D5-60FCE4D8D9FD}.Release|x86.ActiveCfg = Release|Win32
		{6EDF7268-F298-4B26-B0D5-60FCE4D8D9FD}.Release|x86.Build.0 = Release|Win32
		{205C3807-6B47-420C-9CA5-244B3A83AE46}.Debug|x64.ActiveCfg = Debug|x64
		{205C3807-6B47-420C-9CA5-244B3A83AE46}.Debug|x64.Build.0 = Debug|x64
		{205C3807-6B47-420C-9CA5-244B3A83AE46}.Debug|x86.ActiveCfg = Debug|Win32
		{205C3807-6B47-420C-9CA5-244B3A83AE46}.Debug|x86.Build.0 = Debug|Win32
		{205C3807-6B47-420C-9CA5-244B3A83AE46}.Release|x64.ActiveCfg = Release|x64
		{205C3807-6B47-420C-9CA5-244B3A83AE46}.Release|x64.Build.0 = Release|x64
		{205C3807-6B47-420C-9CA5-244B3A83AE46}.Release|x86.ActiveCfg = Release|Win32
		{205C3807-6B47-420C-9CA5-244B3A83AE46}.Release|x86.Build.0 = Release|Win32
		{FBCADF5E-C229-4CA9-9371-BC67D0417254}.Debug|x64.ActiveCfg = Debug|x64
		{FBCADF5E-C229-4CA9-9371-BC67D0417254}.Debug|x64.Build.0 = Debug|x64
		{FBCADF5E-C229-4CA9-9371-BC67D0417254}.Debug|x86.ActiveCfg = Debug|Win32
		{FBCADF5E-C229-4CA9-9371-BC67D0417254}.Debug|x86.Build.0 = Debug|Win32
		{FBCADF5E-C229-4CA9-9371-BC67D0417254}.Release|x64.ActiveCfg = Release|x64
		{FBCADF5E-C229-4CA9-9371-BC67D0417254}.Release|x64.Build.0 = Release|x64
		{FBCADF5E-C229-4CA9-9371-BC67D0417254}.Release|x86.ActiveCfg = Release|Win32
		{FBCADF5E-C229-4CA9-9371-BC67D0417254}.Release|x86.Build.0 = Release|Win32
		{AC265A6C-8C40-4B48-A7A8-CBE41BA6C010}.Debug|x64.ActiveCfg = Debug|x64
		{AC265A6C-8C40-4B48-A7A8-CBE41BA6C010}.Debug|x64.Build.0 = Debug|x64
		{AC265A6C-8C40-4B48-A7A8-CBE41BA6C010}.Debug|x86.ActiveCfg = Debug|Win32
		{AC265A6C-8C40-4B48-A7A8-CBE41BA6C010}.Debug|x86.Build.0 = Debug|Win32
		{AC265A6C-8C40-4B48-A7A8-CBE41BA6C010}.Release|x64.ActiveCfg = Release|x64
		{AC265A6C-8C40-4B48-A7A8-CBE41BA6C010}.Release|x64.Build.0 = Release|x64
		{AC265A6C-8C40-4B48-A7A8-CBE41BA6C010}.Release|x86.ActiveCfg = Release|Win32
		{AC265A6C-8C40-4B48-A7A8-CBE41BA6C010}.Release|x86.Build.0 = Release|Win32
		{6CF300CC-FE5D-41AD-9E06-7E0E00B50F19}.Debug|x64.ActiveCfg = Debug|x64
		{6CF300CC-FE5D-41AD-9E06-7E0E00B50F19}.Debug|x64.Build.0 = Debug|x64
		{6CF300CC-FE5D-41AD-9E06-7E0E00B50F19}.Debug|x86.ActiveCfg = Debug|Win32
		{6CF300CC-FE5D-41AD-9E06-7E0E00B50F19}.Debug|x86.Build.0 = Debug|Win32
		{6CF300CC-FE5D-41AD-9E06-7E0E00B50F19}.Release|x64.ActiveCfg = Release|x64
		{6CF300CC-FE5D-41AD-9E06-7E0E00B50F19}.Release|x64.Build.0 = Release|x64
		{6CF300CC-FE5D-41AD-9E06-7E0E00B50F19}.Release|x86.ActiveCfg = Release|Win32
		{6CF300CC-FE5D-41AD-9E06-7E0E00B50F19}.Release|x86.Build.0 = Release|Win32
		{499A52A5-CBC1-425F-A5D1-47A64CC28C3D}.Debug|x64.ActiveCfg = Debug|x64
		{499A52A5-CBC1-425F-A5D1-47A64CC28C3D}.Debug|x64.Build.0 = Debug|x64
		{499A52A5-CBC1-425F-A5D1-47A64CC28C3D}.Debug|x86.ActiveCfg = Debug|Win32
		{499A52A5-CBC1-425F-A5D1-47A64CC28C3D}.Debug|x86.Build.0 = Debug|Win32
		{499A52A5-CBC1-425F-A5D1-47A64CC28C3D}.Release|x64.ActiveCfg = Release|x64
		{499A52A5-CBC1-425F-A5D1-47A64CC28C3D}.Release|x64.Build.0 = Release|x64
		{499A52A5-CBC1-425F-A5D1-47A64CC28C3D}.Release|x86.ActiveCfg = Release|Win32
		{499A52A5-CBC1-425F-A5D1-47A64CC28C3D}.Release|x86.Build.0 = Release|Win32
		{06792D64-82E5-4E2B-B644-8C1F6336E8CF}.Debug|x64.ActiveCfg = Debug|x64
		{06792D64-82E5-4E2B-B644-8C1F6336E8CF}.Debug|x64.Build.0 = Debug|x64
		{06792D64-82E5-4E2B-B644-8C1F6336E8CF}.Debug|x86.ActiveCfg = Debug|Win32
		{06792D64-82E5-4E2B-B644-8C1F6336E8CF}.Debug|x86.Build.0 = Debug|Win32
		{06792D64-82E5-4E2B-B644-8C1F6336E8CF}.Release|x64.ActiveCfg = Release|x64
		{06792D64-82E5-4E2B-B644-8C1F6336E8CF}.Release|x64.Build.0 = Release|x64
		{06792D64-82E5-4E2B-B644-8C1F6336E8CF}.Release|x86.ActiveCfg = Release|Win32
		{06792D64-82E5-4E2B-B644-8C1F6336E8CF}.Release|x86.Build.0 = Release|Win32
		{BA81536C-FC73-4F3F-BFAF-E4715EB09473}.Debug|x64.ActiveCfg = Debug|x64
		{BA81536C-FC73-4F3F-BFAF-E4715EB09473}.Debug|x64.Build.0 = Debug|x64
		{BA81536C-FC73-4F3F-BFAF-E4715EB09473}.Debug|x86.ActiveCfg = Debug|Win32
		{BA81536C-FC73-4F3F-BFAF-E4715EB09473}.Debug|x86.Build.0 = Debug|Win32
		{BA81536C-FC73-4F3F-BFAF-E4715EB09473}.Release|x64.ActiveCfg = Release|x64
		{BA81536C-FC73-4F3F-BFAF-E4715EB09473}.Release|x64.Build.0 = Release|x64
		{BA81536C-FC73-4F3F-BFAF-E4715EB09473}.Release|x86.ActiveCfg = Release|Win32
		{BA81536C-FC73-4F3F-BFAF-E4715EB09473}.Release|x86.Build.0 = Release|Win32
		{6007DC00-17D3-4CC1-8E0E-CAA673C8C9F0}.Debug|x64.ActiveCfg = Debug|x64
		{6007DC00-17D3-4CC1-8E0E-CAA673C8C9F0}.Debug|x64.Build.0 = Debug|x64
		{6007DC00-17D3-4CC1-8E0E-CAA673C8C9F0}.Debug|x86.ActiveCfg = Debug|Win32
		{6007DC00-17D3-4CC1-8E0E-CAA673C8C9F0}.Debug|x86.Build.0 = Debug|Win32
		{6007DC00-17D3-4CC1-8E0E-CAA673C8C9F0}.Release|x64.ActiveCfg = Release|x64
		{6007DC00-17D3-4CC1-8E0E-CAA673C8C9F0}.Release|x64.Build.0 = Release|x64
		{6007DC00-17D3-4CC1-8E0E-CAA673C8C9F0}.Release|x86.ActiveCfg = Release|Win32
		{6007DC00-17D3-4CC1-8E0E-CAA673C8C9F0}.Release|x86.Build.0 = Release|Win32
		{2B5C3AA3-0CF3-4ADB-8998-45E59BD13815}.Debug|x64.ActiveCfg = Debug|x64
		{2B5C3AA3-0CF3-4ADB-8998-45E59BD13815}.Debug|x64.Build.0 = Debug|x64
		{2B5C3AA3-0CF3-4ADB-8998-45E59BD13815}.Debug|x86.ActiveCfg = Debug|Win32
		{2B5C3AA3-0CF3-4ADB-8998-45E59BD13815}.Debug|x86.Build.0 = Debug|Win32
		{2B5C3AA3-0CF3-4ADB-8998-45E59BD13815}.Release|x64.ActiveCfg = Release|x64
		{2B5C3AA3-0CF3-4ADB-8998-45E59BD13815}.Release|x64.Build.0 = Release|x64
		{2B5C3AA3-0CF3-4ADB-8998-45E59BD13815}.Release|x86.ActiveCfg = Release|Win32
		{2B5C3AA3-0CF3-4ADB-8998-45E59BD13815}.Release|x86.Build.0 = Release|Win32
		{71B9D644-EA6D-458A-BA94-2273B3E4E251}.Debug|x64.ActiveCfg = Debug|x64
		{71B9D644-EA6D-458A-BA94-2273B3E4E251}.Debug|x64.Build.0 = Debug|x64
		{71B9D644-EA6D-458A-BA94-2273B3E4E251}.Debug|x86.ActiveCfg = Debug|Win32
		{71B9D644-EA6D-458A-BA94-2273B3E4E251}.Debug|x86.Build.0 = Debug|Win32
		{71B9D644-EA6D-458A-BA94-2273B3E4E251}.Release|x64.ActiveCfg = Release|x64
		{71B9D644-EA6D-458A-BA94-2273B3E4E251}.Release|x64.Build.0 = Release|x64
		{71B9D644-EA6D-458A-BA94-2273B3E4E251}.Release|x86.ActiveCfg = Release|Win32
		{71B9D644-EA6D-458A-BA94-2273B3E4E251}.Release|x86.Build.0 = Release|Win32
		{ED443962-B209-430F-BA21-3F6A4A6856EB}.Debug|x64.ActiveCfg = Debug|x64
		{ED443962-B209-430F-BA21-3F6A4A6856EB}.Debug|x64.Build.0 = Debug|x64
		{ED443962-B209-430F-BA21-3F6A4A6856EB}.Debug|x86.ActiveCfg = Debug|Win32
		{ED443962-B209-430F-BA21-3F6A4A6856EB}.Debug|x86.Build.0 = Debug|Win32
		{ED443962-B209-430F-BA21-3F6A4A6856EB}.Release|x64.ActiveCfg = Release|x64
		{ED443962-B209-430F-BA21-3F6A4A6856EB}.Release|x64.Build.0 = Release|x64
		{ED443962-B209-430F-BA21-3F6A4A6856EB}.Release|x86.ActiveCfg = Release|Win32
		{ED443962-B209-430F-BA21-3F6A4A6856EB}.Release|x86.Build.0 = Release|Win32
		{CF0A3650-23EA-4B5C-A1E3-9BE01B663C45}.Debug|x64.ActiveCfg = Debug|x64
		{CF0A3650-23EA-4B5C-A1E3-9BE01B663C45}.Debug|x64.Build.0 = Debug|x64
		{CF0A3650-23EA-4B5C-A1E3-9BE01B663C45}.Debug|x86.ActiveCfg = Debug|Win32
		{CF0A3650-23EA-4B5C-A1E3-9BE01B663C45}.Debug|x86.Build.0 = Debug|Win32
		{CF0A3650-23EA-4B5C-A1E3-9BE01B663C45}.Release|x64.ActiveCfg = Release|x64
		{CF0A3650-23EA-4B5C-A1E3-9BE01B663C45}.Release|x64.Build.0 = Release|x64
		{CF0A3650-23EA-4B5C-A1E3-9BE01B663C45}.Release|x86.ActiveCfg = Release|Win32
		{CF0A3650-23EA-4B5C-A1E3-9BE01B663C45}.Release|x86.Build.0 = Release|Win32
		{1BA43E68-58BB-4E32-B33C-05D2680B04BC}.Debug|x64.ActiveCfg = Debug|x64
		{1BA43E68-58BB-4E32-B33C-05D2680B04BC}.Debug|x64.Build.0 = Debug|x64
		{1BA43E68-58BB-4E32-B33C-05D2680B04BC}.Debug|x86.ActiveCfg = Debug|Win32
		{1BA43E68-58BB-4E32-B33C-05D2680B04BC}.Debug|x86.Build.0 = Debug|Win32
		{1BA43E68-58BB-4E32-B33C-05D2680B04BC}.Release|x64.ActiveCfg = Release|x64
		{1BA43E68-58BB-4E32-B33C-05D2680B04BC}.Release|x64.Build.0 = Release|x64
		{1BA43E68-58BB-4E32-B33C-05D2680B04BC}.Release|x86.ActiveCfg = Release|Win32
		{1BA43E68-58BB-4E32-B33C-05D2680B04BC}.Release|x86.Build.0 = Release|Win32
		{89CAD502-6F35-4FB6-A8D4-E67755C2D144}.Debug|x64.ActiveCfg = Debug|x64
		{89CAD502-6F35-4FB6-A8D4-E67755C2D144}.Debug|x64.Build.0 = Debug|x64
		{89CAD502-6F35-4FB6-A8D4-E67755C2D144}.Debug|x86.ActiveCfg = Debug|Win32
		{89CAD502-6F35-4FB6-A8D4-E67755C2D144}.Debug|x86.Build.0 = Debug|Win32
		{89CAD502-6F35-4FB6-A8D4-E67755C2D144}.Release|x64.ActiveCfg = Release|x64
		{89CAD502-6F35-4FB6-A8D4-E67755C2D144}.Release|x64.Build.0 = Release|x64
		{89CAD502-6F35-4FB6-A8D4-E67755C2D144}.Release|x86.ActiveCfg = Release|Win32
		{89CAD502-6F35-4FB6-A8D4-E67755C2D144}.Release|x86.Build.0 = Release|Win32
		{9A65CAB0-5502-42DC-A1EF-8ECFBE8EDD8F}.Debug|x64.ActiveCfg = Debug|x64
		{9A65CAB0-5502-42DC-A1EF-8ECFBE8EDD8F}.Debug|x64.Build.0 = Debug|x64
		{9A65CAB0-5502-42DC-A1EF-8ECFBE8EDD8F}.Debug|x86.ActiveCfg = Debug|Win32
		{9A65CAB0-5502-42DC-A1EF-8ECFBE8EDD8F}.Debug|x86.Build.0 = Debug|Win32
		{9A65CAB0-5502-42DC-A1EF-8ECFBE8EDD8F}.Release|x64.ActiveCfg = Release|x64
		{9A65CAB0-5502-42DC-A1EF-8ECFBE8EDD8F}.Release|x64.Build.0 = Release|x64
		{9A65CAB0-5502-42DC-A1EF-8ECFBE8EDD8F}.Release|x86.ActiveCfg = Release|Win32
		{9A65CAB0-5502-42DC-A1EF-8ECFBE8EDD8F}.Release|x86.Build.0 = Release|Win32
	EndGlobalSection
	GlobalSection(SolutionProperties) = preSolution
		HideSolutionNode = FALSE
	EndGlobalSection
	GlobalSection(ExtensibilityGlobals) = postSolution
		SolutionGuid = {2E2CC6AB-F544-4506-9E0F-219E6007433E}
	EndGlobalSection
EndGlobal
