
Microsoft Visual Studio Solution File, Format Version 12.00
# Visual Studio Version 17
VisualStudioVersion = 17.8.34322.80
MinimumVisualStudioVersion = 10.0.40219.1
Project("{8BC9CEB8-8B4A-11D0-8D11-00A0C91BC942}") = "10_01", "10_01\10_01.vcxproj", "{31204654-38C0-464C-B1C9-A13C0FA40394}"
EndProject
Project("{8BC9CEB8-8B4A-11D0-8D11-00A0C91BC942}") = "10_02", "10_02\10_02.vcxproj", "{2EEDFF63-C7AF-4189-8255-03A70988723D}"
EndProject
Project("{8BC9CEB8-8B4A-11D0-8D11-00A0C91BC942}") = "10_03", "10_03\10_03.vcxproj", "{A157819D-7F20-4DEB-8F5D-CC97C550E1E6}"
EndProject
Project("{8BC9CEB8-8B4A-11D0-8D11-00A0C91BC942}") = "10_04", "10_04\10_04.vcxproj", "{D7F8C888-F63A-4A62-8B0C-FCA0C69AD8A1}"
EndProject
Project("{8BC9CEB8-8B4A-11D0-8D11-00A0C91BC942}") = "10_05", "10_05\10_05.vcxproj", "{2A2D624C-D740-41CF-B684-486FC59C836B}"
EndProject
Project("{8BC9CEB8-8B4A-11D0-8D11-00A0C91BC942}") = "10_06", "10_06\10_06.vcxproj", "{2CECDF22-90A0-46C6-8DBD-79559102F778}"
EndProject
Project("{8BC9CEB8-8B4A-11D0-8D11-00A0C91BC942}") = "10_07", "10_07\10_07.vcxproj", "{75C6A3A5-1CE3-4904-8673-650DA05B468E}"
EndProject
Project("{8BC9CEB8-8B4A-11D0-8D11-00A0C91BC942}") = "10_08", "10_08\10_08.vcxproj", "{AC398EA3-CC67-4A9E-86DE-6890BAEB818D}"
EndProject
Project("{8BC9CEB8-8B4A-11D0-8D11-00A0C91BC942}") = "10_09", "10_09\10_09.vcxproj", "{0017F3E5-5102-49B0-9CB7-AEEE54C39582}"
EndProject
Project("{8BC9CEB8-8B4A-11D0-8D11-00A0C91BC942}") = "10_10", "10_10\10_10.vcxproj", "{27335343-6C1D-4113-B0F6-974BF54E7212}"
EndProject
Project("{8BC9CEB8-8B4A-11D0-8D11-00A0C91BC942}") = "10_11", "10_11\10_11.vcxproj", "{8632B56A-533C-4FBE-8302-2C92C7D4B740}"
EndProject
Project("{8BC9CEB8-8B4A-11D0-8D11-00A0C91BC942}") = "10_12", "10_12\10_12.vcxproj", "{7AA9EAD8-A90A-44B2-AA49-3C1D1028AF8F}"
EndProject
Project("{8BC9CEB8-8B4A-11D0-8D11-00A0C91BC942}") = "10_13", "10_13\10_13.vcxproj", "{7A670D2A-FC78-49B7-A8A2-44982B28F65C}"
EndProject
Project("{8BC9CEB8-8B4A-11D0-8D11-00A0C91BC942}") = "10_14", "10_14\10_14.vcxproj", "{67FD08F9-FF76-4B48-BA33-EBB6B51E0FFF}"
EndProject
Project("{8BC9CEB8-8B4A-11D0-8D11-00A0C91BC942}") = "10_15", "10_15\10_15.vcxproj", "{6956B2B8-BFF7-4D22-9B2F-F1AA8532A234}"
EndProject
Project("{8BC9CEB8-8B4A-11D0-8D11-00A0C91BC942}") = "10_16", "10_16\10_16.vcxproj", "{7550954D-5EAA-4F62-83C5-C227AB186B60}"
EndProject
Project("{8BC9CEB8-8B4A-11D0-8D11-00A0C91BC942}") = "10_17", "10_17\10_17.vcxproj", "{E1AED0D8-9F29-4649-803B-01F0B34E1780}"
EndProject
Project("{8BC9CEB8-8B4A-11D0-8D11-00A0C91BC942}") = "10_18", "10_18\10_18.vcxproj", "{291F769F-D1D7-4DC3-8FE6-C18EB2F31F70}"
EndProject
Global
	GlobalSection(SolutionConfigurationPlatforms) = preSolution
		Debug|x64 = Debug|x64
		Debug|x86 = Debug|x86
		Release|x64 = Release|x64
		Release|x86 = Release|x86
	EndGlobalSection
	GlobalSection(ProjectConfigurationPlatforms) = postSolution
		{31204654-38C0-464C-B1C9-A13C0FA40394}.Debug|x64.ActiveCfg = Debug|x64
		{31204654-38C0-464C-B1C9-A13C0FA40394}.Debug|x64.Build.0 = Debug|x64
		{31204654-38C0-464C-B1C9-A13C0FA40394}.Debug|x86.ActiveCfg = Debug|Win32
		{31204654-38C0-464C-B1C9-A13C0FA40394}.Debug|x86.Build.0 = Debug|Win32
		{31204654-38C0-464C-B1C9-A13C0FA40394}.Release|x64.ActiveCfg = Release|x64
		{31204654-38C0-464C-B1C9-A13C0FA40394}.Release|x64.Build.0 = Release|x64
		{31204654-38C0-464C-B1C9-A13C0FA40394}.Release|x86.ActiveCfg = Release|Win32
		{31204654-38C0-464C-B1C9-A13C0FA40394}.Release|x86.Build.0 = Release|Win32
		{2EEDFF63-C7AF-4189-8255-03A70988723D}.Debug|x64.ActiveCfg = Debug|x64
		{2EEDFF63-C7AF-4189-8255-03A70988723D}.Debug|x64.Build.0 = Debug|x64
		{2EEDFF63-C7AF-4189-8255-03A70988723D}.Debug|x86.ActiveCfg = Debug|Win32
		{2EEDFF63-C7AF-4189-8255-03A70988723D}.Debug|x86.Build.0 = Debug|Win32
		{2EEDFF63-C7AF-4189-8255-03A70988723D}.Release|x64.ActiveCfg = Release|x64
		{2EEDFF63-C7AF-4189-8255-03A70988723D}.Release|x64.Build.0 = Release|x64
		{2EEDFF63-C7AF-4189-8255-03A70988723D}.Release|x86.ActiveCfg = Release|Win32
		{2EEDFF63-C7AF-4189-8255-03A70988723D}.Release|x86.Build.0 = Release|Win32
		{A157819D-7F20-4DEB-8F5D-CC97C550E1E6}.Debug|x64.ActiveCfg = Debug|x64
		{A157819D-7F20-4DEB-8F5D-CC97C550E1E6}.Debug|x64.Build.0 = Debug|x64
		{A157819D-7F20-4DEB-8F5D-CC97C550E1E6}.Debug|x86.ActiveCfg = Debug|Win32
		{A157819D-7F20-4DEB-8F5D-CC97C550E1E6}.Debug|x86.Build.0 = Debug|Win32
		{A157819D-7F20-4DEB-8F5D-CC97C550E1E6}.Release|x64.ActiveCfg = Release|x64
		{A157819D-7F20-4DEB-8F5D-CC97C550E1E6}.Release|x64.Build.0 = Release|x64
		{A157819D-7F20-4DEB-8F5D-CC97C550E1E6}.Release|x86.ActiveCfg = Release|Win32
		{A157819D-7F20-4DEB-8F5D-CC97C550E1E6}.Release|x86.Build.0 = Release|Win32
		{D7F8C888-F63A-4A62-8B0C-FCA0C69AD8A1}.Debug|x64.ActiveCfg = Debug|x64
		{D7F8C888-F63A-4A62-8B0C-FCA0C69AD8A1}.Debug|x64.Build.0 = Debug|x64
		{D7F8C888-F63A-4A62-8B0C-FCA0C69AD8A1}.Debug|x86.ActiveCfg = Debug|Win32
		{D7F8C888-F63A-4A62-8B0C-FCA0C69AD8A1}.Debug|x86.Build.0 = Debug|Win32
		{D7F8C888-F63A-4A62-8B0C-FCA0C69AD8A1}.Release|x64.ActiveCfg = Release|x64
		{D7F8C888-F63A-4A62-8B0C-FCA0C69AD8A1}.Release|x64.Build.0 = Release|x64
		{D7F8C888-F63A-4A62-8B0C-FCA0C69AD8A1}.Release|x86.ActiveCfg = Release|Win32
		{D7F8C888-F63A-4A62-8B0C-FCA0C69AD8A1}.Release|x86.Build.0 = Release|Win32
		{2A2D624C-D740-41CF-B684-486FC59C836B}.Debug|x64.ActiveCfg = Debug|x64
		{2A2D624C-D740-41CF-B684-486FC59C836B}.Debug|x64.Build.0 = Debug|x64
		{2A2D624C-D740-41CF-B684-486FC59C836B}.Debug|x86.ActiveCfg = Debug|Win32
		{2A2D624C-D740-41CF-B684-486FC59C836B}.Debug|x86.Build.0 = Debug|Win32
		{2A2D624C-D740-41CF-B684-486FC59C836B}.Release|x64.ActiveCfg = Release|x64
		{2A2D624C-D740-41CF-B684-486FC59C836B}.Release|x64.Build.0 = Release|x64
		{2A2D624C-D740-41CF-B684-486FC59C836B}.Release|x86.ActiveCfg = Release|Win32
		{2A2D624C-D740-41CF-B684-486FC59C836B}.Release|x86.Build.0 = Release|Win32
		{2CECDF22-90A0-46C6-8DBD-79559102F778}.Debug|x64.ActiveCfg = Debug|x64
		{2CECDF22-90A0-46C6-8DBD-79559102F778}.Debug|x64.Build.0 = Debug|x64
		{2CECDF22-90A0-46C6-8DBD-79559102F778}.Debug|x86.ActiveCfg = Debug|Win32
		{2CECDF22-90A0-46C6-8DBD-79559102F778}.Debug|x86.Build.0 = Debug|Win32
		{2CECDF22-90A0-46C6-8DBD-79559102F778}.Release|x64.ActiveCfg = Release|x64
		{2CECDF22-90A0-46C6-8DBD-79559102F778}.Release|x64.Build.0 = Release|x64
		{2CECDF22-90A0-46C6-8DBD-79559102F778}.Release|x86.ActiveCfg = Release|Win32
		{2CECDF22-90A0-46C6-8DBD-79559102F778}.Release|x86.Build.0 = Release|Win32
		{75C6A3A5-1CE3-4904-8673-650DA05B468E}.Debug|x64.ActiveCfg = Debug|x64
		{75C6A3A5-1CE3-4904-8673-650DA05B468E}.Debug|x64.Build.0 = Debug|x64
		{75C6A3A5-1CE3-4904-8673-650DA05B468E}.Debug|x86.ActiveCfg = Debug|Win32
		{75C6A3A5-1CE3-4904-8673-650DA05B468E}.Debug|x86.Build.0 = Debug|Win32
		{75C6A3A5-1CE3-4904-8673-650DA05B468E}.Release|x64.ActiveCfg = Release|x64
		{75C6A3A5-1CE3-4904-8673-650DA05B468E}.Release|x64.Build.0 = Release|x64
		{75C6A3A5-1CE3-4904-8673-650DA05B468E}.Release|x86.ActiveCfg = Release|Win32
		{75C6A3A5-1CE3-4904-8673-650DA05B468E}.Release|x86.Build.0 = Release|Win32
		{AC398EA3-CC67-4A9E-86DE-6890BAEB818D}.Debug|x64.ActiveCfg = Debug|x64
		{AC398EA3-CC67-4A9E-86DE-6890BAEB818D}.Debug|x64.Build.0 = Debug|x64
		{AC398EA3-CC67-4A9E-86DE-6890BAEB818D}.Debug|x86.ActiveCfg = Debug|Win32
		{AC398EA3-CC67-4A9E-86DE-6890BAEB818D}.Debug|x86.Build.0 = Debug|Win32
		{AC398EA3-CC67-4A9E-86DE-6890BAEB818D}.Release|x64.ActiveCfg = Release|x64
		{AC398EA3-CC67-4A9E-86DE-6890BAEB818D}.Release|x64.Build.0 = Release|x64
		{AC398EA3-CC67-4A9E-86DE-6890BAEB818D}.Release|x86.ActiveCfg = Release|Win32
		{AC398EA3-CC67-4A9E-86DE-6890BAEB818D}.Release|x86.Build.0 = Release|Win32
		{0017F3E5-5102-49B0-9CB7-AEEE54C39582}.Debug|x64.ActiveCfg = Debug|x64
		{0017F3E5-5102-49B0-9CB7-AEEE54C39582}.Debug|x64.Build.0 = Debug|x64
		{0017F3E5-5102-49B0-9CB7-AEEE54C39582}.Debug|x86.ActiveCfg = Debug|Win32
		{0017F3E5-5102-49B0-9CB7-AEEE54C39582}.Debug|x86.Build.0 = Debug|Win32
		{0017F3E5-5102-49B0-9CB7-AEEE54C39582}.Release|x64.ActiveCfg = Release|x64
		{0017F3E5-5102-49B0-9CB7-AEEE54C39582}.Release|x64.Build.0 = Release|x64
		{0017F3E5-5102-49B0-9CB7-AEEE54C39582}.Release|x86.ActiveCfg = Release|Win32
		{0017F3E5-5102-49B0-9CB7-AEEE54C39582}.Release|x86.Build.0 = Release|Win32
		{27335343-6C1D-4113-B0F6-974BF54E7212}.Debug|x64.ActiveCfg = Debug|x64
		{27335343-6C1D-4113-B0F6-974BF54E7212}.Debug|x64.Build.0 = Debug|x64
		{27335343-6C1D-4113-B0F6-974BF54E7212}.Debug|x86.ActiveCfg = Debug|Win32
		{27335343-6C1D-4113-B0F6-974BF54E7212}.Debug|x86.Build.0 = Debug|Win32
		{27335343-6C1D-4113-B0F6-974BF54E7212}.Release|x64.ActiveCfg = Release|x64
		{27335343-6C1D-4113-B0F6-974BF54E7212}.Release|x64.Build.0 = Release|x64
		{27335343-6C1D-4113-B0F6-974BF54E7212}.Release|x86.ActiveCfg = Release|Win32
		{27335343-6C1D-4113-B0F6-974BF54E7212}.Release|x86.Build.0 = Release|Win32
		{8632B56A-533C-4FBE-8302-2C92C7D4B740}.Debug|x64.ActiveCfg = Debug|x64
		{8632B56A-533C-4FBE-8302-2C92C7D4B740}.Debug|x64.Build.0 = Debug|x64
		{8632B56A-533C-4FBE-8302-2C92C7D4B740}.Debug|x86.ActiveCfg = Debug|Win32
		{8632B56A-533C-4FBE-8302-2C92C7D4B740}.Debug|x86.Build.0 = Debug|Win32
		{8632B56A-533C-4FBE-8302-2C92C7D4B740}.Release|x64.ActiveCfg = Release|x64
		{8632B56A-533C-4FBE-8302-2C92C7D4B740}.Release|x64.Build.0 = Release|x64
		{8632B56A-533C-4FBE-8302-2C92C7D4B740}.Release|x86.ActiveCfg = Release|Win32
		{8632B56A-533C-4FBE-8302-2C92C7D4B740}.Release|x86.Build.0 = Release|Win32
		{7AA9EAD8-A90A-44B2-AA49-3C1D1028AF8F}.Debug|x64.ActiveCfg = Debug|x64
		{7AA9EAD8-A90A-44B2-AA49-3C1D1028AF8F}.Debug|x64.Build.0 = Debug|x64
		{7AA9EAD8-A90A-44B2-AA49-3C1D1028AF8F}.Debug|x86.ActiveCfg = Debug|Win32
		{7AA9EAD8-A90A-44B2-AA49-3C1D1028AF8F}.Debug|x86.Build.0 = Debug|Win32
		{7AA9EAD8-A90A-44B2-AA49-3C1D1028AF8F}.Release|x64.ActiveCfg = Release|x64
		{7AA9EAD8-A90A-44B2-AA49-3C1D1028AF8F}.Release|x64.Build.0 = Release|x64
		{7AA9EAD8-A90A-44B2-AA49-3C1D1028AF8F}.Release|x86.ActiveCfg = Release|Win32
		{7AA9EAD8-A90A-44B2-AA49-3C1D1028AF8F}.Release|x86.Build.0 = Release|Win32
		{7A670D2A-FC78-49B7-A8A2-44982B28F65C}.Debug|x64.ActiveCfg = Debug|x64
		{7A670D2A-FC78-49B7-A8A2-44982B28F65C}.Debug|x64.Build.0 = Debug|x64
		{7A670D2A-FC78-49B7-A8A2-44982B28F65C}.Debug|x86.ActiveCfg = Debug|Win32
		{7A670D2A-FC78-49B7-A8A2-44982B28F65C}.Debug|x86.Build.0 = Debug|Win32
		{7A670D2A-FC78-49B7-A8A2-44982B28F65C}.Release|x64.ActiveCfg = Release|x64
		{7A670D2A-FC78-49B7-A8A2-44982B28F65C}.Release|x64.Build.0 = Release|x64
		{7A670D2A-FC78-49B7-A8A2-44982B28F65C}.Release|x86.ActiveCfg = Release|Win32
		{7A670D2A-FC78-49B7-A8A2-44982B28F65C}.Release|x86.Build.0 = Release|Win32
		{67FD08F9-FF76-4B48-BA33-EBB6B51E0FFF}.Debug|x64.ActiveCfg = Debug|x64
		{67FD08F9-FF76-4B48-BA33-EBB6B51E0FFF}.Debug|x64.Build.0 = Debug|x64
		{67FD08F9-FF76-4B48-BA33-EBB6B51E0FFF}.Debug|x86.ActiveCfg = Debug|Win32
		{67FD08F9-FF76-4B48-BA33-EBB6B51E0FFF}.Debug|x86.Build.0 = Debug|Win32
		{67FD08F9-FF76-4B48-BA33-EBB6B51E0FFF}.Release|x64.ActiveCfg = Release|x64
		{67FD08F9-FF76-4B48-BA33-EBB6B51E0FFF}.Release|x64.Build.0 = Release|x64
		{67FD08F9-FF76-4B48-BA33-EBB6B51E0FFF}.Release|x86.ActiveCfg = Release|Win32
		{67FD08F9-FF76-4B48-BA33-EBB6B51E0FFF}.Release|x86.Build.0 = Release|Win32
		{6956B2B8-BFF7-4D22-9B2F-F1AA8532A234}.Debug|x64.ActiveCfg = Debug|x64
		{6956B2B8-BFF7-4D22-9B2F-F1AA8532A234}.Debug|x64.Build.0 = Debug|x64
		{6956B2B8-BFF7-4D22-9B2F-F1AA8532A234}.Debug|x86.ActiveCfg = Debug|Win32
		{6956B2B8-BFF7-4D22-9B2F-F1AA8532A234}.Debug|x86.Build.0 = Debug|Win32
		{6956B2B8-BFF7-4D22-9B2F-F1AA8532A234}.Release|x64.ActiveCfg = Release|x64
		{6956B2B8-BFF7-4D22-9B2F-F1AA8532A234}.Release|x64.Build.0 = Release|x64
		{6956B2B8-BFF7-4D22-9B2F-F1AA8532A234}.Release|x86.ActiveCfg = Release|Win32
		{6956B2B8-BFF7-4D22-9B2F-F1AA8532A234}.Release|x86.Build.0 = Release|Win32
		{7550954D-5EAA-4F62-83C5-C227AB186B60}.Debug|x64.ActiveCfg = Debug|x64
		{7550954D-5EAA-4F62-83C5-C227AB186B60}.Debug|x64.Build.0 = Debug|x64
		{7550954D-5EAA-4F62-83C5-C227AB186B60}.Debug|x86.ActiveCfg = Debug|Win32
		{7550954D-5EAA-4F62-83C5-C227AB186B60}.Debug|x86.Build.0 = Debug|Win32
		{7550954D-5EAA-4F62-83C5-C227AB186B60}.Release|x64.ActiveCfg = Release|x64
		{7550954D-5EAA-4F62-83C5-C227AB186B60}.Release|x64.Build.0 = Release|x64
		{7550954D-5EAA-4F62-83C5-C227AB186B60}.Release|x86.ActiveCfg = Release|Win32
		{7550954D-5EAA-4F62-83C5-C227AB186B60}.Release|x86.Build.0 = Release|Win32
		{E1AED0D8-9F29-4649-803B-01F0B34E1780}.Debug|x64.ActiveCfg = Debug|x64
		{E1AED0D8-9F29-4649-803B-01F0B34E1780}.Debug|x64.Build.0 = Debug|x64
		{E1AED0D8-9F29-4649-803B-01F0B34E1780}.Debug|x86.ActiveCfg = Debug|Win32
		{E1AED0D8-9F29-4649-803B-01F0B34E1780}.Debug|x86.Build.0 = Debug|Win32
		{E1AED0D8-9F29-4649-803B-01F0B34E1780}.Release|x64.ActiveCfg = Release|x64
		{E1AED0D8-9F29-4649-803B-01F0B34E1780}.Release|x64.Build.0 = Release|x64
		{E1AED0D8-9F29-4649-803B-01F0B34E1780}.Release|x86.ActiveCfg = Release|Win32
		{E1AED0D8-9F29-4649-803B-01F0B34E1780}.Release|x86.Build.0 = Release|Win32
		{291F769F-D1D7-4DC3-8FE6-C18EB2F31F70}.Debug|x64.ActiveCfg = Debug|x64
		{291F769F-D1D7-4DC3-8FE6-C18EB2F31F70}.Debug|x64.Build.0 = Debug|x64
		{291F769F-D1D7-4DC3-8FE6-C18EB2F31F70}.Debug|x86.ActiveCfg = Debug|Win32
		{291F769F-D1D7-4DC3-8FE6-C18EB2F31F70}.Debug|x86.Build.0 = Debug|Win32
		{291F769F-D1D7-4DC3-8FE6-C18EB2F31F70}.Release|x64.ActiveCfg = Release|x64
		{291F769F-D1D7-4DC3-8FE6-C18EB2F31F70}.Release|x64.Build.0 = Release|x64
		{291F769F-D1D7-4DC3-8FE6-C18EB2F31F70}.Release|x86.ActiveCfg = Release|Win32
		{291F769F-D1D7-4DC3-8FE6-C18EB2F31F70}.Release|x86.Build.0 = Release|Win32
	EndGlobalSection
	GlobalSection(SolutionProperties) = preSolution
		HideSolutionNode = FALSE
	EndGlobalSection
	GlobalSection(ExtensibilityGlobals) = postSolution
		SolutionGuid = {464178A8-61AB-4FF7-B4EF-63BE41C0B0E1}
	EndGlobalSection
EndGlobal
