
Microsoft Visual Studio Solution File, Format Version 12.00
# Visual Studio Version 17
VisualStudioVersion = 17.7.34202.233
MinimumVisualStudioVersion = 10.0.40219.1
Project("{8BC9CEB8-8B4A-11D0-8D11-00A0C91BC942}") = "07_01", "07_01\07_01.vcxproj", "{53ACBFAB-654D-46E1-AF43-CC7A757E05CB}"
EndProject
Project("{8BC9CEB8-8B4A-11D0-8D11-00A0C91BC942}") = "07_02", "07_02\07_02.vcxproj", "{1AC6B3A0-4461-4C99-AC63-85F68C77141E}"
EndProject
Project("{8BC9CEB8-8B4A-11D0-8D11-00A0C91BC942}") = "07_03", "07_03\07_03.vcxproj", "{0ECBAABF-B7C3-4F5B-8FB0-7D7449FA646C}"
EndProject
Project("{8BC9CEB8-8B4A-11D0-8D11-00A0C91BC942}") = "07_04", "07_04\07_04.vcxproj", "{4342B09E-ABFB-4A81-96DB-67E0C1B93AD4}"
EndProject
Project("{8BC9CEB8-8B4A-11D0-8D11-00A0C91BC942}") = "07_05", "07_05\07_05.vcxproj", "{CBF1180C-1E1E-4993-B252-786EF079632F}"
EndProject
Project("{8BC9CEB8-8B4A-11D0-8D11-00A0C91BC942}") = "07_06", "07_06\07_06.vcxproj", "{DEDEC63C-F3B8-442B-8EF3-21FAE6696655}"
EndProject
Project("{8BC9CEB8-8B4A-11D0-8D11-00A0C91BC942}") = "07_07", "07_07\07_07.vcxproj", "{527946AE-8B15-4840-8291-3EFFED3139F8}"
EndProject
Project("{8BC9CEB8-8B4A-11D0-8D11-00A0C91BC942}") = "07_08", "07_08\07_08.vcxproj", "{5A14AA14-DFBE-43F2-8791-CF1CAA0723AD}"
EndProject
Project("{8BC9CEB8-8B4A-11D0-8D11-00A0C91BC942}") = "07_09", "07_09\07_09.vcxproj", "{8EC5448B-3502-49AC-A46F-DF55EF5006D1}"
EndProject
Project("{8BC9CEB8-8B4A-11D0-8D11-00A0C91BC942}") = "07_10", "07_10\07_10.vcxproj", "{3958847C-B20A-4453-8581-A2C92EE46952}"
EndProject
Project("{8BC9CEB8-8B4A-11D0-8D11-00A0C91BC942}") = "07_11", "07_11\07_11.vcxproj", "{36A3AA5F-E37B-41FC-AAE8-CE766AE409BF}"
EndProject
Project("{8BC9CEB8-8B4A-11D0-8D11-00A0C91BC942}") = "07_12", "07_12\07_12.vcxproj", "{84A1EF55-E0BB-463A-A670-C990C868335B}"
EndProject
Project("{8BC9CEB8-8B4A-11D0-8D11-00A0C91BC942}") = "07_13", "07_13\07_13.vcxproj", "{22EE77C3-2E6E-494A-B300-6382A36DCEFE}"
EndProject
Global
	GlobalSection(SolutionConfigurationPlatforms) = preSolution
		Debug|x64 = Debug|x64
		Debug|x86 = Debug|x86
		Release|x64 = Release|x64
		Release|x86 = Release|x86
	EndGlobalSection
	GlobalSection(ProjectConfigurationPlatforms) = postSolution
		{53ACBFAB-654D-46E1-AF43-CC7A757E05CB}.Debug|x64.ActiveCfg = Debug|x64
		{53ACBFAB-654D-46E1-AF43-CC7A757E05CB}.Debug|x64.Build.0 = Debug|x64
		{53ACBFAB-654D-46E1-AF43-CC7A757E05CB}.Debug|x86.ActiveCfg = Debug|Win32
		{53ACBFAB-654D-46E1-AF43-CC7A757E05CB}.Debug|x86.Build.0 = Debug|Win32
		{53ACBFAB-654D-46E1-AF43-CC7A757E05CB}.Release|x64.ActiveCfg = Release|x64
		{53ACBFAB-654D-46E1-AF43-CC7A757E05CB}.Release|x64.Build.0 = Release|x64
		{53ACBFAB-654D-46E1-AF43-CC7A757E05CB}.Release|x86.ActiveCfg = Release|Win32
		{53ACBFAB-654D-46E1-AF43-CC7A757E05CB}.Release|x86.Build.0 = Release|Win32
		{1AC6B3A0-4461-4C99-AC63-85F68C77141E}.Debug|x64.ActiveCfg = Debug|x64
		{1AC6B3A0-4461-4C99-AC63-85F68C77141E}.Debug|x64.Build.0 = Debug|x64
		{1AC6B3A0-4461-4C99-AC63-85F68C77141E}.Debug|x86.ActiveCfg = Debug|Win32
		{1AC6B3A0-4461-4C99-AC63-85F68C77141E}.Debug|x86.Build.0 = Debug|Win32
		{1AC6B3A0-4461-4C99-AC63-85F68C77141E}.Release|x64.ActiveCfg = Release|x64
		{1AC6B3A0-4461-4C99-AC63-85F68C77141E}.Release|x64.Build.0 = Release|x64
		{1AC6B3A0-4461-4C99-AC63-85F68C77141E}.Release|x86.ActiveCfg = Release|Win32
		{1AC6B3A0-4461-4C99-AC63-85F68C77141E}.Release|x86.Build.0 = Release|Win32
		{0ECBAABF-B7C3-4F5B-8FB0-7D7449FA646C}.Debug|x64.ActiveCfg = Debug|x64
		{0ECBAABF-B7C3-4F5B-8FB0-7D7449FA646C}.Debug|x64.Build.0 = Debug|x64
		{0ECBAABF-B7C3-4F5B-8FB0-7D7449FA646C}.Debug|x86.ActiveCfg = Debug|Win32
		{0ECBAABF-B7C3-4F5B-8FB0-7D7449FA646C}.Debug|x86.Build.0 = Debug|Win32
		{0ECBAABF-B7C3-4F5B-8FB0-7D7449FA646C}.Release|x64.ActiveCfg = Release|x64
		{0ECBAABF-B7C3-4F5B-8FB0-7D7449FA646C}.Release|x64.Build.0 = Release|x64
		{0ECBAABF-B7C3-4F5B-8FB0-7D7449FA646C}.Release|x86.ActiveCfg = Release|Win32
		{0ECBAABF-B7C3-4F5B-8FB0-7D7449FA646C}.Release|x86.Build.0 = Release|Win32
		{4342B09E-ABFB-4A81-96DB-67E0C1B93AD4}.Debug|x64.ActiveCfg = Debug|x64
		{4342B09E-ABFB-4A81-96DB-67E0C1B93AD4}.Debug|x64.Build.0 = Debug|x64
		{4342B09E-ABFB-4A81-96DB-67E0C1B93AD4}.Debug|x86.ActiveCfg = Debug|Win32
		{4342B09E-ABFB-4A81-96DB-67E0C1B93AD4}.Debug|x86.Build.0 = Debug|Win32
		{4342B09E-ABFB-4A81-96DB-67E0C1B93AD4}.Release|x64.ActiveCfg = Release|x64
		{4342B09E-ABFB-4A81-96DB-67E0C1B93AD4}.Release|x64.Build.0 = Release|x64
		{4342B09E-ABFB-4A81-96DB-67E0C1B93AD4}.Release|x86.ActiveCfg = Release|Win32
		{4342B09E-ABFB-4A81-96DB-67E0C1B93AD4}.Release|x86.Build.0 = Release|Win32
		{CBF1180C-1E1E-4993-B252-786EF079632F}.Debug|x64.ActiveCfg = Debug|x64
		{CBF1180C-1E1E-4993-B252-786EF079632F}.Debug|x64.Build.0 = Debug|x64
		{CBF1180C-1E1E-4993-B252-786EF079632F}.Debug|x86.ActiveCfg = Debug|Win32
		{CBF1180C-1E1E-4993-B252-786EF079632F}.Debug|x86.Build.0 = Debug|Win32
		{CBF1180C-1E1E-4993-B252-786EF079632F}.Release|x64.ActiveCfg = Release|x64
		{CBF1180C-1E1E-4993-B252-786EF079632F}.Release|x64.Build.0 = Release|x64
		{CBF1180C-1E1E-4993-B252-786EF079632F}.Release|x86.ActiveCfg = Release|Win32
		{CBF1180C-1E1E-4993-B252-786EF079632F}.Release|x86.Build.0 = Release|Win32
		{DEDEC63C-F3B8-442B-8EF3-21FAE6696655}.Debug|x64.ActiveCfg = Debug|x64
		{DEDEC63C-F3B8-442B-8EF3-21FAE6696655}.Debug|x64.Build.0 = Debug|x64
		{DEDEC63C-F3B8-442B-8EF3-21FAE6696655}.Debug|x86.ActiveCfg = Debug|Win32
		{DEDEC63C-F3B8-442B-8EF3-21FAE6696655}.Debug|x86.Build.0 = Debug|Win32
		{DEDEC63C-F3B8-442B-8EF3-21FAE6696655}.Release|x64.ActiveCfg = Release|x64
		{DEDEC63C-F3B8-442B-8EF3-21FAE6696655}.Release|x64.Build.0 = Release|x64
		{DEDEC63C-F3B8-442B-8EF3-21FAE6696655}.Release|x86.ActiveCfg = Release|Win32
		{DEDEC63C-F3B8-442B-8EF3-21FAE6696655}.Release|x86.Build.0 = Release|Win32
		{527946AE-8B15-4840-8291-3EFFED3139F8}.Debug|x64.ActiveCfg = Debug|x64
		{527946AE-8B15-4840-8291-3EFFED3139F8}.Debug|x64.Build.0 = Debug|x64
		{527946AE-8B15-4840-8291-3EFFED3139F8}.Debug|x86.ActiveCfg = Debug|Win32
		{527946AE-8B15-4840-8291-3EFFED3139F8}.Debug|x86.Build.0 = Debug|Win32
		{527946AE-8B15-4840-8291-3EFFED3139F8}.Release|x64.ActiveCfg = Release|x64
		{527946AE-8B15-4840-8291-3EFFED3139F8}.Release|x64.Build.0 = Release|x64
		{527946AE-8B15-4840-8291-3EFFED3139F8}.Release|x86.ActiveCfg = Release|Win32
		{527946AE-8B15-4840-8291-3EFFED3139F8}.Release|x86.Build.0 = Release|Win32
		{5A14AA14-DFBE-43F2-8791-CF1CAA0723AD}.Debug|x64.ActiveCfg = Debug|x64
		{5A14AA14-DFBE-43F2-8791-CF1CAA0723AD}.Debug|x64.Build.0 = Debug|x64
		{5A14AA14-DFBE-43F2-8791-CF1CAA0723AD}.Debug|x86.ActiveCfg = Debug|Win32
		{5A14AA14-DFBE-43F2-8791-CF1CAA0723AD}.Debug|x86.Build.0 = Debug|Win32
		{5A14AA14-DFBE-43F2-8791-CF1CAA0723AD}.Release|x64.ActiveCfg = Release|x64
		{5A14AA14-DFBE-43F2-8791-CF1CAA0723AD}.Release|x64.Build.0 = Release|x64
		{5A14AA14-DFBE-43F2-8791-CF1CAA0723AD}.Release|x86.ActiveCfg = Release|Win32
		{5A14AA14-DFBE-43F2-8791-CF1CAA0723AD}.Release|x86.Build.0 = Release|Win32
		{8EC5448B-3502-49AC-A46F-DF55EF5006D1}.Debug|x64.ActiveCfg = Debug|x64
		{8EC5448B-3502-49AC-A46F-DF55EF5006D1}.Debug|x64.Build.0 = Debug|x64
		{8EC5448B-3502-49AC-A46F-DF55EF5006D1}.Debug|x86.ActiveCfg = Debug|Win32
		{8EC5448B-3502-49AC-A46F-DF55EF5006D1}.Debug|x86.Build.0 = Debug|Win32
		{8EC5448B-3502-49AC-A46F-DF55EF5006D1}.Release|x64.ActiveCfg = Release|x64
		{8EC5448B-3502-49AC-A46F-DF55EF5006D1}.Release|x64.Build.0 = Release|x64
		{8EC5448B-3502-49AC-A46F-DF55EF5006D1}.Release|x86.ActiveCfg = Release|Win32
		{8EC5448B-3502-49AC-A46F-DF55EF5006D1}.Release|x86.Build.0 = Release|Win32
		{3958847C-B20A-4453-8581-A2C92EE46952}.Debug|x64.ActiveCfg = Debug|x64
		{3958847C-B20A-4453-8581-A2C92EE46952}.Debug|x64.Build.0 = Debug|x64
		{3958847C-B20A-4453-8581-A2C92EE46952}.Debug|x86.ActiveCfg = Debug|Win32
		{3958847C-B20A-4453-8581-A2C92EE46952}.Debug|x86.Build.0 = Debug|Win32
		{3958847C-B20A-4453-8581-A2C92EE46952}.Release|x64.ActiveCfg = Release|x64
		{3958847C-B20A-4453-8581-A2C92EE46952}.Release|x64.Build.0 = Release|x64
		{3958847C-B20A-4453-8581-A2C92EE46952}.Release|x86.ActiveCfg = Release|Win32
		{3958847C-B20A-4453-8581-A2C92EE46952}.Release|x86.Build.0 = Release|Win32
		{36A3AA5F-E37B-41FC-AAE8-CE766AE409BF}.Debug|x64.ActiveCfg = Debug|x64
		{36A3AA5F-E37B-41FC-AAE8-CE766AE409BF}.Debug|x64.Build.0 = Debug|x64
		{36A3AA5F-E37B-41FC-AAE8-CE766AE409BF}.Debug|x86.ActiveCfg = Debug|Win32
		{36A3AA5F-E37B-41FC-AAE8-CE766AE409BF}.Debug|x86.Build.0 = Debug|Win32
		{36A3AA5F-E37B-41FC-AAE8-CE766AE409BF}.Release|x64.ActiveCfg = Release|x64
		{36A3AA5F-E37B-41FC-AAE8-CE766AE409BF}.Release|x64.Build.0 = Release|x64
		{36A3AA5F-E37B-41FC-AAE8-CE766AE409BF}.Release|x86.ActiveCfg = Release|Win32
		{36A3AA5F-E37B-41FC-AAE8-CE766AE409BF}.Release|x86.Build.0 = Release|Win32
		{84A1EF55-E0BB-463A-A670-C990C868335B}.Debug|x64.ActiveCfg = Debug|x64
		{84A1EF55-E0BB-463A-A670-C990C868335B}.Debug|x64.Build.0 = Debug|x64
		{84A1EF55-E0BB-463A-A670-C990C868335B}.Debug|x86.ActiveCfg = Debug|Win32
		{84A1EF55-E0BB-463A-A670-C990C868335B}.Debug|x86.Build.0 = Debug|Win32
		{84A1EF55-E0BB-463A-A670-C990C868335B}.Release|x64.ActiveCfg = Release|x64
		{84A1EF55-E0BB-463A-A670-C990C868335B}.Release|x64.Build.0 = Release|x64
		{84A1EF55-E0BB-463A-A670-C990C868335B}.Release|x86.ActiveCfg = Release|Win32
		{84A1EF55-E0BB-463A-A670-C990C868335B}.Release|x86.Build.0 = Release|Win32
		{22EE77C3-2E6E-494A-B300-6382A36DCEFE}.Debug|x64.ActiveCfg = Debug|x64
		{22EE77C3-2E6E-494A-B300-6382A36DCEFE}.Debug|x64.Build.0 = Debug|x64
		{22EE77C3-2E6E-494A-B300-6382A36DCEFE}.Debug|x86.ActiveCfg = Debug|Win32
		{22EE77C3-2E6E-494A-B300-6382A36DCEFE}.Debug|x86.Build.0 = Debug|Win32
		{22EE77C3-2E6E-494A-B300-6382A36DCEFE}.Release|x64.ActiveCfg = Release|x64
		{22EE77C3-2E6E-494A-B300-6382A36DCEFE}.Release|x64.Build.0 = Release|x64
		{22EE77C3-2E6E-494A-B300-6382A36DCEFE}.Release|x86.ActiveCfg = Release|Win32
		{22EE77C3-2E6E-494A-B300-6382A36DCEFE}.Release|x86.Build.0 = Release|Win32
	EndGlobalSection
	GlobalSection(SolutionProperties) = preSolution
		HideSolutionNode = FALSE
	EndGlobalSection
	GlobalSection(ExtensibilityGlobals) = postSolution
		SolutionGuid = {7358D9EC-2728-4A5F-B25D-28337B33BE09}
	EndGlobalSection
EndGlobal
