
Microsoft Visual Studio Solution File, Format Version 12.00
# Visual Studio Version 17
VisualStudioVersion = 17.7.34031.279
MinimumVisualStudioVersion = 10.0.40219.1
Project("{8BC9CEB8-8B4A-11D0-8D11-00A0C91BC942}") = "02_02", "02_02\02_02.vcxproj", "{35D690DF-876C-4E42-BB39-4BB77D473B7E}"
EndProject
Project("{8BC9CEB8-8B4A-11D0-8D11-00A0C91BC942}") = "02_03", "02_03\02_03.vcxproj", "{905BA1AB-5AFC-4453-8DB0-85F6C9CB67A9}"
EndProject
Project("{8BC9CEB8-8B4A-11D0-8D11-00A0C91BC942}") = "02_00", "02_00\02_00.vcxproj", "{850E852E-A3F9-4922-8757-8BAE88C30178}"
EndProject
Project("{8BC9CEB8-8B4A-11D0-8D11-00A0C91BC942}") = "02_04", "02_04\02_04.vcxproj", "{07535ADC-8EC4-45A6-97E1-FAB522C90FF1}"
EndProject
Project("{8BC9CEB8-8B4A-11D0-8D11-00A0C91BC942}") = "02_05", "02_05\02_05.vcxproj", "{3058180A-2CF1-4065-B31A-EF02A214610F}"
EndProject
Project("{8BC9CEB8-8B4A-11D0-8D11-00A0C91BC942}") = "02_06", "02_06\02_06.vcxproj", "{8EBD61E9-4364-479D-9BCF-F3F5BFE9B2FF}"
EndProject
Project("{8BC9CEB8-8B4A-11D0-8D11-00A0C91BC942}") = "02_07", "02_07\02_07.vcxproj", "{48AD18BE-04FA-48CE-89A7-EA375B680C5F}"
EndProject
Project("{8BC9CEB8-8B4A-11D0-8D11-00A0C91BC942}") = "02_08", "02_08\02_08.vcxproj", "{54A2FFC6-49C1-4A82-ACEC-5B0AD5BDC899}"
EndProject
Project("{8BC9CEB8-8B4A-11D0-8D11-00A0C91BC942}") = "02_09", "02_09\02_09.vcxproj", "{5EEB43CF-C27F-413A-922C-351FA8DE22AF}"
EndProject
Project("{8BC9CEB8-8B4A-11D0-8D11-00A0C91BC942}") = "02_10", "02_10\02_10.vcxproj", "{A5E0846B-25CA-42D0-B41E-91A81EB98145}"
EndProject
Project("{8BC9CEB8-8B4A-11D0-8D11-00A0C91BC942}") = "02_11", "02_11\02_11.vcxproj", "{BAC3E324-174F-4028-93C6-4511CD9E93CB}"
EndProject
Project("{8BC9CEB8-8B4A-11D0-8D11-00A0C91BC942}") = "02_12", "02_12\02_12.vcxproj", "{E8833EDB-BA32-487A-888E-94C6AA7EC1AD}"
EndProject
Global
	GlobalSection(SolutionConfigurationPlatforms) = preSolution
		Debug|x64 = Debug|x64
		Debug|x86 = Debug|x86
		Release|x64 = Release|x64
		Release|x86 = Release|x86
	EndGlobalSection
	GlobalSection(ProjectConfigurationPlatforms) = postSolution
		{35D690DF-876C-4E42-BB39-4BB77D473B7E}.Debug|x64.ActiveCfg = Debug|x64
		{35D690DF-876C-4E42-BB39-4BB77D473B7E}.Debug|x64.Build.0 = Debug|x64
		{35D690DF-876C-4E42-BB39-4BB77D473B7E}.Debug|x86.ActiveCfg = Debug|Win32
		{35D690DF-876C-4E42-BB39-4BB77D473B7E}.Debug|x86.Build.0 = Debug|Win32
		{35D690DF-876C-4E42-BB39-4BB77D473B7E}.Release|x64.ActiveCfg = Release|x64
		{35D690DF-876C-4E42-BB39-4BB77D473B7E}.Release|x64.Build.0 = Release|x64
		{35D690DF-876C-4E42-BB39-4BB77D473B7E}.Release|x86.ActiveCfg = Release|Win32
		{35D690DF-876C-4E42-BB39-4BB77D473B7E}.Release|x86.Build.0 = Release|Win32
		{905BA1AB-5AFC-4453-8DB0-85F6C9CB67A9}.Debug|x64.ActiveCfg = Debug|x64
		{905BA1AB-5AFC-4453-8DB0-85F6C9CB67A9}.Debug|x64.Build.0 = Debug|x64
		{905BA1AB-5AFC-4453-8DB0-85F6C9CB67A9}.Debug|x86.ActiveCfg = Debug|Win32
		{905BA1AB-5AFC-4453-8DB0-85F6C9CB67A9}.Debug|x86.Build.0 = Debug|Win32
		{905BA1AB-5AFC-4453-8DB0-85F6C9CB67A9}.Release|x64.ActiveCfg = Release|x64
		{905BA1AB-5AFC-4453-8DB0-85F6C9CB67A9}.Release|x64.Build.0 = Release|x64
		{905BA1AB-5AFC-4453-8DB0-85F6C9CB67A9}.Release|x86.ActiveCfg = Release|Win32
		{905BA1AB-5AFC-4453-8DB0-85F6C9CB67A9}.Release|x86.Build.0 = Release|Win32
		{850E852E-A3F9-4922-8757-8BAE88C30178}.Debug|x64.ActiveCfg = Debug|x64
		{850E852E-A3F9-4922-8757-8BAE88C30178}.Debug|x64.Build.0 = Debug|x64
		{850E852E-A3F9-4922-8757-8BAE88C30178}.Debug|x86.ActiveCfg = Debug|Win32
		{850E852E-A3F9-4922-8757-8BAE88C30178}.Debug|x86.Build.0 = Debug|Win32
		{850E852E-A3F9-4922-8757-8BAE88C30178}.Release|x64.ActiveCfg = Release|x64
		{850E852E-A3F9-4922-8757-8BAE88C30178}.Release|x64.Build.0 = Release|x64
		{850E852E-A3F9-4922-8757-8BAE88C30178}.Release|x86.ActiveCfg = Release|Win32
		{850E852E-A3F9-4922-8757-8BAE88C30178}.Release|x86.Build.0 = Release|Win32
		{07535ADC-8EC4-45A6-97E1-FAB522C90FF1}.Debug|x64.ActiveCfg = Debug|x64
		{07535ADC-8EC4-45A6-97E1-FAB522C90FF1}.Debug|x64.Build.0 = Debug|x64
		{07535ADC-8EC4-45A6-97E1-FAB522C90FF1}.Debug|x86.ActiveCfg = Debug|Win32
		{07535ADC-8EC4-45A6-97E1-FAB522C90FF1}.Debug|x86.Build.0 = Debug|Win32
		{07535ADC-8EC4-45A6-97E1-FAB522C90FF1}.Release|x64.ActiveCfg = Release|x64
		{07535ADC-8EC4-45A6-97E1-FAB522C90FF1}.Release|x64.Build.0 = Release|x64
		{07535ADC-8EC4-45A6-97E1-FAB522C90FF1}.Release|x86.ActiveCfg = Release|Win32
		{07535ADC-8EC4-45A6-97E1-FAB522C90FF1}.Release|x86.Build.0 = Release|Win32
		{3058180A-2CF1-4065-B31A-EF02A214610F}.Debug|x64.ActiveCfg = Debug|x64
		{3058180A-2CF1-4065-B31A-EF02A214610F}.Debug|x64.Build.0 = Debug|x64
		{3058180A-2CF1-4065-B31A-EF02A214610F}.Debug|x86.ActiveCfg = Debug|Win32
		{3058180A-2CF1-4065-B31A-EF02A214610F}.Debug|x86.Build.0 = Debug|Win32
		{3058180A-2CF1-4065-B31A-EF02A214610F}.Release|x64.ActiveCfg = Release|x64
		{3058180A-2CF1-4065-B31A-EF02A214610F}.Release|x64.Build.0 = Release|x64
		{3058180A-2CF1-4065-B31A-EF02A214610F}.Release|x86.ActiveCfg = Release|Win32
		{3058180A-2CF1-4065-B31A-EF02A214610F}.Release|x86.Build.0 = Release|Win32
		{8EBD61E9-4364-479D-9BCF-F3F5BFE9B2FF}.Debug|x64.ActiveCfg = Debug|x64
		{8EBD61E9-4364-479D-9BCF-F3F5BFE9B2FF}.Debug|x64.Build.0 = Debug|x64
		{8EBD61E9-4364-479D-9BCF-F3F5BFE9B2FF}.Debug|x86.ActiveCfg = Debug|Win32
		{8EBD61E9-4364-479D-9BCF-F3F5BFE9B2FF}.Debug|x86.Build.0 = Debug|Win32
		{8EBD61E9-4364-479D-9BCF-F3F5BFE9B2FF}.Release|x64.ActiveCfg = Release|x64
		{8EBD61E9-4364-479D-9BCF-F3F5BFE9B2FF}.Release|x64.Build.0 = Release|x64
		{8EBD61E9-4364-479D-9BCF-F3F5BFE9B2FF}.Release|x86.ActiveCfg = Release|Win32
		{8EBD61E9-4364-479D-9BCF-F3F5BFE9B2FF}.Release|x86.Build.0 = Release|Win32
		{48AD18BE-04FA-48CE-89A7-EA375B680C5F}.Debug|x64.ActiveCfg = Debug|x64
		{48AD18BE-04FA-48CE-89A7-EA375B680C5F}.Debug|x64.Build.0 = Debug|x64
		{48AD18BE-04FA-48CE-89A7-EA375B680C5F}.Debug|x86.ActiveCfg = Debug|Win32
		{48AD18BE-04FA-48CE-89A7-EA375B680C5F}.Debug|x86.Build.0 = Debug|Win32
		{48AD18BE-04FA-48CE-89A7-EA375B680C5F}.Release|x64.ActiveCfg = Release|x64
		{48AD18BE-04FA-48CE-89A7-EA375B680C5F}.Release|x64.Build.0 = Release|x64
		{48AD18BE-04FA-48CE-89A7-EA375B680C5F}.Release|x86.ActiveCfg = Release|Win32
		{48AD18BE-04FA-48CE-89A7-EA375B680C5F}.Release|x86.Build.0 = Release|Win32
		{54A2FFC6-49C1-4A82-ACEC-5B0AD5BDC899}.Debug|x64.ActiveCfg = Debug|x64
		{54A2FFC6-49C1-4A82-ACEC-5B0AD5BDC899}.Debug|x64.Build.0 = Debug|x64
		{54A2FFC6-49C1-4A82-ACEC-5B0AD5BDC899}.Debug|x86.ActiveCfg = Debug|Win32
		{54A2FFC6-49C1-4A82-ACEC-5B0AD5BDC899}.Debug|x86.Build.0 = Debug|Win32
		{54A2FFC6-49C1-4A82-ACEC-5B0AD5BDC899}.Release|x64.ActiveCfg = Release|x64
		{54A2FFC6-49C1-4A82-ACEC-5B0AD5BDC899}.Release|x64.Build.0 = Release|x64
		{54A2FFC6-49C1-4A82-ACEC-5B0AD5BDC899}.Release|x86.ActiveCfg = Release|Win32
		{54A2FFC6-49C1-4A82-ACEC-5B0AD5BDC899}.Release|x86.Build.0 = Release|Win32
		{5EEB43CF-C27F-413A-922C-351FA8DE22AF}.Debug|x64.ActiveCfg = Debug|x64
		{5EEB43CF-C27F-413A-922C-351FA8DE22AF}.Debug|x64.Build.0 = Debug|x64
		{5EEB43CF-C27F-413A-922C-351FA8DE22AF}.Debug|x86.ActiveCfg = Debug|Win32
		{5EEB43CF-C27F-413A-922C-351FA8DE22AF}.Debug|x86.Build.0 = Debug|Win32
		{5EEB43CF-C27F-413A-922C-351FA8DE22AF}.Release|x64.ActiveCfg = Release|x64
		{5EEB43CF-C27F-413A-922C-351FA8DE22AF}.Release|x64.Build.0 = Release|x64
		{5EEB43CF-C27F-413A-922C-351FA8DE22AF}.Release|x86.ActiveCfg = Release|Win32
		{5EEB43CF-C27F-413A-922C-351FA8DE22AF}.Release|x86.Build.0 = Release|Win32
		{A5E0846B-25CA-42D0-B41E-91A81EB98145}.Debug|x64.ActiveCfg = Debug|x64
		{A5E0846B-25CA-42D0-B41E-91A81EB98145}.Debug|x64.Build.0 = Debug|x64
		{A5E0846B-25CA-42D0-B41E-91A81EB98145}.Debug|x86.ActiveCfg = Debug|Win32
		{A5E0846B-25CA-42D0-B41E-91A81EB98145}.Debug|x86.Build.0 = Debug|Win32
		{A5E0846B-25CA-42D0-B41E-91A81EB98145}.Release|x64.ActiveCfg = Release|x64
		{A5E0846B-25CA-42D0-B41E-91A81EB98145}.Release|x64.Build.0 = Release|x64
		{A5E0846B-25CA-42D0-B41E-91A81EB98145}.Release|x86.ActiveCfg = Release|Win32
		{A5E0846B-25CA-42D0-B41E-91A81EB98145}.Release|x86.Build.0 = Release|Win32
		{BAC3E324-174F-4028-93C6-4511CD9E93CB}.Debug|x64.ActiveCfg = Debug|x64
		{BAC3E324-174F-4028-93C6-4511CD9E93CB}.Debug|x64.Build.0 = Debug|x64
		{BAC3E324-174F-4028-93C6-4511CD9E93CB}.Debug|x86.ActiveCfg = Debug|Win32
		{BAC3E324-174F-4028-93C6-4511CD9E93CB}.Debug|x86.Build.0 = Debug|Win32
		{BAC3E324-174F-4028-93C6-4511CD9E93CB}.Release|x64.ActiveCfg = Release|x64
		{BAC3E324-174F-4028-93C6-4511CD9E93CB}.Release|x64.Build.0 = Release|x64
		{BAC3E324-174F-4028-93C6-4511CD9E93CB}.Release|x86.ActiveCfg = Release|Win32
		{BAC3E324-174F-4028-93C6-4511CD9E93CB}.Release|x86.Build.0 = Release|Win32
		{E8833EDB-BA32-487A-888E-94C6AA7EC1AD}.Debug|x64.ActiveCfg = Debug|x64
		{E8833EDB-BA32-487A-888E-94C6AA7EC1AD}.Debug|x64.Build.0 = Debug|x64
		{E8833EDB-BA32-487A-888E-94C6AA7EC1AD}.Debug|x86.ActiveCfg = Debug|Win32
		{E8833EDB-BA32-487A-888E-94C6AA7EC1AD}.Debug|x86.Build.0 = Debug|Win32
		{E8833EDB-BA32-487A-888E-94C6AA7EC1AD}.Release|x64.ActiveCfg = Release|x64
		{E8833EDB-BA32-487A-888E-94C6AA7EC1AD}.Release|x64.Build.0 = Release|x64
		{E8833EDB-BA32-487A-888E-94C6AA7EC1AD}.Release|x86.ActiveCfg = Release|Win32
		{E8833EDB-BA32-487A-888E-94C6AA7EC1AD}.Release|x86.Build.0 = Release|Win32
	EndGlobalSection
	GlobalSection(SolutionProperties) = preSolution
		HideSolutionNode = FALSE
	EndGlobalSection
	GlobalSection(ExtensibilityGlobals) = postSolution
		SolutionGuid = {BDE35442-B381-4987-91C1-485131D3226D}
	EndGlobalSection
EndGlobal
